{
    "version": 3,
    "terraform_version": "0.11.7",
    "serial": 15,
    "lineage": "525037b9-3b11-febb-f4c5-d64bcb7dcf71",
    "modules": [
        {
            "path": [
                "root"
            ],
            "outputs": {
                "bastion_nodes_ips": {
                    "sensitive": false,
                    "type": "list",
                    "value": [
                        "10.42.1.93"
                    ]
                },
                "etcd": {
                    "sensitive": false,
                    "type": "list",
                    "value": [
                        "10.42.1.40",
                        "10.42.1.145",
                        "10.42.1.152"
                    ]
                },
                "ingress": {
                    "sensitive": false,
                    "type": "list",
                    "value": [
                        "10.42.1.215",
                        "10.42.1.183"
                    ]
                },
                "kubeadm-master-elb": {
                    "sensitive": false,
                    "type": "string",
                    "value": "internal-kubeadm-tf-elb-1501724366.us-east-1.elb.amazonaws.com"
                },
                "master_nodes_ips": {
                    "sensitive": false,
                    "type": "list",
                    "value": [
                        "10.42.1.121",
                        "10.42.1.150"
                    ]
                },
                "node": {
                    "sensitive": false,
                    "type": "list",
                    "value": [
                        "10.42.1.95",
                        "10.42.1.170",
                        "10.42.1.171",
                        "10.42.1.73",
                        "10.42.1.181",
                        "10.42.1.89"
                    ]
                }
            },
            "resources": {
                "aws_elb.kubeadm-elb": {
                    "type": "aws_elb",
                    "depends_on": [
                        "aws_instance.kubeadm_master.*",
                        "aws_security_group.kubeadm",
                        "aws_security_group.kubeadm-elb"
                    ],
                    "primary": {
                        "id": "kubeadm-tf-elb",
                        "attributes": {
                            "access_logs.#": "0",
                            "arn": "arn:aws:elasticloadbalancing:us-east-1:405787916143:loadbalancer/kubeadm-tf-elb",
                            "availability_zones.#": "1",
                            "availability_zones.1305112097": "us-east-1b",
                            "connection_draining": "true",
                            "connection_draining_timeout": "400",
                            "cross_zone_load_balancing": "true",
                            "dns_name": "internal-kubeadm-tf-elb-1501724366.us-east-1.elb.amazonaws.com",
                            "health_check.#": "1",
                            "health_check.0.healthy_threshold": "2",
                            "health_check.0.interval": "30",
                            "health_check.0.target": "TCP:6443",
                            "health_check.0.timeout": "3",
                            "health_check.0.unhealthy_threshold": "2",
                            "id": "kubeadm-tf-elb",
                            "idle_timeout": "400",
                            "instances.#": "2",
                            "instances.1000522784": "i-06adce8cfd6b8bb57",
                            "instances.3749663437": "i-0e8b9d7f17c4c74b8",
                            "internal": "true",
                            "listener.#": "1",
                            "listener.3838681924.instance_port": "6443",
                            "listener.3838681924.instance_protocol": "tcp",
                            "listener.3838681924.lb_port": "6443",
                            "listener.3838681924.lb_protocol": "tcp",
                            "listener.3838681924.ssl_certificate_id": "",
                            "name": "kubeadm-tf-elb",
                            "security_groups.#": "2",
                            "security_groups.1572649105": "sg-077001fede146495b",
                            "security_groups.1615844701": "sg-0583f535cb2503a56",
                            "source_security_group": "405787916143/kubeadm-elb",
                            "source_security_group_id": "sg-0583f535cb2503a56",
                            "subnets.#": "1",
                            "subnets.2970139403": "subnet-c37766ee",
                            "tags.%": "1",
                            "tags.Name": "kubeadm-tf-elb",
                            "zone_id": "Z35SXDOTRQ7X7K"
                        },
                        "meta": {},
                        "tainted": false
                    },
                    "deposed": [],
                    "provider": "provider.aws"
                },
                "aws_instance.kubeadm_bastion": {
                    "type": "aws_instance",
                    "depends_on": [
                        "aws_security_group.kubeadm"
                    ],
                    "primary": {
                        "id": "i-050be9ec817fc401a",
                        "attributes": {
                            "ami": "ami-04169656fea786776",
                            "arn": "arn:aws:ec2:us-east-1:405787916143:instance/i-050be9ec817fc401a",
                            "associate_public_ip_address": "true",
                            "availability_zone": "us-east-1b",
                            "cpu_core_count": "2",
                            "cpu_threads_per_core": "1",
                            "credit_specification.#": "1",
                            "credit_specification.0.cpu_credits": "standard",
                            "disable_api_termination": "false",
                            "ebs_block_device.#": "0",
                            "ebs_optimized": "false",
                            "ephemeral_block_device.#": "0",
                            "get_password_data": "false",
                            "iam_instance_profile": "rancher-ec2-role",
                            "id": "i-050be9ec817fc401a",
                            "instance_state": "running",
                            "instance_type": "t2.large",
                            "ipv6_addresses.#": "0",
                            "key_name": "wadeITTLPC",
                            "monitoring": "false",
                            "network_interface.#": "0",
                            "network_interface_id": "eni-0a83b2b039e678def",
                            "password_data": "",
                            "placement_group": "",
                            "primary_network_interface_id": "eni-0a83b2b039e678def",
                            "private_dns": "ip-10-42-1-93.ec2.internal",
                            "private_ip": "10.42.1.93",
                            "public_dns": "",
                            "public_ip": "18.212.68.64",
                            "root_block_device.#": "1",
                            "root_block_device.0.delete_on_termination": "true",
                            "root_block_device.0.iops": "100",
                            "root_block_device.0.volume_id": "vol-08bdcd87d162055a7",
                            "root_block_device.0.volume_size": "8",
                            "root_block_device.0.volume_type": "gp2",
                            "security_groups.#": "0",
                            "source_dest_check": "true",
                            "subnet_id": "subnet-c37766ee",
                            "tags.%": "2",
                            "tags.Name": "kubeadm-bastion-0",
                            "tags.Role": "bastion",
                            "tenancy": "default",
                            "user_data": "ac3f5aaa469dbaca70de0f5e2108dc36b55f5cd4",
                            "volume_tags.%": "0",
                            "vpc_security_group_ids.#": "1",
                            "vpc_security_group_ids.1572649105": "sg-077001fede146495b"
                        },
                        "meta": {
                            "e2bfb730-ecaa-11e6-8f88-34363bc7c4c0": {
                                "create": 600000000000,
                                "delete": 1200000000000,
                                "update": 600000000000
                            },
                            "schema_version": "1"
                        },
                        "tainted": false
                    },
                    "deposed": [],
                    "provider": "provider.aws"
                },
                "aws_instance.kubeadm_etcd.0": {
                    "type": "aws_instance",
                    "depends_on": [
                        "aws_security_group.kubeadm"
                    ],
                    "primary": {
                        "id": "i-0b55dbb9dcd040033",
                        "attributes": {
                            "ami": "ami-04169656fea786776",
                            "arn": "arn:aws:ec2:us-east-1:405787916143:instance/i-0b55dbb9dcd040033",
                            "associate_public_ip_address": "true",
                            "availability_zone": "us-east-1b",
                            "cpu_core_count": "2",
                            "cpu_threads_per_core": "1",
                            "credit_specification.#": "1",
                            "credit_specification.0.cpu_credits": "standard",
                            "disable_api_termination": "false",
                            "ebs_block_device.#": "0",
                            "ebs_optimized": "false",
                            "ephemeral_block_device.#": "0",
                            "get_password_data": "false",
                            "iam_instance_profile": "rancher-ec2-role",
                            "id": "i-0b55dbb9dcd040033",
                            "instance_state": "running",
                            "instance_type": "t2.large",
                            "ipv6_addresses.#": "0",
                            "key_name": "wadeITTLPC",
                            "monitoring": "false",
                            "network_interface.#": "0",
                            "network_interface_id": "eni-0fe0112da42d7df81",
                            "password_data": "",
                            "placement_group": "",
                            "primary_network_interface_id": "eni-0fe0112da42d7df81",
                            "private_dns": "ip-10-42-1-40.ec2.internal",
                            "private_ip": "10.42.1.40",
                            "public_dns": "",
                            "public_ip": "54.174.98.69",
                            "root_block_device.#": "1",
                            "root_block_device.0.delete_on_termination": "true",
                            "root_block_device.0.iops": "100",
                            "root_block_device.0.volume_id": "vol-029835f4bd3fcbfe5",
                            "root_block_device.0.volume_size": "8",
                            "root_block_device.0.volume_type": "gp2",
                            "security_groups.#": "0",
                            "source_dest_check": "true",
                            "subnet_id": "subnet-c37766ee",
                            "tags.%": "3",
                            "tags.Name": "kubeadm-etcd-0",
                            "tags.Role": "etcd",
                            "tags.kubernetes.io/cluster/kubernetes": "kubernetes",
                            "tenancy": "default",
                            "user_data": "ac3f5aaa469dbaca70de0f5e2108dc36b55f5cd4",
                            "volume_tags.%": "0",
                            "vpc_security_group_ids.#": "1",
                            "vpc_security_group_ids.1572649105": "sg-077001fede146495b"
                        },
                        "meta": {
                            "e2bfb730-ecaa-11e6-8f88-34363bc7c4c0": {
                                "create": 600000000000,
                                "delete": 1200000000000,
                                "update": 600000000000
                            },
                            "schema_version": "1"
                        },
                        "tainted": false
                    },
                    "deposed": [],
                    "provider": "provider.aws"
                },
                "aws_instance.kubeadm_etcd.1": {
                    "type": "aws_instance",
                    "depends_on": [
                        "aws_security_group.kubeadm"
                    ],
                    "primary": {
                        "id": "i-02a5551aabe1e2f2d",
                        "attributes": {
                            "ami": "ami-04169656fea786776",
                            "arn": "arn:aws:ec2:us-east-1:405787916143:instance/i-02a5551aabe1e2f2d",
                            "associate_public_ip_address": "true",
                            "availability_zone": "us-east-1b",
                            "cpu_core_count": "2",
                            "cpu_threads_per_core": "1",
                            "credit_specification.#": "1",
                            "credit_specification.0.cpu_credits": "standard",
                            "disable_api_termination": "false",
                            "ebs_block_device.#": "0",
                            "ebs_optimized": "false",
                            "ephemeral_block_device.#": "0",
                            "get_password_data": "false",
                            "iam_instance_profile": "rancher-ec2-role",
                            "id": "i-02a5551aabe1e2f2d",
                            "instance_state": "running",
                            "instance_type": "t2.large",
                            "ipv6_addresses.#": "0",
                            "key_name": "wadeITTLPC",
                            "monitoring": "false",
                            "network_interface.#": "0",
                            "network_interface_id": "eni-097a8f6aab35b0ea5",
                            "password_data": "",
                            "placement_group": "",
                            "primary_network_interface_id": "eni-097a8f6aab35b0ea5",
                            "private_dns": "ip-10-42-1-145.ec2.internal",
                            "private_ip": "10.42.1.145",
                            "public_dns": "",
                            "public_ip": "54.152.91.199",
                            "root_block_device.#": "1",
                            "root_block_device.0.delete_on_termination": "true",
                            "root_block_device.0.iops": "100",
                            "root_block_device.0.volume_id": "vol-023cf85850637e1f5",
                            "root_block_device.0.volume_size": "8",
                            "root_block_device.0.volume_type": "gp2",
                            "security_groups.#": "0",
                            "source_dest_check": "true",
                            "subnet_id": "subnet-c37766ee",
                            "tags.%": "3",
                            "tags.Name": "kubeadm-etcd-1",
                            "tags.Role": "etcd",
                            "tags.kubernetes.io/cluster/kubernetes": "kubernetes",
                            "tenancy": "default",
                            "user_data": "ac3f5aaa469dbaca70de0f5e2108dc36b55f5cd4",
                            "volume_tags.%": "0",
                            "vpc_security_group_ids.#": "1",
                            "vpc_security_group_ids.1572649105": "sg-077001fede146495b"
                        },
                        "meta": {
                            "e2bfb730-ecaa-11e6-8f88-34363bc7c4c0": {
                                "create": 600000000000,
                                "delete": 1200000000000,
                                "update": 600000000000
                            },
                            "schema_version": "1"
                        },
                        "tainted": false
                    },
                    "deposed": [],
                    "provider": "provider.aws"
                },
                "aws_instance.kubeadm_etcd.2": {
                    "type": "aws_instance",
                    "depends_on": [
                        "aws_security_group.kubeadm"
                    ],
                    "primary": {
                        "id": "i-0d5d52e9dee8ec748",
                        "attributes": {
                            "ami": "ami-04169656fea786776",
                            "arn": "arn:aws:ec2:us-east-1:405787916143:instance/i-0d5d52e9dee8ec748",
                            "associate_public_ip_address": "true",
                            "availability_zone": "us-east-1b",
                            "cpu_core_count": "2",
                            "cpu_threads_per_core": "1",
                            "credit_specification.#": "1",
                            "credit_specification.0.cpu_credits": "standard",
                            "disable_api_termination": "false",
                            "ebs_block_device.#": "0",
                            "ebs_optimized": "false",
                            "ephemeral_block_device.#": "0",
                            "get_password_data": "false",
                            "iam_instance_profile": "rancher-ec2-role",
                            "id": "i-0d5d52e9dee8ec748",
                            "instance_state": "running",
                            "instance_type": "t2.large",
                            "ipv6_addresses.#": "0",
                            "key_name": "wadeITTLPC",
                            "monitoring": "false",
                            "network_interface.#": "0",
                            "network_interface_id": "eni-0f121109fcaf2eac5",
                            "password_data": "",
                            "placement_group": "",
                            "primary_network_interface_id": "eni-0f121109fcaf2eac5",
                            "private_dns": "ip-10-42-1-152.ec2.internal",
                            "private_ip": "10.42.1.152",
                            "public_dns": "",
                            "public_ip": "54.210.81.226",
                            "root_block_device.#": "1",
                            "root_block_device.0.delete_on_termination": "true",
                            "root_block_device.0.iops": "100",
                            "root_block_device.0.volume_id": "vol-04d9a1c1f4ebc3b9c",
                            "root_block_device.0.volume_size": "8",
                            "root_block_device.0.volume_type": "gp2",
                            "security_groups.#": "0",
                            "source_dest_check": "true",
                            "subnet_id": "subnet-c37766ee",
                            "tags.%": "3",
                            "tags.Name": "kubeadm-etcd-2",
                            "tags.Role": "etcd",
                            "tags.kubernetes.io/cluster/kubernetes": "kubernetes",
                            "tenancy": "default",
                            "user_data": "ac3f5aaa469dbaca70de0f5e2108dc36b55f5cd4",
                            "volume_tags.%": "0",
                            "vpc_security_group_ids.#": "1",
                            "vpc_security_group_ids.1572649105": "sg-077001fede146495b"
                        },
                        "meta": {
                            "e2bfb730-ecaa-11e6-8f88-34363bc7c4c0": {
                                "create": 600000000000,
                                "delete": 1200000000000,
                                "update": 600000000000
                            },
                            "schema_version": "1"
                        },
                        "tainted": false
                    },
                    "deposed": [],
                    "provider": "provider.aws"
                },
                "aws_instance.kubeadm_ingress.0": {
                    "type": "aws_instance",
                    "depends_on": [
                        "aws_security_group.kubeadm"
                    ],
                    "primary": {
                        "id": "i-0495427390393a11c",
                        "attributes": {
                            "ami": "ami-04169656fea786776",
                            "arn": "arn:aws:ec2:us-east-1:405787916143:instance/i-0495427390393a11c",
                            "associate_public_ip_address": "true",
                            "availability_zone": "us-east-1b",
                            "cpu_core_count": "2",
                            "cpu_threads_per_core": "1",
                            "credit_specification.#": "1",
                            "credit_specification.0.cpu_credits": "standard",
                            "disable_api_termination": "false",
                            "ebs_block_device.#": "0",
                            "ebs_optimized": "false",
                            "ephemeral_block_device.#": "0",
                            "get_password_data": "false",
                            "iam_instance_profile": "rancher-ec2-role",
                            "id": "i-0495427390393a11c",
                            "instance_state": "running",
                            "instance_type": "t2.large",
                            "ipv6_addresses.#": "0",
                            "key_name": "wadeITTLPC",
                            "monitoring": "false",
                            "network_interface.#": "0",
                            "network_interface_id": "eni-02497e225fd3e6d0d",
                            "password_data": "",
                            "placement_group": "",
                            "primary_network_interface_id": "eni-02497e225fd3e6d0d",
                            "private_dns": "ip-10-42-1-215.ec2.internal",
                            "private_ip": "10.42.1.215",
                            "public_dns": "",
                            "public_ip": "18.232.250.85",
                            "root_block_device.#": "1",
                            "root_block_device.0.delete_on_termination": "true",
                            "root_block_device.0.iops": "100",
                            "root_block_device.0.volume_id": "vol-09c0f828b8e468a6c",
                            "root_block_device.0.volume_size": "8",
                            "root_block_device.0.volume_type": "gp2",
                            "security_groups.#": "0",
                            "source_dest_check": "true",
                            "subnet_id": "subnet-c37766ee",
                            "tags.%": "3",
                            "tags.Name": "kubeadm-ingress-0",
                            "tags.Role": "ingress",
                            "tags.kubernetes.io/cluster/kubernetes": "kubernetes",
                            "tenancy": "default",
                            "user_data": "ac3f5aaa469dbaca70de0f5e2108dc36b55f5cd4",
                            "volume_tags.%": "0",
                            "vpc_security_group_ids.#": "1",
                            "vpc_security_group_ids.1572649105": "sg-077001fede146495b"
                        },
                        "meta": {
                            "e2bfb730-ecaa-11e6-8f88-34363bc7c4c0": {
                                "create": 600000000000,
                                "delete": 1200000000000,
                                "update": 600000000000
                            },
                            "schema_version": "1"
                        },
                        "tainted": false
                    },
                    "deposed": [],
                    "provider": "provider.aws"
                },
                "aws_instance.kubeadm_ingress.1": {
                    "type": "aws_instance",
                    "depends_on": [
                        "aws_security_group.kubeadm"
                    ],
                    "primary": {
                        "id": "i-022112330623402c1",
                        "attributes": {
                            "ami": "ami-04169656fea786776",
                            "arn": "arn:aws:ec2:us-east-1:405787916143:instance/i-022112330623402c1",
                            "associate_public_ip_address": "true",
                            "availability_zone": "us-east-1b",
                            "cpu_core_count": "2",
                            "cpu_threads_per_core": "1",
                            "credit_specification.#": "1",
                            "credit_specification.0.cpu_credits": "standard",
                            "disable_api_termination": "false",
                            "ebs_block_device.#": "0",
                            "ebs_optimized": "false",
                            "ephemeral_block_device.#": "0",
                            "get_password_data": "false",
                            "iam_instance_profile": "rancher-ec2-role",
                            "id": "i-022112330623402c1",
                            "instance_state": "running",
                            "instance_type": "t2.large",
                            "ipv6_addresses.#": "0",
                            "key_name": "wadeITTLPC",
                            "monitoring": "false",
                            "network_interface.#": "0",
                            "network_interface_id": "eni-022aab310ffafd057",
                            "password_data": "",
                            "placement_group": "",
                            "primary_network_interface_id": "eni-022aab310ffafd057",
                            "private_dns": "ip-10-42-1-183.ec2.internal",
                            "private_ip": "10.42.1.183",
                            "public_dns": "",
                            "public_ip": "34.204.7.127",
                            "root_block_device.#": "1",
                            "root_block_device.0.delete_on_termination": "true",
                            "root_block_device.0.iops": "100",
                            "root_block_device.0.volume_id": "vol-00d0d803b1d2a7787",
                            "root_block_device.0.volume_size": "8",
                            "root_block_device.0.volume_type": "gp2",
                            "security_groups.#": "0",
                            "source_dest_check": "true",
                            "subnet_id": "subnet-c37766ee",
                            "tags.%": "3",
                            "tags.Name": "kubeadm-ingress-1",
                            "tags.Role": "ingress",
                            "tags.kubernetes.io/cluster/kubernetes": "kubernetes",
                            "tenancy": "default",
                            "user_data": "ac3f5aaa469dbaca70de0f5e2108dc36b55f5cd4",
                            "volume_tags.%": "0",
                            "vpc_security_group_ids.#": "1",
                            "vpc_security_group_ids.1572649105": "sg-077001fede146495b"
                        },
                        "meta": {
                            "e2bfb730-ecaa-11e6-8f88-34363bc7c4c0": {
                                "create": 600000000000,
                                "delete": 1200000000000,
                                "update": 600000000000
                            },
                            "schema_version": "1"
                        },
                        "tainted": false
                    },
                    "deposed": [],
                    "provider": "provider.aws"
                },
                "aws_instance.kubeadm_master.0": {
                    "type": "aws_instance",
                    "depends_on": [
                        "aws_security_group.kubeadm"
                    ],
                    "primary": {
                        "id": "i-0e8b9d7f17c4c74b8",
                        "attributes": {
                            "ami": "ami-04169656fea786776",
                            "arn": "arn:aws:ec2:us-east-1:405787916143:instance/i-0e8b9d7f17c4c74b8",
                            "associate_public_ip_address": "true",
                            "availability_zone": "us-east-1b",
                            "cpu_core_count": "2",
                            "cpu_threads_per_core": "1",
                            "credit_specification.#": "1",
                            "credit_specification.0.cpu_credits": "standard",
                            "disable_api_termination": "false",
                            "ebs_block_device.#": "0",
                            "ebs_optimized": "false",
                            "ephemeral_block_device.#": "0",
                            "get_password_data": "false",
                            "iam_instance_profile": "rancher-ec2-role",
                            "id": "i-0e8b9d7f17c4c74b8",
                            "instance_state": "running",
                            "instance_type": "t2.large",
                            "ipv6_addresses.#": "0",
                            "key_name": "wadeITTLPC",
                            "monitoring": "false",
                            "network_interface.#": "0",
                            "network_interface_id": "eni-03b9aec6833a0df50",
                            "password_data": "",
                            "placement_group": "",
                            "primary_network_interface_id": "eni-03b9aec6833a0df50",
                            "private_dns": "ip-10-42-1-121.ec2.internal",
                            "private_ip": "10.42.1.121",
                            "public_dns": "",
                            "public_ip": "54.210.142.127",
                            "root_block_device.#": "1",
                            "root_block_device.0.delete_on_termination": "true",
                            "root_block_device.0.iops": "100",
                            "root_block_device.0.volume_id": "vol-0b3949416a710c650",
                            "root_block_device.0.volume_size": "8",
                            "root_block_device.0.volume_type": "gp2",
                            "security_groups.#": "0",
                            "source_dest_check": "true",
                            "subnet_id": "subnet-c37766ee",
                            "tags.%": "3",
                            "tags.Name": "kubeadm-master-0",
                            "tags.Role": "master",
                            "tags.kubernetes.io/cluster/kubernetes": "kubernetes",
                            "tenancy": "default",
                            "user_data": "ac3f5aaa469dbaca70de0f5e2108dc36b55f5cd4",
                            "volume_tags.%": "0",
                            "vpc_security_group_ids.#": "1",
                            "vpc_security_group_ids.1572649105": "sg-077001fede146495b"
                        },
                        "meta": {
                            "e2bfb730-ecaa-11e6-8f88-34363bc7c4c0": {
                                "create": 600000000000,
                                "delete": 1200000000000,
                                "update": 600000000000
                            },
                            "schema_version": "1"
                        },
                        "tainted": false
                    },
                    "deposed": [],
                    "provider": "provider.aws"
                },
                "aws_instance.kubeadm_master.1": {
                    "type": "aws_instance",
                    "depends_on": [
                        "aws_security_group.kubeadm"
                    ],
                    "primary": {
                        "id": "i-06adce8cfd6b8bb57",
                        "attributes": {
                            "ami": "ami-04169656fea786776",
                            "arn": "arn:aws:ec2:us-east-1:405787916143:instance/i-06adce8cfd6b8bb57",
                            "associate_public_ip_address": "true",
                            "availability_zone": "us-east-1b",
                            "cpu_core_count": "2",
                            "cpu_threads_per_core": "1",
                            "credit_specification.#": "1",
                            "credit_specification.0.cpu_credits": "standard",
                            "disable_api_termination": "false",
                            "ebs_block_device.#": "0",
                            "ebs_optimized": "false",
                            "ephemeral_block_device.#": "0",
                            "get_password_data": "false",
                            "iam_instance_profile": "rancher-ec2-role",
                            "id": "i-06adce8cfd6b8bb57",
                            "instance_state": "running",
                            "instance_type": "t2.large",
                            "ipv6_addresses.#": "0",
                            "key_name": "wadeITTLPC",
                            "monitoring": "false",
                            "network_interface.#": "0",
                            "network_interface_id": "eni-0071f2e27478020fb",
                            "password_data": "",
                            "placement_group": "",
                            "primary_network_interface_id": "eni-0071f2e27478020fb",
                            "private_dns": "ip-10-42-1-150.ec2.internal",
                            "private_ip": "10.42.1.150",
                            "public_dns": "",
                            "public_ip": "52.91.1.114",
                            "root_block_device.#": "1",
                            "root_block_device.0.delete_on_termination": "true",
                            "root_block_device.0.iops": "100",
                            "root_block_device.0.volume_id": "vol-03bf1241373066eb6",
                            "root_block_device.0.volume_size": "8",
                            "root_block_device.0.volume_type": "gp2",
                            "security_groups.#": "0",
                            "source_dest_check": "true",
                            "subnet_id": "subnet-c37766ee",
                            "tags.%": "3",
                            "tags.Name": "kubeadm-master-1",
                            "tags.Role": "master",
                            "tags.kubernetes.io/cluster/kubernetes": "kubernetes",
                            "tenancy": "default",
                            "user_data": "ac3f5aaa469dbaca70de0f5e2108dc36b55f5cd4",
                            "volume_tags.%": "0",
                            "vpc_security_group_ids.#": "1",
                            "vpc_security_group_ids.1572649105": "sg-077001fede146495b"
                        },
                        "meta": {
                            "e2bfb730-ecaa-11e6-8f88-34363bc7c4c0": {
                                "create": 600000000000,
                                "delete": 1200000000000,
                                "update": 600000000000
                            },
                            "schema_version": "1"
                        },
                        "tainted": false
                    },
                    "deposed": [],
                    "provider": "provider.aws"
                },
                "aws_instance.kubeadm_node.0": {
                    "type": "aws_instance",
                    "depends_on": [
                        "aws_security_group.kubeadm"
                    ],
                    "primary": {
                        "id": "i-02a679781ba3d3b69",
                        "attributes": {
                            "ami": "ami-04169656fea786776",
                            "arn": "arn:aws:ec2:us-east-1:405787916143:instance/i-02a679781ba3d3b69",
                            "associate_public_ip_address": "true",
                            "availability_zone": "us-east-1b",
                            "cpu_core_count": "2",
                            "cpu_threads_per_core": "1",
                            "credit_specification.#": "1",
                            "credit_specification.0.cpu_credits": "standard",
                            "disable_api_termination": "false",
                            "ebs_block_device.#": "0",
                            "ebs_optimized": "false",
                            "ephemeral_block_device.#": "0",
                            "get_password_data": "false",
                            "iam_instance_profile": "rancher-ec2-role",
                            "id": "i-02a679781ba3d3b69",
                            "instance_state": "running",
                            "instance_type": "t2.large",
                            "ipv6_addresses.#": "0",
                            "key_name": "wadeITTLPC",
                            "monitoring": "false",
                            "network_interface.#": "0",
                            "network_interface_id": "eni-09ba794188e8d3cba",
                            "password_data": "",
                            "placement_group": "",
                            "primary_network_interface_id": "eni-09ba794188e8d3cba",
                            "private_dns": "ip-10-42-1-95.ec2.internal",
                            "private_ip": "10.42.1.95",
                            "public_dns": "",
                            "public_ip": "52.87.43.243",
                            "root_block_device.#": "1",
                            "root_block_device.0.delete_on_termination": "true",
                            "root_block_device.0.iops": "100",
                            "root_block_device.0.volume_id": "vol-0a9e854f1ed838517",
                            "root_block_device.0.volume_size": "8",
                            "root_block_device.0.volume_type": "gp2",
                            "security_groups.#": "0",
                            "source_dest_check": "true",
                            "subnet_id": "subnet-c37766ee",
                            "tags.%": "3",
                            "tags.Name": "kubeadm-node-0",
                            "tags.Role": "node",
                            "tags.kubernetes.io/cluster/kubernetes": "kubernetes",
                            "tenancy": "default",
                            "user_data": "ac3f5aaa469dbaca70de0f5e2108dc36b55f5cd4",
                            "volume_tags.%": "0",
                            "vpc_security_group_ids.#": "1",
                            "vpc_security_group_ids.1572649105": "sg-077001fede146495b"
                        },
                        "meta": {
                            "e2bfb730-ecaa-11e6-8f88-34363bc7c4c0": {
                                "create": 600000000000,
                                "delete": 1200000000000,
                                "update": 600000000000
                            },
                            "schema_version": "1"
                        },
                        "tainted": false
                    },
                    "deposed": [],
                    "provider": "provider.aws"
                },
                "aws_instance.kubeadm_node.1": {
                    "type": "aws_instance",
                    "depends_on": [
                        "aws_security_group.kubeadm"
                    ],
                    "primary": {
                        "id": "i-0bced37959562b012",
                        "attributes": {
                            "ami": "ami-04169656fea786776",
                            "arn": "arn:aws:ec2:us-east-1:405787916143:instance/i-0bced37959562b012",
                            "associate_public_ip_address": "true",
                            "availability_zone": "us-east-1b",
                            "cpu_core_count": "2",
                            "cpu_threads_per_core": "1",
                            "credit_specification.#": "1",
                            "credit_specification.0.cpu_credits": "standard",
                            "disable_api_termination": "false",
                            "ebs_block_device.#": "0",
                            "ebs_optimized": "false",
                            "ephemeral_block_device.#": "0",
                            "get_password_data": "false",
                            "iam_instance_profile": "rancher-ec2-role",
                            "id": "i-0bced37959562b012",
                            "instance_state": "running",
                            "instance_type": "t2.large",
                            "ipv6_addresses.#": "0",
                            "key_name": "wadeITTLPC",
                            "monitoring": "false",
                            "network_interface.#": "0",
                            "network_interface_id": "eni-075d7ffa5fe06e59a",
                            "password_data": "",
                            "placement_group": "",
                            "primary_network_interface_id": "eni-075d7ffa5fe06e59a",
                            "private_dns": "ip-10-42-1-170.ec2.internal",
                            "private_ip": "10.42.1.170",
                            "public_dns": "",
                            "public_ip": "18.204.21.3",
                            "root_block_device.#": "1",
                            "root_block_device.0.delete_on_termination": "true",
                            "root_block_device.0.iops": "100",
                            "root_block_device.0.volume_id": "vol-0ab7b2d5fb47a02cb",
                            "root_block_device.0.volume_size": "8",
                            "root_block_device.0.volume_type": "gp2",
                            "security_groups.#": "0",
                            "source_dest_check": "true",
                            "subnet_id": "subnet-c37766ee",
                            "tags.%": "3",
                            "tags.Name": "kubeadm-node-1",
                            "tags.Role": "node",
                            "tags.kubernetes.io/cluster/kubernetes": "kubernetes",
                            "tenancy": "default",
                            "user_data": "ac3f5aaa469dbaca70de0f5e2108dc36b55f5cd4",
                            "volume_tags.%": "0",
                            "vpc_security_group_ids.#": "1",
                            "vpc_security_group_ids.1572649105": "sg-077001fede146495b"
                        },
                        "meta": {
                            "e2bfb730-ecaa-11e6-8f88-34363bc7c4c0": {
                                "create": 600000000000,
                                "delete": 1200000000000,
                                "update": 600000000000
                            },
                            "schema_version": "1"
                        },
                        "tainted": false
                    },
                    "deposed": [],
                    "provider": "provider.aws"
                },
                "aws_instance.kubeadm_node.2": {
                    "type": "aws_instance",
                    "depends_on": [
                        "aws_security_group.kubeadm"
                    ],
                    "primary": {
                        "id": "i-09f4e93a75b4b0738",
                        "attributes": {
                            "ami": "ami-04169656fea786776",
                            "arn": "arn:aws:ec2:us-east-1:405787916143:instance/i-09f4e93a75b4b0738",
                            "associate_public_ip_address": "true",
                            "availability_zone": "us-east-1b",
                            "cpu_core_count": "2",
                            "cpu_threads_per_core": "1",
                            "credit_specification.#": "1",
                            "credit_specification.0.cpu_credits": "standard",
                            "disable_api_termination": "false",
                            "ebs_block_device.#": "0",
                            "ebs_optimized": "false",
                            "ephemeral_block_device.#": "0",
                            "get_password_data": "false",
                            "iam_instance_profile": "rancher-ec2-role",
                            "id": "i-09f4e93a75b4b0738",
                            "instance_state": "running",
                            "instance_type": "t2.large",
                            "ipv6_addresses.#": "0",
                            "key_name": "wadeITTLPC",
                            "monitoring": "false",
                            "network_interface.#": "0",
                            "network_interface_id": "eni-05139bcab3b3b265c",
                            "password_data": "",
                            "placement_group": "",
                            "primary_network_interface_id": "eni-05139bcab3b3b265c",
                            "private_dns": "ip-10-42-1-171.ec2.internal",
                            "private_ip": "10.42.1.171",
                            "public_dns": "",
                            "public_ip": "107.20.92.248",
                            "root_block_device.#": "1",
                            "root_block_device.0.delete_on_termination": "true",
                            "root_block_device.0.iops": "100",
                            "root_block_device.0.volume_id": "vol-063f130d9fff1dada",
                            "root_block_device.0.volume_size": "8",
                            "root_block_device.0.volume_type": "gp2",
                            "security_groups.#": "0",
                            "source_dest_check": "true",
                            "subnet_id": "subnet-c37766ee",
                            "tags.%": "3",
                            "tags.Name": "kubeadm-node-2",
                            "tags.Role": "node",
                            "tags.kubernetes.io/cluster/kubernetes": "kubernetes",
                            "tenancy": "default",
                            "user_data": "ac3f5aaa469dbaca70de0f5e2108dc36b55f5cd4",
                            "volume_tags.%": "0",
                            "vpc_security_group_ids.#": "1",
                            "vpc_security_group_ids.1572649105": "sg-077001fede146495b"
                        },
                        "meta": {
                            "e2bfb730-ecaa-11e6-8f88-34363bc7c4c0": {
                                "create": 600000000000,
                                "delete": 1200000000000,
                                "update": 600000000000
                            },
                            "schema_version": "1"
                        },
                        "tainted": false
                    },
                    "deposed": [],
                    "provider": "provider.aws"
                },
                "aws_instance.kubeadm_node.3": {
                    "type": "aws_instance",
                    "depends_on": [
                        "aws_security_group.kubeadm"
                    ],
                    "primary": {
                        "id": "i-0c5b885ed3aada811",
                        "attributes": {
                            "ami": "ami-04169656fea786776",
                            "arn": "arn:aws:ec2:us-east-1:405787916143:instance/i-0c5b885ed3aada811",
                            "associate_public_ip_address": "true",
                            "availability_zone": "us-east-1b",
                            "cpu_core_count": "2",
                            "cpu_threads_per_core": "1",
                            "credit_specification.#": "1",
                            "credit_specification.0.cpu_credits": "standard",
                            "disable_api_termination": "false",
                            "ebs_block_device.#": "0",
                            "ebs_optimized": "false",
                            "ephemeral_block_device.#": "0",
                            "get_password_data": "false",
                            "iam_instance_profile": "rancher-ec2-role",
                            "id": "i-0c5b885ed3aada811",
                            "instance_state": "running",
                            "instance_type": "t2.large",
                            "ipv6_addresses.#": "0",
                            "key_name": "wadeITTLPC",
                            "monitoring": "false",
                            "network_interface.#": "0",
                            "network_interface_id": "eni-0f8df6bf7127a6655",
                            "password_data": "",
                            "placement_group": "",
                            "primary_network_interface_id": "eni-0f8df6bf7127a6655",
                            "private_dns": "ip-10-42-1-73.ec2.internal",
                            "private_ip": "10.42.1.73",
                            "public_dns": "",
                            "public_ip": "35.174.106.30",
                            "root_block_device.#": "1",
                            "root_block_device.0.delete_on_termination": "true",
                            "root_block_device.0.iops": "100",
                            "root_block_device.0.volume_id": "vol-072722d866167877f",
                            "root_block_device.0.volume_size": "8",
                            "root_block_device.0.volume_type": "gp2",
                            "security_groups.#": "0",
                            "source_dest_check": "true",
                            "subnet_id": "subnet-c37766ee",
                            "tags.%": "3",
                            "tags.Name": "kubeadm-node-3",
                            "tags.Role": "node",
                            "tags.kubernetes.io/cluster/kubernetes": "kubernetes",
                            "tenancy": "default",
                            "user_data": "ac3f5aaa469dbaca70de0f5e2108dc36b55f5cd4",
                            "volume_tags.%": "0",
                            "vpc_security_group_ids.#": "1",
                            "vpc_security_group_ids.1572649105": "sg-077001fede146495b"
                        },
                        "meta": {
                            "e2bfb730-ecaa-11e6-8f88-34363bc7c4c0": {
                                "create": 600000000000,
                                "delete": 1200000000000,
                                "update": 600000000000
                            },
                            "schema_version": "1"
                        },
                        "tainted": false
                    },
                    "deposed": [],
                    "provider": "provider.aws"
                },
                "aws_instance.kubeadm_node.4": {
                    "type": "aws_instance",
                    "depends_on": [
                        "aws_security_group.kubeadm"
                    ],
                    "primary": {
                        "id": "i-04c9ba31212a4114e",
                        "attributes": {
                            "ami": "ami-04169656fea786776",
                            "arn": "arn:aws:ec2:us-east-1:405787916143:instance/i-04c9ba31212a4114e",
                            "associate_public_ip_address": "true",
                            "availability_zone": "us-east-1b",
                            "cpu_core_count": "2",
                            "cpu_threads_per_core": "1",
                            "credit_specification.#": "1",
                            "credit_specification.0.cpu_credits": "standard",
                            "disable_api_termination": "false",
                            "ebs_block_device.#": "0",
                            "ebs_optimized": "false",
                            "ephemeral_block_device.#": "0",
                            "get_password_data": "false",
                            "iam_instance_profile": "rancher-ec2-role",
                            "id": "i-04c9ba31212a4114e",
                            "instance_state": "running",
                            "instance_type": "t2.large",
                            "ipv6_addresses.#": "0",
                            "key_name": "wadeITTLPC",
                            "monitoring": "false",
                            "network_interface.#": "0",
                            "network_interface_id": "eni-0ab4bb08f256845ae",
                            "password_data": "",
                            "placement_group": "",
                            "primary_network_interface_id": "eni-0ab4bb08f256845ae",
                            "private_dns": "ip-10-42-1-181.ec2.internal",
                            "private_ip": "10.42.1.181",
                            "public_dns": "",
                            "public_ip": "52.90.29.90",
                            "root_block_device.#": "1",
                            "root_block_device.0.delete_on_termination": "true",
                            "root_block_device.0.iops": "100",
                            "root_block_device.0.volume_id": "vol-0b266446b25ef3a0d",
                            "root_block_device.0.volume_size": "8",
                            "root_block_device.0.volume_type": "gp2",
                            "security_groups.#": "0",
                            "source_dest_check": "true",
                            "subnet_id": "subnet-c37766ee",
                            "tags.%": "3",
                            "tags.Name": "kubeadm-node-4",
                            "tags.Role": "node",
                            "tags.kubernetes.io/cluster/kubernetes": "kubernetes",
                            "tenancy": "default",
                            "user_data": "ac3f5aaa469dbaca70de0f5e2108dc36b55f5cd4",
                            "volume_tags.%": "0",
                            "vpc_security_group_ids.#": "1",
                            "vpc_security_group_ids.1572649105": "sg-077001fede146495b"
                        },
                        "meta": {
                            "e2bfb730-ecaa-11e6-8f88-34363bc7c4c0": {
                                "create": 600000000000,
                                "delete": 1200000000000,
                                "update": 600000000000
                            },
                            "schema_version": "1"
                        },
                        "tainted": false
                    },
                    "deposed": [],
                    "provider": "provider.aws"
                },
                "aws_instance.kubeadm_node.5": {
                    "type": "aws_instance",
                    "depends_on": [
                        "aws_security_group.kubeadm"
                    ],
                    "primary": {
                        "id": "i-09758674cfa45ca34",
                        "attributes": {
                            "ami": "ami-04169656fea786776",
                            "arn": "arn:aws:ec2:us-east-1:405787916143:instance/i-09758674cfa45ca34",
                            "associate_public_ip_address": "true",
                            "availability_zone": "us-east-1b",
                            "cpu_core_count": "2",
                            "cpu_threads_per_core": "1",
                            "credit_specification.#": "1",
                            "credit_specification.0.cpu_credits": "standard",
                            "disable_api_termination": "false",
                            "ebs_block_device.#": "0",
                            "ebs_optimized": "false",
                            "ephemeral_block_device.#": "0",
                            "get_password_data": "false",
                            "iam_instance_profile": "rancher-ec2-role",
                            "id": "i-09758674cfa45ca34",
                            "instance_state": "running",
                            "instance_type": "t2.large",
                            "ipv6_addresses.#": "0",
                            "key_name": "wadeITTLPC",
                            "monitoring": "false",
                            "network_interface.#": "0",
                            "network_interface_id": "eni-0d8408a4a5fc27543",
                            "password_data": "",
                            "placement_group": "",
                            "primary_network_interface_id": "eni-0d8408a4a5fc27543",
                            "private_dns": "ip-10-42-1-89.ec2.internal",
                            "private_ip": "10.42.1.89",
                            "public_dns": "",
                            "public_ip": "54.224.175.190",
                            "root_block_device.#": "1",
                            "root_block_device.0.delete_on_termination": "true",
                            "root_block_device.0.iops": "100",
                            "root_block_device.0.volume_id": "vol-0c3ef5880e4d9d010",
                            "root_block_device.0.volume_size": "8",
                            "root_block_device.0.volume_type": "gp2",
                            "security_groups.#": "0",
                            "source_dest_check": "true",
                            "subnet_id": "subnet-c37766ee",
                            "tags.%": "3",
                            "tags.Name": "kubeadm-node-5",
                            "tags.Role": "node",
                            "tags.kubernetes.io/cluster/kubernetes": "kubernetes",
                            "tenancy": "default",
                            "user_data": "ac3f5aaa469dbaca70de0f5e2108dc36b55f5cd4",
                            "volume_tags.%": "0",
                            "vpc_security_group_ids.#": "1",
                            "vpc_security_group_ids.1572649105": "sg-077001fede146495b"
                        },
                        "meta": {
                            "e2bfb730-ecaa-11e6-8f88-34363bc7c4c0": {
                                "create": 600000000000,
                                "delete": 1200000000000,
                                "update": 600000000000
                            },
                            "schema_version": "1"
                        },
                        "tainted": false
                    },
                    "deposed": [],
                    "provider": "provider.aws"
                },
                "aws_security_group.kubeadm": {
                    "type": "aws_security_group",
                    "depends_on": [],
                    "primary": {
                        "id": "sg-077001fede146495b",
                        "attributes": {
                            "arn": "arn:aws:ec2:us-east-1:405787916143:security-group/sg-077001fede146495b",
                            "description": "Allow all kubeadm traffic",
                            "egress.#": "1",
                            "egress.482069346.cidr_blocks.#": "1",
                            "egress.482069346.cidr_blocks.0": "0.0.0.0/0",
                            "egress.482069346.description": "",
                            "egress.482069346.from_port": "0",
                            "egress.482069346.ipv6_cidr_blocks.#": "0",
                            "egress.482069346.prefix_list_ids.#": "0",
                            "egress.482069346.protocol": "-1",
                            "egress.482069346.security_groups.#": "0",
                            "egress.482069346.self": "false",
                            "egress.482069346.to_port": "0",
                            "id": "sg-077001fede146495b",
                            "ingress.#": "2",
                            "ingress.2541437006.cidr_blocks.#": "1",
                            "ingress.2541437006.cidr_blocks.0": "0.0.0.0/0",
                            "ingress.2541437006.description": "",
                            "ingress.2541437006.from_port": "22",
                            "ingress.2541437006.ipv6_cidr_blocks.#": "0",
                            "ingress.2541437006.protocol": "tcp",
                            "ingress.2541437006.security_groups.#": "0",
                            "ingress.2541437006.self": "false",
                            "ingress.2541437006.to_port": "22",
                            "ingress.753360330.cidr_blocks.#": "0",
                            "ingress.753360330.description": "",
                            "ingress.753360330.from_port": "0",
                            "ingress.753360330.ipv6_cidr_blocks.#": "0",
                            "ingress.753360330.protocol": "-1",
                            "ingress.753360330.security_groups.#": "0",
                            "ingress.753360330.self": "true",
                            "ingress.753360330.to_port": "0",
                            "name": "kubeadm",
                            "owner_id": "405787916143",
                            "revoke_rules_on_delete": "false",
                            "tags.%": "1",
                            "tags.Name": "kubeadm_sg",
                            "vpc_id": "vpc-3ce2d45a"
                        },
                        "meta": {
                            "e2bfb730-ecaa-11e6-8f88-34363bc7c4c0": {
                                "create": 600000000000,
                                "delete": 600000000000
                            },
                            "schema_version": "1"
                        },
                        "tainted": false
                    },
                    "deposed": [],
                    "provider": "provider.aws"
                },
                "aws_security_group.kubeadm-elb": {
                    "type": "aws_security_group",
                    "depends_on": [],
                    "primary": {
                        "id": "sg-0583f535cb2503a56",
                        "attributes": {
                            "arn": "arn:aws:ec2:us-east-1:405787916143:security-group/sg-0583f535cb2503a56",
                            "description": "Allow all kubeadm traffic",
                            "egress.#": "1",
                            "egress.482069346.cidr_blocks.#": "1",
                            "egress.482069346.cidr_blocks.0": "0.0.0.0/0",
                            "egress.482069346.description": "",
                            "egress.482069346.from_port": "0",
                            "egress.482069346.ipv6_cidr_blocks.#": "0",
                            "egress.482069346.prefix_list_ids.#": "0",
                            "egress.482069346.protocol": "-1",
                            "egress.482069346.security_groups.#": "0",
                            "egress.482069346.self": "false",
                            "egress.482069346.to_port": "0",
                            "id": "sg-0583f535cb2503a56",
                            "ingress.#": "2",
                            "ingress.1463360607.cidr_blocks.#": "1",
                            "ingress.1463360607.cidr_blocks.0": "0.0.0.0/0",
                            "ingress.1463360607.description": "",
                            "ingress.1463360607.from_port": "6443",
                            "ingress.1463360607.ipv6_cidr_blocks.#": "0",
                            "ingress.1463360607.protocol": "tcp",
                            "ingress.1463360607.security_groups.#": "0",
                            "ingress.1463360607.self": "false",
                            "ingress.1463360607.to_port": "6443",
                            "ingress.753360330.cidr_blocks.#": "0",
                            "ingress.753360330.description": "",
                            "ingress.753360330.from_port": "0",
                            "ingress.753360330.ipv6_cidr_blocks.#": "0",
                            "ingress.753360330.protocol": "-1",
                            "ingress.753360330.security_groups.#": "0",
                            "ingress.753360330.self": "true",
                            "ingress.753360330.to_port": "0",
                            "name": "kubeadm-elb",
                            "owner_id": "405787916143",
                            "revoke_rules_on_delete": "false",
                            "tags.%": "1",
                            "tags.Name": "kubeadm_sg-elb",
                            "vpc_id": "vpc-3ce2d45a"
                        },
                        "meta": {
                            "e2bfb730-ecaa-11e6-8f88-34363bc7c4c0": {
                                "create": 600000000000,
                                "delete": 600000000000
                            },
                            "schema_version": "1"
                        },
                        "tainted": false
                    },
                    "deposed": [],
                    "provider": "provider.aws"
                }
            },
            "depends_on": []
        }
    ]
}
