{
    "version": 3,
    "terraform_version": "0.11.7",
    "serial": 6,
    "lineage": "525037b9-3b11-febb-f4c5-d64bcb7dcf71",
    "modules": [
        {
            "path": [
                "root"
            ],
            "outputs": {
                "bastion_nodes_ips": {
                    "sensitive": false,
                    "type": "list",
                    "value": [
                        "10.42.1.26"
                    ]
                },
                "etcd": {
                    "sensitive": false,
                    "type": "list",
                    "value": [
                        "10.42.1.245",
                        "10.42.1.200",
                        "10.42.1.236"
                    ]
                },
                "ingress": {
                    "sensitive": false,
                    "type": "list",
                    "value": [
                        "10.42.1.201",
                        "10.42.1.88"
                    ]
                },
                "kubeadm-master-elb": {
                    "sensitive": false,
                    "type": "string",
                    "value": "internal-kubeadm-tf-elb-1818686531.us-east-1.elb.amazonaws.com"
                },
                "master_nodes_ips": {
                    "sensitive": false,
                    "type": "list",
                    "value": [
                        "10.42.1.199",
                        "10.42.1.118"
                    ]
                },
                "node": {
                    "sensitive": false,
                    "type": "list",
                    "value": [
                        "10.42.1.209",
                        "10.42.1.246",
                        "10.42.1.8",
                        "10.42.1.208",
                        "10.42.1.103",
                        "10.42.1.232"
                    ]
                }
            },
            "resources": {
                "aws_elb.kubeadm-elb": {
                    "type": "aws_elb",
                    "depends_on": [
                        "aws_instance.kubeadm_master.*",
                        "aws_security_group.kubeadm",
                        "aws_security_group.kubeadm-elb"
                    ],
                    "primary": {
                        "id": "kubeadm-tf-elb",
                        "attributes": {
                            "access_logs.#": "0",
                            "arn": "arn:aws:elasticloadbalancing:us-east-1:405787916143:loadbalancer/kubeadm-tf-elb",
                            "availability_zones.#": "1",
                            "availability_zones.1305112097": "us-east-1b",
                            "connection_draining": "true",
                            "connection_draining_timeout": "400",
                            "cross_zone_load_balancing": "true",
                            "dns_name": "internal-kubeadm-tf-elb-1818686531.us-east-1.elb.amazonaws.com",
                            "health_check.#": "1",
                            "health_check.0.healthy_threshold": "2",
                            "health_check.0.interval": "30",
                            "health_check.0.target": "TCP:6443",
                            "health_check.0.timeout": "3",
                            "health_check.0.unhealthy_threshold": "2",
                            "id": "kubeadm-tf-elb",
                            "idle_timeout": "400",
                            "instances.#": "2",
                            "instances.1070348556": "i-007303607780af4d7",
                            "instances.3135643145": "i-00d5fb4fe7fb2759c",
                            "internal": "true",
                            "listener.#": "1",
                            "listener.3838681924.instance_port": "6443",
                            "listener.3838681924.instance_protocol": "tcp",
                            "listener.3838681924.lb_port": "6443",
                            "listener.3838681924.lb_protocol": "tcp",
                            "listener.3838681924.ssl_certificate_id": "",
                            "name": "kubeadm-tf-elb",
                            "security_groups.#": "2",
                            "security_groups.195982843": "sg-00757742c7c9eef2a",
                            "security_groups.228318735": "sg-0df253e29ae277446",
                            "source_security_group": "405787916143/kubeadm-elb",
                            "source_security_group_id": "sg-0df253e29ae277446",
                            "subnets.#": "1",
                            "subnets.2970139403": "subnet-c37766ee",
                            "tags.%": "1",
                            "tags.Name": "kubeadm-tf-elb",
                            "zone_id": "Z35SXDOTRQ7X7K"
                        },
                        "meta": {},
                        "tainted": false
                    },
                    "deposed": [],
                    "provider": "provider.aws"
                },
                "aws_instance.kubeadm_bastion": {
                    "type": "aws_instance",
                    "depends_on": [
                        "aws_security_group.kubeadm"
                    ],
                    "primary": {
                        "id": "i-034ccd52165b5b8d6",
                        "attributes": {
                            "ami": "ami-04169656fea786776",
                            "arn": "arn:aws:ec2:us-east-1:405787916143:instance/i-034ccd52165b5b8d6",
                            "associate_public_ip_address": "true",
                            "availability_zone": "us-east-1b",
                            "cpu_core_count": "2",
                            "cpu_threads_per_core": "1",
                            "credit_specification.#": "1",
                            "credit_specification.0.cpu_credits": "standard",
                            "disable_api_termination": "false",
                            "ebs_block_device.#": "0",
                            "ebs_optimized": "false",
                            "ephemeral_block_device.#": "0",
                            "get_password_data": "false",
                            "iam_instance_profile": "rancher-ec2-role",
                            "id": "i-034ccd52165b5b8d6",
                            "instance_state": "running",
                            "instance_type": "t2.large",
                            "ipv6_addresses.#": "0",
                            "key_name": "wadeITTLPC",
                            "monitoring": "false",
                            "network_interface.#": "0",
                            "network_interface_id": "eni-066657b8f338557b3",
                            "password_data": "",
                            "placement_group": "",
                            "primary_network_interface_id": "eni-066657b8f338557b3",
                            "private_dns": "ip-10-42-1-26.ec2.internal",
                            "private_ip": "10.42.1.26",
                            "public_dns": "",
                            "public_ip": "54.89.241.248",
                            "root_block_device.#": "1",
                            "root_block_device.0.delete_on_termination": "true",
                            "root_block_device.0.iops": "100",
                            "root_block_device.0.volume_id": "vol-0ce152fa8f1abd41d",
                            "root_block_device.0.volume_size": "8",
                            "root_block_device.0.volume_type": "gp2",
                            "security_groups.#": "0",
                            "source_dest_check": "true",
                            "subnet_id": "subnet-c37766ee",
                            "tags.%": "2",
                            "tags.Name": "kubeadm-bastion-0",
                            "tags.Role": "bastion",
                            "tenancy": "default",
                            "volume_tags.%": "0",
                            "vpc_security_group_ids.#": "1",
                            "vpc_security_group_ids.195982843": "sg-00757742c7c9eef2a"
                        },
                        "meta": {
                            "e2bfb730-ecaa-11e6-8f88-34363bc7c4c0": {
                                "create": 600000000000,
                                "delete": 1200000000000,
                                "update": 600000000000
                            },
                            "schema_version": "1"
                        },
                        "tainted": false
                    },
                    "deposed": [],
                    "provider": "provider.aws"
                },
                "aws_instance.kubeadm_etcd.0": {
                    "type": "aws_instance",
                    "depends_on": [
                        "aws_security_group.kubeadm"
                    ],
                    "primary": {
                        "id": "i-0b1f955b38dc6faa3",
                        "attributes": {
                            "ami": "ami-04169656fea786776",
                            "arn": "arn:aws:ec2:us-east-1:405787916143:instance/i-0b1f955b38dc6faa3",
                            "associate_public_ip_address": "true",
                            "availability_zone": "us-east-1b",
                            "cpu_core_count": "2",
                            "cpu_threads_per_core": "1",
                            "credit_specification.#": "1",
                            "credit_specification.0.cpu_credits": "standard",
                            "disable_api_termination": "false",
                            "ebs_block_device.#": "0",
                            "ebs_optimized": "false",
                            "ephemeral_block_device.#": "0",
                            "get_password_data": "false",
                            "iam_instance_profile": "rancher-ec2-role",
                            "id": "i-0b1f955b38dc6faa3",
                            "instance_state": "running",
                            "instance_type": "t2.large",
                            "ipv6_addresses.#": "0",
                            "key_name": "wadeITTLPC",
                            "monitoring": "false",
                            "network_interface.#": "0",
                            "network_interface_id": "eni-0076c9a242d23bb07",
                            "password_data": "",
                            "placement_group": "",
                            "primary_network_interface_id": "eni-0076c9a242d23bb07",
                            "private_dns": "ip-10-42-1-245.ec2.internal",
                            "private_ip": "10.42.1.245",
                            "public_dns": "",
                            "public_ip": "52.91.28.92",
                            "root_block_device.#": "1",
                            "root_block_device.0.delete_on_termination": "true",
                            "root_block_device.0.iops": "100",
                            "root_block_device.0.volume_id": "vol-0c7b784b8b251fbdd",
                            "root_block_device.0.volume_size": "8",
                            "root_block_device.0.volume_type": "gp2",
                            "security_groups.#": "0",
                            "source_dest_check": "true",
                            "subnet_id": "subnet-c37766ee",
                            "tags.%": "3",
                            "tags.Name": "kubeadm-etcd-0",
                            "tags.Role": "etcd",
                            "tags.kubernetes.io/cluster/kubernetes": "kubernetes",
                            "tenancy": "default",
                            "volume_tags.%": "0",
                            "vpc_security_group_ids.#": "1",
                            "vpc_security_group_ids.195982843": "sg-00757742c7c9eef2a"
                        },
                        "meta": {
                            "e2bfb730-ecaa-11e6-8f88-34363bc7c4c0": {
                                "create": 600000000000,
                                "delete": 1200000000000,
                                "update": 600000000000
                            },
                            "schema_version": "1"
                        },
                        "tainted": false
                    },
                    "deposed": [],
                    "provider": "provider.aws"
                },
                "aws_instance.kubeadm_etcd.1": {
                    "type": "aws_instance",
                    "depends_on": [
                        "aws_security_group.kubeadm"
                    ],
                    "primary": {
                        "id": "i-089befc37ccecf243",
                        "attributes": {
                            "ami": "ami-04169656fea786776",
                            "arn": "arn:aws:ec2:us-east-1:405787916143:instance/i-089befc37ccecf243",
                            "associate_public_ip_address": "true",
                            "availability_zone": "us-east-1b",
                            "cpu_core_count": "2",
                            "cpu_threads_per_core": "1",
                            "credit_specification.#": "1",
                            "credit_specification.0.cpu_credits": "standard",
                            "disable_api_termination": "false",
                            "ebs_block_device.#": "0",
                            "ebs_optimized": "false",
                            "ephemeral_block_device.#": "0",
                            "get_password_data": "false",
                            "iam_instance_profile": "rancher-ec2-role",
                            "id": "i-089befc37ccecf243",
                            "instance_state": "running",
                            "instance_type": "t2.large",
                            "ipv6_addresses.#": "0",
                            "key_name": "wadeITTLPC",
                            "monitoring": "false",
                            "network_interface.#": "0",
                            "network_interface_id": "eni-0b42dd2fcf32fc8d4",
                            "password_data": "",
                            "placement_group": "",
                            "primary_network_interface_id": "eni-0b42dd2fcf32fc8d4",
                            "private_dns": "ip-10-42-1-200.ec2.internal",
                            "private_ip": "10.42.1.200",
                            "public_dns": "",
                            "public_ip": "34.207.86.195",
                            "root_block_device.#": "1",
                            "root_block_device.0.delete_on_termination": "true",
                            "root_block_device.0.iops": "100",
                            "root_block_device.0.volume_id": "vol-0137985c558d00f97",
                            "root_block_device.0.volume_size": "8",
                            "root_block_device.0.volume_type": "gp2",
                            "security_groups.#": "0",
                            "source_dest_check": "true",
                            "subnet_id": "subnet-c37766ee",
                            "tags.%": "3",
                            "tags.Name": "kubeadm-etcd-1",
                            "tags.Role": "etcd",
                            "tags.kubernetes.io/cluster/kubernetes": "kubernetes",
                            "tenancy": "default",
                            "volume_tags.%": "0",
                            "vpc_security_group_ids.#": "1",
                            "vpc_security_group_ids.195982843": "sg-00757742c7c9eef2a"
                        },
                        "meta": {
                            "e2bfb730-ecaa-11e6-8f88-34363bc7c4c0": {
                                "create": 600000000000,
                                "delete": 1200000000000,
                                "update": 600000000000
                            },
                            "schema_version": "1"
                        },
                        "tainted": false
                    },
                    "deposed": [],
                    "provider": "provider.aws"
                },
                "aws_instance.kubeadm_etcd.2": {
                    "type": "aws_instance",
                    "depends_on": [
                        "aws_security_group.kubeadm"
                    ],
                    "primary": {
                        "id": "i-030e7e6c3771b5f85",
                        "attributes": {
                            "ami": "ami-04169656fea786776",
                            "arn": "arn:aws:ec2:us-east-1:405787916143:instance/i-030e7e6c3771b5f85",
                            "associate_public_ip_address": "true",
                            "availability_zone": "us-east-1b",
                            "cpu_core_count": "2",
                            "cpu_threads_per_core": "1",
                            "credit_specification.#": "1",
                            "credit_specification.0.cpu_credits": "standard",
                            "disable_api_termination": "false",
                            "ebs_block_device.#": "0",
                            "ebs_optimized": "false",
                            "ephemeral_block_device.#": "0",
                            "get_password_data": "false",
                            "iam_instance_profile": "rancher-ec2-role",
                            "id": "i-030e7e6c3771b5f85",
                            "instance_state": "running",
                            "instance_type": "t2.large",
                            "ipv6_addresses.#": "0",
                            "key_name": "wadeITTLPC",
                            "monitoring": "false",
                            "network_interface.#": "0",
                            "network_interface_id": "eni-031605ae8a8bb348a",
                            "password_data": "",
                            "placement_group": "",
                            "primary_network_interface_id": "eni-031605ae8a8bb348a",
                            "private_dns": "ip-10-42-1-236.ec2.internal",
                            "private_ip": "10.42.1.236",
                            "public_dns": "",
                            "public_ip": "54.161.81.192",
                            "root_block_device.#": "1",
                            "root_block_device.0.delete_on_termination": "true",
                            "root_block_device.0.iops": "100",
                            "root_block_device.0.volume_id": "vol-03dea282b9edd941a",
                            "root_block_device.0.volume_size": "8",
                            "root_block_device.0.volume_type": "gp2",
                            "security_groups.#": "0",
                            "source_dest_check": "true",
                            "subnet_id": "subnet-c37766ee",
                            "tags.%": "3",
                            "tags.Name": "kubeadm-etcd-2",
                            "tags.Role": "etcd",
                            "tags.kubernetes.io/cluster/kubernetes": "kubernetes",
                            "tenancy": "default",
                            "volume_tags.%": "0",
                            "vpc_security_group_ids.#": "1",
                            "vpc_security_group_ids.195982843": "sg-00757742c7c9eef2a"
                        },
                        "meta": {
                            "e2bfb730-ecaa-11e6-8f88-34363bc7c4c0": {
                                "create": 600000000000,
                                "delete": 1200000000000,
                                "update": 600000000000
                            },
                            "schema_version": "1"
                        },
                        "tainted": false
                    },
                    "deposed": [],
                    "provider": "provider.aws"
                },
                "aws_instance.kubeadm_ingress.0": {
                    "type": "aws_instance",
                    "depends_on": [
                        "aws_security_group.kubeadm"
                    ],
                    "primary": {
                        "id": "i-04f36d0e9fd714aa3",
                        "attributes": {
                            "ami": "ami-04169656fea786776",
                            "arn": "arn:aws:ec2:us-east-1:405787916143:instance/i-04f36d0e9fd714aa3",
                            "associate_public_ip_address": "true",
                            "availability_zone": "us-east-1b",
                            "cpu_core_count": "2",
                            "cpu_threads_per_core": "1",
                            "credit_specification.#": "1",
                            "credit_specification.0.cpu_credits": "standard",
                            "disable_api_termination": "false",
                            "ebs_block_device.#": "0",
                            "ebs_optimized": "false",
                            "ephemeral_block_device.#": "0",
                            "get_password_data": "false",
                            "iam_instance_profile": "rancher-ec2-role",
                            "id": "i-04f36d0e9fd714aa3",
                            "instance_state": "running",
                            "instance_type": "t2.large",
                            "ipv6_addresses.#": "0",
                            "key_name": "wadeITTLPC",
                            "monitoring": "false",
                            "network_interface.#": "0",
                            "network_interface_id": "eni-01e747757efd5ca79",
                            "password_data": "",
                            "placement_group": "",
                            "primary_network_interface_id": "eni-01e747757efd5ca79",
                            "private_dns": "ip-10-42-1-201.ec2.internal",
                            "private_ip": "10.42.1.201",
                            "public_dns": "",
                            "public_ip": "54.175.170.230",
                            "root_block_device.#": "1",
                            "root_block_device.0.delete_on_termination": "true",
                            "root_block_device.0.iops": "100",
                            "root_block_device.0.volume_id": "vol-02e4b446138ef49e3",
                            "root_block_device.0.volume_size": "8",
                            "root_block_device.0.volume_type": "gp2",
                            "security_groups.#": "0",
                            "source_dest_check": "true",
                            "subnet_id": "subnet-c37766ee",
                            "tags.%": "3",
                            "tags.Name": "kubeadm-ingress-0",
                            "tags.Role": "ingress",
                            "tags.kubernetes.io/cluster/kubernetes": "kubernetes",
                            "tenancy": "default",
                            "volume_tags.%": "0",
                            "vpc_security_group_ids.#": "1",
                            "vpc_security_group_ids.195982843": "sg-00757742c7c9eef2a"
                        },
                        "meta": {
                            "e2bfb730-ecaa-11e6-8f88-34363bc7c4c0": {
                                "create": 600000000000,
                                "delete": 1200000000000,
                                "update": 600000000000
                            },
                            "schema_version": "1"
                        },
                        "tainted": false
                    },
                    "deposed": [],
                    "provider": "provider.aws"
                },
                "aws_instance.kubeadm_ingress.1": {
                    "type": "aws_instance",
                    "depends_on": [
                        "aws_security_group.kubeadm"
                    ],
                    "primary": {
                        "id": "i-0388ae22eb7a9cf54",
                        "attributes": {
                            "ami": "ami-04169656fea786776",
                            "arn": "arn:aws:ec2:us-east-1:405787916143:instance/i-0388ae22eb7a9cf54",
                            "associate_public_ip_address": "true",
                            "availability_zone": "us-east-1b",
                            "cpu_core_count": "2",
                            "cpu_threads_per_core": "1",
                            "credit_specification.#": "1",
                            "credit_specification.0.cpu_credits": "standard",
                            "disable_api_termination": "false",
                            "ebs_block_device.#": "0",
                            "ebs_optimized": "false",
                            "ephemeral_block_device.#": "0",
                            "get_password_data": "false",
                            "iam_instance_profile": "rancher-ec2-role",
                            "id": "i-0388ae22eb7a9cf54",
                            "instance_state": "running",
                            "instance_type": "t2.large",
                            "ipv6_addresses.#": "0",
                            "key_name": "wadeITTLPC",
                            "monitoring": "false",
                            "network_interface.#": "0",
                            "network_interface_id": "eni-03294c809f071d550",
                            "password_data": "",
                            "placement_group": "",
                            "primary_network_interface_id": "eni-03294c809f071d550",
                            "private_dns": "ip-10-42-1-88.ec2.internal",
                            "private_ip": "10.42.1.88",
                            "public_dns": "",
                            "public_ip": "54.89.136.211",
                            "root_block_device.#": "1",
                            "root_block_device.0.delete_on_termination": "true",
                            "root_block_device.0.iops": "100",
                            "root_block_device.0.volume_id": "vol-00139b227cbe69207",
                            "root_block_device.0.volume_size": "8",
                            "root_block_device.0.volume_type": "gp2",
                            "security_groups.#": "0",
                            "source_dest_check": "true",
                            "subnet_id": "subnet-c37766ee",
                            "tags.%": "3",
                            "tags.Name": "kubeadm-ingress-1",
                            "tags.Role": "ingress",
                            "tags.kubernetes.io/cluster/kubernetes": "kubernetes",
                            "tenancy": "default",
                            "volume_tags.%": "0",
                            "vpc_security_group_ids.#": "1",
                            "vpc_security_group_ids.195982843": "sg-00757742c7c9eef2a"
                        },
                        "meta": {
                            "e2bfb730-ecaa-11e6-8f88-34363bc7c4c0": {
                                "create": 600000000000,
                                "delete": 1200000000000,
                                "update": 600000000000
                            },
                            "schema_version": "1"
                        },
                        "tainted": false
                    },
                    "deposed": [],
                    "provider": "provider.aws"
                },
                "aws_instance.kubeadm_master.0": {
                    "type": "aws_instance",
                    "depends_on": [
                        "aws_security_group.kubeadm"
                    ],
                    "primary": {
                        "id": "i-007303607780af4d7",
                        "attributes": {
                            "ami": "ami-04169656fea786776",
                            "arn": "arn:aws:ec2:us-east-1:405787916143:instance/i-007303607780af4d7",
                            "associate_public_ip_address": "true",
                            "availability_zone": "us-east-1b",
                            "cpu_core_count": "2",
                            "cpu_threads_per_core": "1",
                            "credit_specification.#": "1",
                            "credit_specification.0.cpu_credits": "standard",
                            "disable_api_termination": "false",
                            "ebs_block_device.#": "0",
                            "ebs_optimized": "false",
                            "ephemeral_block_device.#": "0",
                            "get_password_data": "false",
                            "iam_instance_profile": "rancher-ec2-role",
                            "id": "i-007303607780af4d7",
                            "instance_state": "running",
                            "instance_type": "t2.large",
                            "ipv6_addresses.#": "0",
                            "key_name": "wadeITTLPC",
                            "monitoring": "false",
                            "network_interface.#": "0",
                            "network_interface_id": "eni-02a134ddbae3fb016",
                            "password_data": "",
                            "placement_group": "",
                            "primary_network_interface_id": "eni-02a134ddbae3fb016",
                            "private_dns": "ip-10-42-1-199.ec2.internal",
                            "private_ip": "10.42.1.199",
                            "public_dns": "",
                            "public_ip": "52.87.192.90",
                            "root_block_device.#": "1",
                            "root_block_device.0.delete_on_termination": "true",
                            "root_block_device.0.iops": "100",
                            "root_block_device.0.volume_id": "vol-0a7251c2ea65d9856",
                            "root_block_device.0.volume_size": "8",
                            "root_block_device.0.volume_type": "gp2",
                            "security_groups.#": "0",
                            "source_dest_check": "true",
                            "subnet_id": "subnet-c37766ee",
                            "tags.%": "3",
                            "tags.Name": "kubeadm-master-0",
                            "tags.Role": "master",
                            "tags.kubernetes.io/cluster/kubernetes": "kubernetes",
                            "tenancy": "default",
                            "volume_tags.%": "0",
                            "vpc_security_group_ids.#": "1",
                            "vpc_security_group_ids.195982843": "sg-00757742c7c9eef2a"
                        },
                        "meta": {
                            "e2bfb730-ecaa-11e6-8f88-34363bc7c4c0": {
                                "create": 600000000000,
                                "delete": 1200000000000,
                                "update": 600000000000
                            },
                            "schema_version": "1"
                        },
                        "tainted": false
                    },
                    "deposed": [],
                    "provider": "provider.aws"
                },
                "aws_instance.kubeadm_master.1": {
                    "type": "aws_instance",
                    "depends_on": [
                        "aws_security_group.kubeadm"
                    ],
                    "primary": {
                        "id": "i-00d5fb4fe7fb2759c",
                        "attributes": {
                            "ami": "ami-04169656fea786776",
                            "arn": "arn:aws:ec2:us-east-1:405787916143:instance/i-00d5fb4fe7fb2759c",
                            "associate_public_ip_address": "true",
                            "availability_zone": "us-east-1b",
                            "cpu_core_count": "2",
                            "cpu_threads_per_core": "1",
                            "credit_specification.#": "1",
                            "credit_specification.0.cpu_credits": "standard",
                            "disable_api_termination": "false",
                            "ebs_block_device.#": "0",
                            "ebs_optimized": "false",
                            "ephemeral_block_device.#": "0",
                            "get_password_data": "false",
                            "iam_instance_profile": "rancher-ec2-role",
                            "id": "i-00d5fb4fe7fb2759c",
                            "instance_state": "running",
                            "instance_type": "t2.large",
                            "ipv6_addresses.#": "0",
                            "key_name": "wadeITTLPC",
                            "monitoring": "false",
                            "network_interface.#": "0",
                            "network_interface_id": "eni-083f4de6b5dddc727",
                            "password_data": "",
                            "placement_group": "",
                            "primary_network_interface_id": "eni-083f4de6b5dddc727",
                            "private_dns": "ip-10-42-1-118.ec2.internal",
                            "private_ip": "10.42.1.118",
                            "public_dns": "",
                            "public_ip": "18.208.155.29",
                            "root_block_device.#": "1",
                            "root_block_device.0.delete_on_termination": "true",
                            "root_block_device.0.iops": "100",
                            "root_block_device.0.volume_id": "vol-096fa4878a41283ac",
                            "root_block_device.0.volume_size": "8",
                            "root_block_device.0.volume_type": "gp2",
                            "security_groups.#": "0",
                            "source_dest_check": "true",
                            "subnet_id": "subnet-c37766ee",
                            "tags.%": "3",
                            "tags.Name": "kubeadm-master-1",
                            "tags.Role": "master",
                            "tags.kubernetes.io/cluster/kubernetes": "kubernetes",
                            "tenancy": "default",
                            "volume_tags.%": "0",
                            "vpc_security_group_ids.#": "1",
                            "vpc_security_group_ids.195982843": "sg-00757742c7c9eef2a"
                        },
                        "meta": {
                            "e2bfb730-ecaa-11e6-8f88-34363bc7c4c0": {
                                "create": 600000000000,
                                "delete": 1200000000000,
                                "update": 600000000000
                            },
                            "schema_version": "1"
                        },
                        "tainted": false
                    },
                    "deposed": [],
                    "provider": "provider.aws"
                },
                "aws_instance.kubeadm_node.0": {
                    "type": "aws_instance",
                    "depends_on": [
                        "aws_security_group.kubeadm"
                    ],
                    "primary": {
                        "id": "i-01f20c0d9236fc6c1",
                        "attributes": {
                            "ami": "ami-04169656fea786776",
                            "arn": "arn:aws:ec2:us-east-1:405787916143:instance/i-01f20c0d9236fc6c1",
                            "associate_public_ip_address": "true",
                            "availability_zone": "us-east-1b",
                            "cpu_core_count": "2",
                            "cpu_threads_per_core": "1",
                            "credit_specification.#": "1",
                            "credit_specification.0.cpu_credits": "standard",
                            "disable_api_termination": "false",
                            "ebs_block_device.#": "0",
                            "ebs_optimized": "false",
                            "ephemeral_block_device.#": "0",
                            "get_password_data": "false",
                            "iam_instance_profile": "rancher-ec2-role",
                            "id": "i-01f20c0d9236fc6c1",
                            "instance_state": "running",
                            "instance_type": "t2.large",
                            "ipv6_addresses.#": "0",
                            "key_name": "wadeITTLPC",
                            "monitoring": "false",
                            "network_interface.#": "0",
                            "network_interface_id": "eni-093b2c9454372b114",
                            "password_data": "",
                            "placement_group": "",
                            "primary_network_interface_id": "eni-093b2c9454372b114",
                            "private_dns": "ip-10-42-1-209.ec2.internal",
                            "private_ip": "10.42.1.209",
                            "public_dns": "",
                            "public_ip": "54.86.53.170",
                            "root_block_device.#": "1",
                            "root_block_device.0.delete_on_termination": "true",
                            "root_block_device.0.iops": "100",
                            "root_block_device.0.volume_id": "vol-01b1e293de5e283d9",
                            "root_block_device.0.volume_size": "8",
                            "root_block_device.0.volume_type": "gp2",
                            "security_groups.#": "0",
                            "source_dest_check": "true",
                            "subnet_id": "subnet-c37766ee",
                            "tags.%": "3",
                            "tags.Name": "kubeadm-node-0",
                            "tags.Role": "node",
                            "tags.kubernetes.io/cluster/kubernetes": "kubernetes",
                            "tenancy": "default",
                            "volume_tags.%": "0",
                            "vpc_security_group_ids.#": "1",
                            "vpc_security_group_ids.195982843": "sg-00757742c7c9eef2a"
                        },
                        "meta": {
                            "e2bfb730-ecaa-11e6-8f88-34363bc7c4c0": {
                                "create": 600000000000,
                                "delete": 1200000000000,
                                "update": 600000000000
                            },
                            "schema_version": "1"
                        },
                        "tainted": false
                    },
                    "deposed": [],
                    "provider": "provider.aws"
                },
                "aws_instance.kubeadm_node.1": {
                    "type": "aws_instance",
                    "depends_on": [
                        "aws_security_group.kubeadm"
                    ],
                    "primary": {
                        "id": "i-065d7cc46e2802a08",
                        "attributes": {
                            "ami": "ami-04169656fea786776",
                            "arn": "arn:aws:ec2:us-east-1:405787916143:instance/i-065d7cc46e2802a08",
                            "associate_public_ip_address": "true",
                            "availability_zone": "us-east-1b",
                            "cpu_core_count": "2",
                            "cpu_threads_per_core": "1",
                            "credit_specification.#": "1",
                            "credit_specification.0.cpu_credits": "standard",
                            "disable_api_termination": "false",
                            "ebs_block_device.#": "0",
                            "ebs_optimized": "false",
                            "ephemeral_block_device.#": "0",
                            "get_password_data": "false",
                            "iam_instance_profile": "rancher-ec2-role",
                            "id": "i-065d7cc46e2802a08",
                            "instance_state": "running",
                            "instance_type": "t2.large",
                            "ipv6_addresses.#": "0",
                            "key_name": "wadeITTLPC",
                            "monitoring": "false",
                            "network_interface.#": "0",
                            "network_interface_id": "eni-049a607c77e045804",
                            "password_data": "",
                            "placement_group": "",
                            "primary_network_interface_id": "eni-049a607c77e045804",
                            "private_dns": "ip-10-42-1-246.ec2.internal",
                            "private_ip": "10.42.1.246",
                            "public_dns": "",
                            "public_ip": "54.210.33.218",
                            "root_block_device.#": "1",
                            "root_block_device.0.delete_on_termination": "true",
                            "root_block_device.0.iops": "100",
                            "root_block_device.0.volume_id": "vol-0f798e0635adc635e",
                            "root_block_device.0.volume_size": "8",
                            "root_block_device.0.volume_type": "gp2",
                            "security_groups.#": "0",
                            "source_dest_check": "true",
                            "subnet_id": "subnet-c37766ee",
                            "tags.%": "3",
                            "tags.Name": "kubeadm-node-1",
                            "tags.Role": "node",
                            "tags.kubernetes.io/cluster/kubernetes": "kubernetes",
                            "tenancy": "default",
                            "volume_tags.%": "0",
                            "vpc_security_group_ids.#": "1",
                            "vpc_security_group_ids.195982843": "sg-00757742c7c9eef2a"
                        },
                        "meta": {
                            "e2bfb730-ecaa-11e6-8f88-34363bc7c4c0": {
                                "create": 600000000000,
                                "delete": 1200000000000,
                                "update": 600000000000
                            },
                            "schema_version": "1"
                        },
                        "tainted": false
                    },
                    "deposed": [],
                    "provider": "provider.aws"
                },
                "aws_instance.kubeadm_node.2": {
                    "type": "aws_instance",
                    "depends_on": [
                        "aws_security_group.kubeadm"
                    ],
                    "primary": {
                        "id": "i-0d3a02386e3e2b493",
                        "attributes": {
                            "ami": "ami-04169656fea786776",
                            "arn": "arn:aws:ec2:us-east-1:405787916143:instance/i-0d3a02386e3e2b493",
                            "associate_public_ip_address": "true",
                            "availability_zone": "us-east-1b",
                            "cpu_core_count": "2",
                            "cpu_threads_per_core": "1",
                            "credit_specification.#": "1",
                            "credit_specification.0.cpu_credits": "standard",
                            "disable_api_termination": "false",
                            "ebs_block_device.#": "0",
                            "ebs_optimized": "false",
                            "ephemeral_block_device.#": "0",
                            "get_password_data": "false",
                            "iam_instance_profile": "rancher-ec2-role",
                            "id": "i-0d3a02386e3e2b493",
                            "instance_state": "running",
                            "instance_type": "t2.large",
                            "ipv6_addresses.#": "0",
                            "key_name": "wadeITTLPC",
                            "monitoring": "false",
                            "network_interface.#": "0",
                            "network_interface_id": "eni-0dc0da30efd0220b3",
                            "password_data": "",
                            "placement_group": "",
                            "primary_network_interface_id": "eni-0dc0da30efd0220b3",
                            "private_dns": "ip-10-42-1-8.ec2.internal",
                            "private_ip": "10.42.1.8",
                            "public_dns": "",
                            "public_ip": "18.212.39.254",
                            "root_block_device.#": "1",
                            "root_block_device.0.delete_on_termination": "true",
                            "root_block_device.0.iops": "100",
                            "root_block_device.0.volume_id": "vol-02363fbd99386f066",
                            "root_block_device.0.volume_size": "8",
                            "root_block_device.0.volume_type": "gp2",
                            "security_groups.#": "0",
                            "source_dest_check": "true",
                            "subnet_id": "subnet-c37766ee",
                            "tags.%": "3",
                            "tags.Name": "kubeadm-node-2",
                            "tags.Role": "node",
                            "tags.kubernetes.io/cluster/kubernetes": "kubernetes",
                            "tenancy": "default",
                            "volume_tags.%": "0",
                            "vpc_security_group_ids.#": "1",
                            "vpc_security_group_ids.195982843": "sg-00757742c7c9eef2a"
                        },
                        "meta": {
                            "e2bfb730-ecaa-11e6-8f88-34363bc7c4c0": {
                                "create": 600000000000,
                                "delete": 1200000000000,
                                "update": 600000000000
                            },
                            "schema_version": "1"
                        },
                        "tainted": false
                    },
                    "deposed": [],
                    "provider": "provider.aws"
                },
                "aws_instance.kubeadm_node.3": {
                    "type": "aws_instance",
                    "depends_on": [
                        "aws_security_group.kubeadm"
                    ],
                    "primary": {
                        "id": "i-08ba38c6157942e3d",
                        "attributes": {
                            "ami": "ami-04169656fea786776",
                            "arn": "arn:aws:ec2:us-east-1:405787916143:instance/i-08ba38c6157942e3d",
                            "associate_public_ip_address": "true",
                            "availability_zone": "us-east-1b",
                            "cpu_core_count": "2",
                            "cpu_threads_per_core": "1",
                            "credit_specification.#": "1",
                            "credit_specification.0.cpu_credits": "standard",
                            "disable_api_termination": "false",
                            "ebs_block_device.#": "0",
                            "ebs_optimized": "false",
                            "ephemeral_block_device.#": "0",
                            "get_password_data": "false",
                            "iam_instance_profile": "rancher-ec2-role",
                            "id": "i-08ba38c6157942e3d",
                            "instance_state": "running",
                            "instance_type": "t2.large",
                            "ipv6_addresses.#": "0",
                            "key_name": "wadeITTLPC",
                            "monitoring": "false",
                            "network_interface.#": "0",
                            "network_interface_id": "eni-0eff181fe1bbff37d",
                            "password_data": "",
                            "placement_group": "",
                            "primary_network_interface_id": "eni-0eff181fe1bbff37d",
                            "private_dns": "ip-10-42-1-208.ec2.internal",
                            "private_ip": "10.42.1.208",
                            "public_dns": "",
                            "public_ip": "54.152.94.74",
                            "root_block_device.#": "1",
                            "root_block_device.0.delete_on_termination": "true",
                            "root_block_device.0.iops": "100",
                            "root_block_device.0.volume_id": "vol-0c1e4bb32dbc76235",
                            "root_block_device.0.volume_size": "8",
                            "root_block_device.0.volume_type": "gp2",
                            "security_groups.#": "0",
                            "source_dest_check": "true",
                            "subnet_id": "subnet-c37766ee",
                            "tags.%": "3",
                            "tags.Name": "kubeadm-node-3",
                            "tags.Role": "node",
                            "tags.kubernetes.io/cluster/kubernetes": "kubernetes",
                            "tenancy": "default",
                            "volume_tags.%": "0",
                            "vpc_security_group_ids.#": "1",
                            "vpc_security_group_ids.195982843": "sg-00757742c7c9eef2a"
                        },
                        "meta": {
                            "e2bfb730-ecaa-11e6-8f88-34363bc7c4c0": {
                                "create": 600000000000,
                                "delete": 1200000000000,
                                "update": 600000000000
                            },
                            "schema_version": "1"
                        },
                        "tainted": false
                    },
                    "deposed": [],
                    "provider": "provider.aws"
                },
                "aws_instance.kubeadm_node.4": {
                    "type": "aws_instance",
                    "depends_on": [
                        "aws_security_group.kubeadm"
                    ],
                    "primary": {
                        "id": "i-08853a1dcb083493d",
                        "attributes": {
                            "ami": "ami-04169656fea786776",
                            "arn": "arn:aws:ec2:us-east-1:405787916143:instance/i-08853a1dcb083493d",
                            "associate_public_ip_address": "true",
                            "availability_zone": "us-east-1b",
                            "cpu_core_count": "2",
                            "cpu_threads_per_core": "1",
                            "credit_specification.#": "1",
                            "credit_specification.0.cpu_credits": "standard",
                            "disable_api_termination": "false",
                            "ebs_block_device.#": "0",
                            "ebs_optimized": "false",
                            "ephemeral_block_device.#": "0",
                            "get_password_data": "false",
                            "iam_instance_profile": "rancher-ec2-role",
                            "id": "i-08853a1dcb083493d",
                            "instance_state": "running",
                            "instance_type": "t2.large",
                            "ipv6_addresses.#": "0",
                            "key_name": "wadeITTLPC",
                            "monitoring": "false",
                            "network_interface.#": "0",
                            "network_interface_id": "eni-03a4b2ae44cc85fec",
                            "password_data": "",
                            "placement_group": "",
                            "primary_network_interface_id": "eni-03a4b2ae44cc85fec",
                            "private_dns": "ip-10-42-1-103.ec2.internal",
                            "private_ip": "10.42.1.103",
                            "public_dns": "",
                            "public_ip": "18.212.50.194",
                            "root_block_device.#": "1",
                            "root_block_device.0.delete_on_termination": "true",
                            "root_block_device.0.iops": "100",
                            "root_block_device.0.volume_id": "vol-07aef3a2c8dcc58ff",
                            "root_block_device.0.volume_size": "8",
                            "root_block_device.0.volume_type": "gp2",
                            "security_groups.#": "0",
                            "source_dest_check": "true",
                            "subnet_id": "subnet-c37766ee",
                            "tags.%": "3",
                            "tags.Name": "kubeadm-node-4",
                            "tags.Role": "node",
                            "tags.kubernetes.io/cluster/kubernetes": "kubernetes",
                            "tenancy": "default",
                            "volume_tags.%": "0",
                            "vpc_security_group_ids.#": "1",
                            "vpc_security_group_ids.195982843": "sg-00757742c7c9eef2a"
                        },
                        "meta": {
                            "e2bfb730-ecaa-11e6-8f88-34363bc7c4c0": {
                                "create": 600000000000,
                                "delete": 1200000000000,
                                "update": 600000000000
                            },
                            "schema_version": "1"
                        },
                        "tainted": false
                    },
                    "deposed": [],
                    "provider": "provider.aws"
                },
                "aws_instance.kubeadm_node.5": {
                    "type": "aws_instance",
                    "depends_on": [
                        "aws_security_group.kubeadm"
                    ],
                    "primary": {
                        "id": "i-051f5fa3692ea566b",
                        "attributes": {
                            "ami": "ami-04169656fea786776",
                            "arn": "arn:aws:ec2:us-east-1:405787916143:instance/i-051f5fa3692ea566b",
                            "associate_public_ip_address": "true",
                            "availability_zone": "us-east-1b",
                            "cpu_core_count": "2",
                            "cpu_threads_per_core": "1",
                            "credit_specification.#": "1",
                            "credit_specification.0.cpu_credits": "standard",
                            "disable_api_termination": "false",
                            "ebs_block_device.#": "0",
                            "ebs_optimized": "false",
                            "ephemeral_block_device.#": "0",
                            "get_password_data": "false",
                            "iam_instance_profile": "rancher-ec2-role",
                            "id": "i-051f5fa3692ea566b",
                            "instance_state": "running",
                            "instance_type": "t2.large",
                            "ipv6_addresses.#": "0",
                            "key_name": "wadeITTLPC",
                            "monitoring": "false",
                            "network_interface.#": "0",
                            "network_interface_id": "eni-0169a804592105543",
                            "password_data": "",
                            "placement_group": "",
                            "primary_network_interface_id": "eni-0169a804592105543",
                            "private_dns": "ip-10-42-1-232.ec2.internal",
                            "private_ip": "10.42.1.232",
                            "public_dns": "",
                            "public_ip": "18.205.119.36",
                            "root_block_device.#": "1",
                            "root_block_device.0.delete_on_termination": "true",
                            "root_block_device.0.iops": "100",
                            "root_block_device.0.volume_id": "vol-0c979982d62426095",
                            "root_block_device.0.volume_size": "8",
                            "root_block_device.0.volume_type": "gp2",
                            "security_groups.#": "0",
                            "source_dest_check": "true",
                            "subnet_id": "subnet-c37766ee",
                            "tags.%": "3",
                            "tags.Name": "kubeadm-node-5",
                            "tags.Role": "node",
                            "tags.kubernetes.io/cluster/kubernetes": "kubernetes",
                            "tenancy": "default",
                            "volume_tags.%": "0",
                            "vpc_security_group_ids.#": "1",
                            "vpc_security_group_ids.195982843": "sg-00757742c7c9eef2a"
                        },
                        "meta": {
                            "e2bfb730-ecaa-11e6-8f88-34363bc7c4c0": {
                                "create": 600000000000,
                                "delete": 1200000000000,
                                "update": 600000000000
                            },
                            "schema_version": "1"
                        },
                        "tainted": false
                    },
                    "deposed": [],
                    "provider": "provider.aws"
                },
                "aws_security_group.kubeadm": {
                    "type": "aws_security_group",
                    "depends_on": [],
                    "primary": {
                        "id": "sg-00757742c7c9eef2a",
                        "attributes": {
                            "arn": "arn:aws:ec2:us-east-1:405787916143:security-group/sg-00757742c7c9eef2a",
                            "description": "Allow all kubeadm traffic",
                            "egress.#": "1",
                            "egress.482069346.cidr_blocks.#": "1",
                            "egress.482069346.cidr_blocks.0": "0.0.0.0/0",
                            "egress.482069346.description": "",
                            "egress.482069346.from_port": "0",
                            "egress.482069346.ipv6_cidr_blocks.#": "0",
                            "egress.482069346.prefix_list_ids.#": "0",
                            "egress.482069346.protocol": "-1",
                            "egress.482069346.security_groups.#": "0",
                            "egress.482069346.self": "false",
                            "egress.482069346.to_port": "0",
                            "id": "sg-00757742c7c9eef2a",
                            "ingress.#": "2",
                            "ingress.2541437006.cidr_blocks.#": "1",
                            "ingress.2541437006.cidr_blocks.0": "0.0.0.0/0",
                            "ingress.2541437006.description": "",
                            "ingress.2541437006.from_port": "22",
                            "ingress.2541437006.ipv6_cidr_blocks.#": "0",
                            "ingress.2541437006.protocol": "tcp",
                            "ingress.2541437006.security_groups.#": "0",
                            "ingress.2541437006.self": "false",
                            "ingress.2541437006.to_port": "22",
                            "ingress.753360330.cidr_blocks.#": "0",
                            "ingress.753360330.description": "",
                            "ingress.753360330.from_port": "0",
                            "ingress.753360330.ipv6_cidr_blocks.#": "0",
                            "ingress.753360330.protocol": "-1",
                            "ingress.753360330.security_groups.#": "0",
                            "ingress.753360330.self": "true",
                            "ingress.753360330.to_port": "0",
                            "name": "kubeadm",
                            "owner_id": "405787916143",
                            "revoke_rules_on_delete": "false",
                            "tags.%": "1",
                            "tags.Name": "kubeadm_sg",
                            "vpc_id": "vpc-3ce2d45a"
                        },
                        "meta": {
                            "e2bfb730-ecaa-11e6-8f88-34363bc7c4c0": {
                                "create": 600000000000,
                                "delete": 600000000000
                            },
                            "schema_version": "1"
                        },
                        "tainted": false
                    },
                    "deposed": [],
                    "provider": "provider.aws"
                },
                "aws_security_group.kubeadm-elb": {
                    "type": "aws_security_group",
                    "depends_on": [],
                    "primary": {
                        "id": "sg-0df253e29ae277446",
                        "attributes": {
                            "arn": "arn:aws:ec2:us-east-1:405787916143:security-group/sg-0df253e29ae277446",
                            "description": "Allow all kubeadm traffic",
                            "egress.#": "1",
                            "egress.482069346.cidr_blocks.#": "1",
                            "egress.482069346.cidr_blocks.0": "0.0.0.0/0",
                            "egress.482069346.description": "",
                            "egress.482069346.from_port": "0",
                            "egress.482069346.ipv6_cidr_blocks.#": "0",
                            "egress.482069346.prefix_list_ids.#": "0",
                            "egress.482069346.protocol": "-1",
                            "egress.482069346.security_groups.#": "0",
                            "egress.482069346.self": "false",
                            "egress.482069346.to_port": "0",
                            "id": "sg-0df253e29ae277446",
                            "ingress.#": "2",
                            "ingress.1463360607.cidr_blocks.#": "1",
                            "ingress.1463360607.cidr_blocks.0": "0.0.0.0/0",
                            "ingress.1463360607.description": "",
                            "ingress.1463360607.from_port": "6443",
                            "ingress.1463360607.ipv6_cidr_blocks.#": "0",
                            "ingress.1463360607.protocol": "tcp",
                            "ingress.1463360607.security_groups.#": "0",
                            "ingress.1463360607.self": "false",
                            "ingress.1463360607.to_port": "6443",
                            "ingress.753360330.cidr_blocks.#": "0",
                            "ingress.753360330.description": "",
                            "ingress.753360330.from_port": "0",
                            "ingress.753360330.ipv6_cidr_blocks.#": "0",
                            "ingress.753360330.protocol": "-1",
                            "ingress.753360330.security_groups.#": "0",
                            "ingress.753360330.self": "true",
                            "ingress.753360330.to_port": "0",
                            "name": "kubeadm-elb",
                            "owner_id": "405787916143",
                            "revoke_rules_on_delete": "false",
                            "tags.%": "1",
                            "tags.Name": "kubeadm_sg-elb",
                            "vpc_id": "vpc-3ce2d45a"
                        },
                        "meta": {
                            "e2bfb730-ecaa-11e6-8f88-34363bc7c4c0": {
                                "create": 600000000000,
                                "delete": 600000000000
                            },
                            "schema_version": "1"
                        },
                        "tainted": false
                    },
                    "deposed": [],
                    "provider": "provider.aws"
                }
            },
            "depends_on": []
        }
    ]
}
