{
    "version": 3,
    "terraform_version": "0.11.7",
    "serial": 4,
    "lineage": "525037b9-3b11-febb-f4c5-d64bcb7dcf71",
    "modules": [
        {
            "path": [
                "root"
            ],
            "outputs": {
                "etcd": {
                    "sensitive": false,
                    "type": "list",
                    "value": [
                        "10.42.1.100",
                        "10.42.1.9",
                        "10.42.1.195"
                    ]
                },
                "ingress": {
                    "sensitive": false,
                    "type": "list",
                    "value": [
                        "10.42.1.69",
                        "10.42.1.231"
                    ]
                },
                "kubeadm-master-elb": {
                    "sensitive": false,
                    "type": "string",
                    "value": "internal-kubeadm-tf-elb-1605963861.us-east-1.elb.amazonaws.com"
                },
                "master_nodes_ips": {
                    "sensitive": false,
                    "type": "list",
                    "value": [
                        "10.42.1.7",
                        "10.42.1.210"
                    ]
                },
                "node": {
                    "sensitive": false,
                    "type": "list",
                    "value": [
                        "10.42.1.21",
                        "10.42.1.78",
                        "10.42.1.177",
                        "10.42.1.8",
                        "10.42.1.156",
                        "10.42.1.143"
                    ]
                }
            },
            "resources": {
                "aws_elb.kubeadm-elb": {
                    "type": "aws_elb",
                    "depends_on": [
                        "aws_instance.kubeadm_master.*",
                        "aws_security_group.kubeadm",
                        "aws_security_group.kubeadm-elb"
                    ],
                    "primary": {
                        "id": "kubeadm-tf-elb",
                        "attributes": {
                            "access_logs.#": "0",
                            "arn": "arn:aws:elasticloadbalancing:us-east-1:405787916143:loadbalancer/kubeadm-tf-elb",
                            "availability_zones.#": "1",
                            "availability_zones.1305112097": "us-east-1b",
                            "connection_draining": "true",
                            "connection_draining_timeout": "400",
                            "cross_zone_load_balancing": "true",
                            "dns_name": "internal-kubeadm-tf-elb-1605963861.us-east-1.elb.amazonaws.com",
                            "health_check.#": "1",
                            "health_check.0.healthy_threshold": "2",
                            "health_check.0.interval": "30",
                            "health_check.0.target": "TCP:6443",
                            "health_check.0.timeout": "3",
                            "health_check.0.unhealthy_threshold": "2",
                            "id": "kubeadm-tf-elb",
                            "idle_timeout": "400",
                            "instances.#": "2",
                            "instances.1572436108": "i-05334e3937c8cae60",
                            "instances.1706095759": "i-0c1d978181241151c",
                            "internal": "true",
                            "listener.#": "1",
                            "listener.3838681924.instance_port": "6443",
                            "listener.3838681924.instance_protocol": "tcp",
                            "listener.3838681924.lb_port": "6443",
                            "listener.3838681924.lb_protocol": "tcp",
                            "listener.3838681924.ssl_certificate_id": "",
                            "name": "kubeadm-tf-elb",
                            "security_groups.#": "2",
                            "security_groups.1558130174": "sg-0c7db2794628e9cee",
                            "security_groups.932505631": "sg-0d88d684a1bfdc61e",
                            "source_security_group": "405787916143/kubeadm-elb",
                            "source_security_group_id": "sg-0d88d684a1bfdc61e",
                            "subnets.#": "1",
                            "subnets.2970139403": "subnet-c37766ee",
                            "tags.%": "1",
                            "tags.Name": "kubeadm-tf-elb",
                            "zone_id": "Z35SXDOTRQ7X7K"
                        },
                        "meta": {},
                        "tainted": false
                    },
                    "deposed": [],
                    "provider": "provider.aws"
                },
                "aws_instance.kubeadm_etcd.0": {
                    "type": "aws_instance",
                    "depends_on": [
                        "aws_security_group.kubeadm"
                    ],
                    "primary": {
                        "id": "i-06e4e4bbefb775853",
                        "attributes": {
                            "ami": "ami-04169656fea786776",
                            "arn": "arn:aws:ec2:us-east-1:405787916143:instance/i-06e4e4bbefb775853",
                            "associate_public_ip_address": "true",
                            "availability_zone": "us-east-1b",
                            "cpu_core_count": "2",
                            "cpu_threads_per_core": "1",
                            "credit_specification.#": "1",
                            "credit_specification.0.cpu_credits": "standard",
                            "disable_api_termination": "false",
                            "ebs_block_device.#": "0",
                            "ebs_optimized": "false",
                            "ephemeral_block_device.#": "0",
                            "get_password_data": "false",
                            "iam_instance_profile": "rancher-ec2-role",
                            "id": "i-06e4e4bbefb775853",
                            "instance_state": "running",
                            "instance_type": "t2.large",
                            "ipv6_addresses.#": "0",
                            "key_name": "wadeITTLPC",
                            "monitoring": "false",
                            "network_interface.#": "0",
                            "network_interface_id": "eni-006807120569812b0",
                            "password_data": "",
                            "placement_group": "",
                            "primary_network_interface_id": "eni-006807120569812b0",
                            "private_dns": "ip-10-42-1-100.ec2.internal",
                            "private_ip": "10.42.1.100",
                            "public_dns": "",
                            "public_ip": "52.23.229.23",
                            "root_block_device.#": "1",
                            "root_block_device.0.delete_on_termination": "true",
                            "root_block_device.0.iops": "100",
                            "root_block_device.0.volume_id": "vol-03d9419630181ff06",
                            "root_block_device.0.volume_size": "8",
                            "root_block_device.0.volume_type": "gp2",
                            "security_groups.#": "0",
                            "source_dest_check": "true",
                            "subnet_id": "subnet-c37766ee",
                            "tags.%": "3",
                            "tags.Name": "kubeadm-etcd-0",
                            "tags.Role": "etcd",
                            "tags.kubernetes.io/cluster/kubernetes": "kubernetes",
                            "tenancy": "default",
                            "volume_tags.%": "0",
                            "vpc_security_group_ids.#": "1",
                            "vpc_security_group_ids.1558130174": "sg-0c7db2794628e9cee"
                        },
                        "meta": {
                            "e2bfb730-ecaa-11e6-8f88-34363bc7c4c0": {
                                "create": 600000000000,
                                "delete": 1200000000000,
                                "update": 600000000000
                            },
                            "schema_version": "1"
                        },
                        "tainted": false
                    },
                    "deposed": [],
                    "provider": "provider.aws"
                },
                "aws_instance.kubeadm_etcd.1": {
                    "type": "aws_instance",
                    "depends_on": [
                        "aws_security_group.kubeadm"
                    ],
                    "primary": {
                        "id": "i-0054b04694aaea974",
                        "attributes": {
                            "ami": "ami-04169656fea786776",
                            "arn": "arn:aws:ec2:us-east-1:405787916143:instance/i-0054b04694aaea974",
                            "associate_public_ip_address": "true",
                            "availability_zone": "us-east-1b",
                            "cpu_core_count": "2",
                            "cpu_threads_per_core": "1",
                            "credit_specification.#": "1",
                            "credit_specification.0.cpu_credits": "standard",
                            "disable_api_termination": "false",
                            "ebs_block_device.#": "0",
                            "ebs_optimized": "false",
                            "ephemeral_block_device.#": "0",
                            "get_password_data": "false",
                            "iam_instance_profile": "rancher-ec2-role",
                            "id": "i-0054b04694aaea974",
                            "instance_state": "running",
                            "instance_type": "t2.large",
                            "ipv6_addresses.#": "0",
                            "key_name": "wadeITTLPC",
                            "monitoring": "false",
                            "network_interface.#": "0",
                            "network_interface_id": "eni-058c8a96e415dab01",
                            "password_data": "",
                            "placement_group": "",
                            "primary_network_interface_id": "eni-058c8a96e415dab01",
                            "private_dns": "ip-10-42-1-9.ec2.internal",
                            "private_ip": "10.42.1.9",
                            "public_dns": "",
                            "public_ip": "34.201.242.202",
                            "root_block_device.#": "1",
                            "root_block_device.0.delete_on_termination": "true",
                            "root_block_device.0.iops": "100",
                            "root_block_device.0.volume_id": "vol-0eff0d43741125fa6",
                            "root_block_device.0.volume_size": "8",
                            "root_block_device.0.volume_type": "gp2",
                            "security_groups.#": "0",
                            "source_dest_check": "true",
                            "subnet_id": "subnet-c37766ee",
                            "tags.%": "5",
                            "tags.Name": "kubeadm-etcd-1",
                            "tags.Owner": "lwholler@awsgov",
                            "tags.PrincipalId": "AIDAIT6N2WKBQZC3ZSF4A",
                            "tags.Role": "etcd",
                            "tags.kubernetes.io/cluster/kubernetes": "kubernetes",
                            "tenancy": "default",
                            "volume_tags.%": "2",
                            "volume_tags.Owner": "lwholler@awsgov",
                            "volume_tags.PrincipalId": "AIDAIT6N2WKBQZC3ZSF4A",
                            "vpc_security_group_ids.#": "1",
                            "vpc_security_group_ids.1558130174": "sg-0c7db2794628e9cee"
                        },
                        "meta": {
                            "e2bfb730-ecaa-11e6-8f88-34363bc7c4c0": {
                                "create": 600000000000,
                                "delete": 1200000000000,
                                "update": 600000000000
                            },
                            "schema_version": "1"
                        },
                        "tainted": false
                    },
                    "deposed": [],
                    "provider": "provider.aws"
                },
                "aws_instance.kubeadm_etcd.2": {
                    "type": "aws_instance",
                    "depends_on": [
                        "aws_security_group.kubeadm"
                    ],
                    "primary": {
                        "id": "i-00dd405a1a8d93955",
                        "attributes": {
                            "ami": "ami-04169656fea786776",
                            "arn": "arn:aws:ec2:us-east-1:405787916143:instance/i-00dd405a1a8d93955",
                            "associate_public_ip_address": "true",
                            "availability_zone": "us-east-1b",
                            "cpu_core_count": "2",
                            "cpu_threads_per_core": "1",
                            "credit_specification.#": "1",
                            "credit_specification.0.cpu_credits": "standard",
                            "disable_api_termination": "false",
                            "ebs_block_device.#": "0",
                            "ebs_optimized": "false",
                            "ephemeral_block_device.#": "0",
                            "get_password_data": "false",
                            "iam_instance_profile": "rancher-ec2-role",
                            "id": "i-00dd405a1a8d93955",
                            "instance_state": "running",
                            "instance_type": "t2.large",
                            "ipv6_addresses.#": "0",
                            "key_name": "wadeITTLPC",
                            "monitoring": "false",
                            "network_interface.#": "0",
                            "network_interface_id": "eni-0abb5eb878f637c5e",
                            "password_data": "",
                            "placement_group": "",
                            "primary_network_interface_id": "eni-0abb5eb878f637c5e",
                            "private_dns": "ip-10-42-1-195.ec2.internal",
                            "private_ip": "10.42.1.195",
                            "public_dns": "",
                            "public_ip": "34.205.25.37",
                            "root_block_device.#": "1",
                            "root_block_device.0.delete_on_termination": "true",
                            "root_block_device.0.iops": "100",
                            "root_block_device.0.volume_id": "vol-032c80f480c6e55fb",
                            "root_block_device.0.volume_size": "8",
                            "root_block_device.0.volume_type": "gp2",
                            "security_groups.#": "0",
                            "source_dest_check": "true",
                            "subnet_id": "subnet-c37766ee",
                            "tags.%": "3",
                            "tags.Name": "kubeadm-etcd-2",
                            "tags.Role": "etcd",
                            "tags.kubernetes.io/cluster/kubernetes": "kubernetes",
                            "tenancy": "default",
                            "volume_tags.%": "0",
                            "vpc_security_group_ids.#": "1",
                            "vpc_security_group_ids.1558130174": "sg-0c7db2794628e9cee"
                        },
                        "meta": {
                            "e2bfb730-ecaa-11e6-8f88-34363bc7c4c0": {
                                "create": 600000000000,
                                "delete": 1200000000000,
                                "update": 600000000000
                            },
                            "schema_version": "1"
                        },
                        "tainted": false
                    },
                    "deposed": [],
                    "provider": "provider.aws"
                },
                "aws_instance.kubeadm_ingress.0": {
                    "type": "aws_instance",
                    "depends_on": [
                        "aws_security_group.kubeadm"
                    ],
                    "primary": {
                        "id": "i-021b59b40c3e476c2",
                        "attributes": {
                            "ami": "ami-04169656fea786776",
                            "arn": "arn:aws:ec2:us-east-1:405787916143:instance/i-021b59b40c3e476c2",
                            "associate_public_ip_address": "true",
                            "availability_zone": "us-east-1b",
                            "cpu_core_count": "2",
                            "cpu_threads_per_core": "1",
                            "credit_specification.#": "1",
                            "credit_specification.0.cpu_credits": "standard",
                            "disable_api_termination": "false",
                            "ebs_block_device.#": "0",
                            "ebs_optimized": "false",
                            "ephemeral_block_device.#": "0",
                            "get_password_data": "false",
                            "iam_instance_profile": "rancher-ec2-role",
                            "id": "i-021b59b40c3e476c2",
                            "instance_state": "running",
                            "instance_type": "t2.large",
                            "ipv6_addresses.#": "0",
                            "key_name": "wadeITTLPC",
                            "monitoring": "false",
                            "network_interface.#": "0",
                            "network_interface_id": "eni-0e9c068daeba41dbc",
                            "password_data": "",
                            "placement_group": "",
                            "primary_network_interface_id": "eni-0e9c068daeba41dbc",
                            "private_dns": "ip-10-42-1-69.ec2.internal",
                            "private_ip": "10.42.1.69",
                            "public_dns": "",
                            "public_ip": "18.206.205.230",
                            "root_block_device.#": "1",
                            "root_block_device.0.delete_on_termination": "true",
                            "root_block_device.0.iops": "100",
                            "root_block_device.0.volume_id": "vol-0cf3fb68e752ccaa0",
                            "root_block_device.0.volume_size": "8",
                            "root_block_device.0.volume_type": "gp2",
                            "security_groups.#": "0",
                            "source_dest_check": "true",
                            "subnet_id": "subnet-c37766ee",
                            "tags.%": "3",
                            "tags.Name": "kubeadm-ingress-0",
                            "tags.Role": "ingress",
                            "tags.kubernetes.io/cluster/kubernetes": "kubernetes",
                            "tenancy": "default",
                            "volume_tags.%": "0",
                            "vpc_security_group_ids.#": "1",
                            "vpc_security_group_ids.1558130174": "sg-0c7db2794628e9cee"
                        },
                        "meta": {
                            "e2bfb730-ecaa-11e6-8f88-34363bc7c4c0": {
                                "create": 600000000000,
                                "delete": 1200000000000,
                                "update": 600000000000
                            },
                            "schema_version": "1"
                        },
                        "tainted": false
                    },
                    "deposed": [],
                    "provider": "provider.aws"
                },
                "aws_instance.kubeadm_ingress.1": {
                    "type": "aws_instance",
                    "depends_on": [
                        "aws_security_group.kubeadm"
                    ],
                    "primary": {
                        "id": "i-04ac716ccbed63b8e",
                        "attributes": {
                            "ami": "ami-04169656fea786776",
                            "arn": "arn:aws:ec2:us-east-1:405787916143:instance/i-04ac716ccbed63b8e",
                            "associate_public_ip_address": "true",
                            "availability_zone": "us-east-1b",
                            "cpu_core_count": "2",
                            "cpu_threads_per_core": "1",
                            "credit_specification.#": "1",
                            "credit_specification.0.cpu_credits": "standard",
                            "disable_api_termination": "false",
                            "ebs_block_device.#": "0",
                            "ebs_optimized": "false",
                            "ephemeral_block_device.#": "0",
                            "get_password_data": "false",
                            "iam_instance_profile": "rancher-ec2-role",
                            "id": "i-04ac716ccbed63b8e",
                            "instance_state": "running",
                            "instance_type": "t2.large",
                            "ipv6_addresses.#": "0",
                            "key_name": "wadeITTLPC",
                            "monitoring": "false",
                            "network_interface.#": "0",
                            "network_interface_id": "eni-06627e6f0363ece33",
                            "password_data": "",
                            "placement_group": "",
                            "primary_network_interface_id": "eni-06627e6f0363ece33",
                            "private_dns": "ip-10-42-1-231.ec2.internal",
                            "private_ip": "10.42.1.231",
                            "public_dns": "",
                            "public_ip": "52.90.58.157",
                            "root_block_device.#": "1",
                            "root_block_device.0.delete_on_termination": "true",
                            "root_block_device.0.iops": "100",
                            "root_block_device.0.volume_id": "vol-0335fd9aef2854ac4",
                            "root_block_device.0.volume_size": "8",
                            "root_block_device.0.volume_type": "gp2",
                            "security_groups.#": "0",
                            "source_dest_check": "true",
                            "subnet_id": "subnet-c37766ee",
                            "tags.%": "5",
                            "tags.Name": "kubeadm-ingress-1",
                            "tags.Owner": "lwholler@awsgov",
                            "tags.PrincipalId": "AIDAIT6N2WKBQZC3ZSF4A",
                            "tags.Role": "ingress",
                            "tags.kubernetes.io/cluster/kubernetes": "kubernetes",
                            "tenancy": "default",
                            "volume_tags.%": "2",
                            "volume_tags.Owner": "lwholler@awsgov",
                            "volume_tags.PrincipalId": "AIDAIT6N2WKBQZC3ZSF4A",
                            "vpc_security_group_ids.#": "1",
                            "vpc_security_group_ids.1558130174": "sg-0c7db2794628e9cee"
                        },
                        "meta": {
                            "e2bfb730-ecaa-11e6-8f88-34363bc7c4c0": {
                                "create": 600000000000,
                                "delete": 1200000000000,
                                "update": 600000000000
                            },
                            "schema_version": "1"
                        },
                        "tainted": false
                    },
                    "deposed": [],
                    "provider": "provider.aws"
                },
                "aws_instance.kubeadm_master.0": {
                    "type": "aws_instance",
                    "depends_on": [
                        "aws_security_group.kubeadm"
                    ],
                    "primary": {
                        "id": "i-0c1d978181241151c",
                        "attributes": {
                            "ami": "ami-04169656fea786776",
                            "arn": "arn:aws:ec2:us-east-1:405787916143:instance/i-0c1d978181241151c",
                            "associate_public_ip_address": "true",
                            "availability_zone": "us-east-1b",
                            "cpu_core_count": "2",
                            "cpu_threads_per_core": "1",
                            "credit_specification.#": "1",
                            "credit_specification.0.cpu_credits": "standard",
                            "disable_api_termination": "false",
                            "ebs_block_device.#": "0",
                            "ebs_optimized": "false",
                            "ephemeral_block_device.#": "0",
                            "get_password_data": "false",
                            "iam_instance_profile": "rancher-ec2-role",
                            "id": "i-0c1d978181241151c",
                            "instance_state": "running",
                            "instance_type": "t2.large",
                            "ipv6_addresses.#": "0",
                            "key_name": "wadeITTLPC",
                            "monitoring": "false",
                            "network_interface.#": "0",
                            "network_interface_id": "eni-023a5eca2c5df3957",
                            "password_data": "",
                            "placement_group": "",
                            "primary_network_interface_id": "eni-023a5eca2c5df3957",
                            "private_dns": "ip-10-42-1-7.ec2.internal",
                            "private_ip": "10.42.1.7",
                            "public_dns": "",
                            "public_ip": "52.91.251.144",
                            "root_block_device.#": "1",
                            "root_block_device.0.delete_on_termination": "true",
                            "root_block_device.0.iops": "100",
                            "root_block_device.0.volume_id": "vol-05833da47a8931013",
                            "root_block_device.0.volume_size": "8",
                            "root_block_device.0.volume_type": "gp2",
                            "security_groups.#": "0",
                            "source_dest_check": "true",
                            "subnet_id": "subnet-c37766ee",
                            "tags.%": "3",
                            "tags.Name": "kubeadm-master-0",
                            "tags.Role": "master",
                            "tags.kubernetes.io/cluster/kubernetes": "kubernetes",
                            "tenancy": "default",
                            "volume_tags.%": "0",
                            "vpc_security_group_ids.#": "1",
                            "vpc_security_group_ids.1558130174": "sg-0c7db2794628e9cee"
                        },
                        "meta": {
                            "e2bfb730-ecaa-11e6-8f88-34363bc7c4c0": {
                                "create": 600000000000,
                                "delete": 1200000000000,
                                "update": 600000000000
                            },
                            "schema_version": "1"
                        },
                        "tainted": false
                    },
                    "deposed": [],
                    "provider": "provider.aws"
                },
                "aws_instance.kubeadm_master.1": {
                    "type": "aws_instance",
                    "depends_on": [
                        "aws_security_group.kubeadm"
                    ],
                    "primary": {
                        "id": "i-05334e3937c8cae60",
                        "attributes": {
                            "ami": "ami-04169656fea786776",
                            "arn": "arn:aws:ec2:us-east-1:405787916143:instance/i-05334e3937c8cae60",
                            "associate_public_ip_address": "true",
                            "availability_zone": "us-east-1b",
                            "cpu_core_count": "2",
                            "cpu_threads_per_core": "1",
                            "credit_specification.#": "1",
                            "credit_specification.0.cpu_credits": "standard",
                            "disable_api_termination": "false",
                            "ebs_block_device.#": "0",
                            "ebs_optimized": "false",
                            "ephemeral_block_device.#": "0",
                            "get_password_data": "false",
                            "iam_instance_profile": "rancher-ec2-role",
                            "id": "i-05334e3937c8cae60",
                            "instance_state": "running",
                            "instance_type": "t2.large",
                            "ipv6_addresses.#": "0",
                            "key_name": "wadeITTLPC",
                            "monitoring": "false",
                            "network_interface.#": "0",
                            "network_interface_id": "eni-00bb5f91bc318583d",
                            "password_data": "",
                            "placement_group": "",
                            "primary_network_interface_id": "eni-00bb5f91bc318583d",
                            "private_dns": "ip-10-42-1-210.ec2.internal",
                            "private_ip": "10.42.1.210",
                            "public_dns": "",
                            "public_ip": "54.163.144.36",
                            "root_block_device.#": "1",
                            "root_block_device.0.delete_on_termination": "true",
                            "root_block_device.0.iops": "100",
                            "root_block_device.0.volume_id": "vol-0c34c72196006db5c",
                            "root_block_device.0.volume_size": "8",
                            "root_block_device.0.volume_type": "gp2",
                            "security_groups.#": "0",
                            "source_dest_check": "true",
                            "subnet_id": "subnet-c37766ee",
                            "tags.%": "3",
                            "tags.Name": "kubeadm-master-1",
                            "tags.Role": "master",
                            "tags.kubernetes.io/cluster/kubernetes": "kubernetes",
                            "tenancy": "default",
                            "volume_tags.%": "0",
                            "vpc_security_group_ids.#": "1",
                            "vpc_security_group_ids.1558130174": "sg-0c7db2794628e9cee"
                        },
                        "meta": {
                            "e2bfb730-ecaa-11e6-8f88-34363bc7c4c0": {
                                "create": 600000000000,
                                "delete": 1200000000000,
                                "update": 600000000000
                            },
                            "schema_version": "1"
                        },
                        "tainted": false
                    },
                    "deposed": [],
                    "provider": "provider.aws"
                },
                "aws_instance.kubeadm_node.0": {
                    "type": "aws_instance",
                    "depends_on": [
                        "aws_security_group.kubeadm"
                    ],
                    "primary": {
                        "id": "i-033e9cf4ac96f273b",
                        "attributes": {
                            "ami": "ami-04169656fea786776",
                            "arn": "arn:aws:ec2:us-east-1:405787916143:instance/i-033e9cf4ac96f273b",
                            "associate_public_ip_address": "true",
                            "availability_zone": "us-east-1b",
                            "cpu_core_count": "2",
                            "cpu_threads_per_core": "1",
                            "credit_specification.#": "1",
                            "credit_specification.0.cpu_credits": "standard",
                            "disable_api_termination": "false",
                            "ebs_block_device.#": "0",
                            "ebs_optimized": "false",
                            "ephemeral_block_device.#": "0",
                            "get_password_data": "false",
                            "iam_instance_profile": "rancher-ec2-role",
                            "id": "i-033e9cf4ac96f273b",
                            "instance_state": "running",
                            "instance_type": "t2.large",
                            "ipv6_addresses.#": "0",
                            "key_name": "wadeITTLPC",
                            "monitoring": "false",
                            "network_interface.#": "0",
                            "network_interface_id": "eni-0dd5d7042a4b349b4",
                            "password_data": "",
                            "placement_group": "",
                            "primary_network_interface_id": "eni-0dd5d7042a4b349b4",
                            "private_dns": "ip-10-42-1-21.ec2.internal",
                            "private_ip": "10.42.1.21",
                            "public_dns": "",
                            "public_ip": "54.172.22.86",
                            "root_block_device.#": "1",
                            "root_block_device.0.delete_on_termination": "true",
                            "root_block_device.0.iops": "100",
                            "root_block_device.0.volume_id": "vol-04f7f0e30f66fc54f",
                            "root_block_device.0.volume_size": "8",
                            "root_block_device.0.volume_type": "gp2",
                            "security_groups.#": "0",
                            "source_dest_check": "true",
                            "subnet_id": "subnet-c37766ee",
                            "tags.%": "3",
                            "tags.Name": "kubeadm-node-0",
                            "tags.Role": "node",
                            "tags.kubernetes.io/cluster/kubernetes": "kubernetes",
                            "tenancy": "default",
                            "volume_tags.%": "0",
                            "vpc_security_group_ids.#": "1",
                            "vpc_security_group_ids.1558130174": "sg-0c7db2794628e9cee"
                        },
                        "meta": {
                            "e2bfb730-ecaa-11e6-8f88-34363bc7c4c0": {
                                "create": 600000000000,
                                "delete": 1200000000000,
                                "update": 600000000000
                            },
                            "schema_version": "1"
                        },
                        "tainted": false
                    },
                    "deposed": [],
                    "provider": "provider.aws"
                },
                "aws_instance.kubeadm_node.1": {
                    "type": "aws_instance",
                    "depends_on": [
                        "aws_security_group.kubeadm"
                    ],
                    "primary": {
                        "id": "i-09cfd6818e4188cca",
                        "attributes": {
                            "ami": "ami-04169656fea786776",
                            "arn": "arn:aws:ec2:us-east-1:405787916143:instance/i-09cfd6818e4188cca",
                            "associate_public_ip_address": "true",
                            "availability_zone": "us-east-1b",
                            "cpu_core_count": "2",
                            "cpu_threads_per_core": "1",
                            "credit_specification.#": "1",
                            "credit_specification.0.cpu_credits": "standard",
                            "disable_api_termination": "false",
                            "ebs_block_device.#": "0",
                            "ebs_optimized": "false",
                            "ephemeral_block_device.#": "0",
                            "get_password_data": "false",
                            "iam_instance_profile": "rancher-ec2-role",
                            "id": "i-09cfd6818e4188cca",
                            "instance_state": "running",
                            "instance_type": "t2.large",
                            "ipv6_addresses.#": "0",
                            "key_name": "wadeITTLPC",
                            "monitoring": "false",
                            "network_interface.#": "0",
                            "network_interface_id": "eni-08774125a2b08a7c9",
                            "password_data": "",
                            "placement_group": "",
                            "primary_network_interface_id": "eni-08774125a2b08a7c9",
                            "private_dns": "ip-10-42-1-78.ec2.internal",
                            "private_ip": "10.42.1.78",
                            "public_dns": "",
                            "public_ip": "54.162.10.154",
                            "root_block_device.#": "1",
                            "root_block_device.0.delete_on_termination": "true",
                            "root_block_device.0.iops": "100",
                            "root_block_device.0.volume_id": "vol-098b5e42328074a60",
                            "root_block_device.0.volume_size": "8",
                            "root_block_device.0.volume_type": "gp2",
                            "security_groups.#": "0",
                            "source_dest_check": "true",
                            "subnet_id": "subnet-c37766ee",
                            "tags.%": "5",
                            "tags.Name": "kubeadm-node-1",
                            "tags.Owner": "lwholler@awsgov",
                            "tags.PrincipalId": "AIDAIT6N2WKBQZC3ZSF4A",
                            "tags.Role": "node",
                            "tags.kubernetes.io/cluster/kubernetes": "kubernetes",
                            "tenancy": "default",
                            "volume_tags.%": "2",
                            "volume_tags.Owner": "lwholler@awsgov",
                            "volume_tags.PrincipalId": "AIDAIT6N2WKBQZC3ZSF4A",
                            "vpc_security_group_ids.#": "1",
                            "vpc_security_group_ids.1558130174": "sg-0c7db2794628e9cee"
                        },
                        "meta": {
                            "e2bfb730-ecaa-11e6-8f88-34363bc7c4c0": {
                                "create": 600000000000,
                                "delete": 1200000000000,
                                "update": 600000000000
                            },
                            "schema_version": "1"
                        },
                        "tainted": false
                    },
                    "deposed": [],
                    "provider": "provider.aws"
                },
                "aws_instance.kubeadm_node.2": {
                    "type": "aws_instance",
                    "depends_on": [
                        "aws_security_group.kubeadm"
                    ],
                    "primary": {
                        "id": "i-099d55c02f7d3076a",
                        "attributes": {
                            "ami": "ami-04169656fea786776",
                            "arn": "arn:aws:ec2:us-east-1:405787916143:instance/i-099d55c02f7d3076a",
                            "associate_public_ip_address": "true",
                            "availability_zone": "us-east-1b",
                            "cpu_core_count": "2",
                            "cpu_threads_per_core": "1",
                            "credit_specification.#": "1",
                            "credit_specification.0.cpu_credits": "standard",
                            "disable_api_termination": "false",
                            "ebs_block_device.#": "0",
                            "ebs_optimized": "false",
                            "ephemeral_block_device.#": "0",
                            "get_password_data": "false",
                            "iam_instance_profile": "rancher-ec2-role",
                            "id": "i-099d55c02f7d3076a",
                            "instance_state": "running",
                            "instance_type": "t2.large",
                            "ipv6_addresses.#": "0",
                            "key_name": "wadeITTLPC",
                            "monitoring": "false",
                            "network_interface.#": "0",
                            "network_interface_id": "eni-098c59b5486e90402",
                            "password_data": "",
                            "placement_group": "",
                            "primary_network_interface_id": "eni-098c59b5486e90402",
                            "private_dns": "ip-10-42-1-177.ec2.internal",
                            "private_ip": "10.42.1.177",
                            "public_dns": "",
                            "public_ip": "54.146.218.29",
                            "root_block_device.#": "1",
                            "root_block_device.0.delete_on_termination": "true",
                            "root_block_device.0.iops": "100",
                            "root_block_device.0.volume_id": "vol-0a944cdf75f43fd1d",
                            "root_block_device.0.volume_size": "8",
                            "root_block_device.0.volume_type": "gp2",
                            "security_groups.#": "0",
                            "source_dest_check": "true",
                            "subnet_id": "subnet-c37766ee",
                            "tags.%": "3",
                            "tags.Name": "kubeadm-node-2",
                            "tags.Role": "node",
                            "tags.kubernetes.io/cluster/kubernetes": "kubernetes",
                            "tenancy": "default",
                            "volume_tags.%": "0",
                            "vpc_security_group_ids.#": "1",
                            "vpc_security_group_ids.1558130174": "sg-0c7db2794628e9cee"
                        },
                        "meta": {
                            "e2bfb730-ecaa-11e6-8f88-34363bc7c4c0": {
                                "create": 600000000000,
                                "delete": 1200000000000,
                                "update": 600000000000
                            },
                            "schema_version": "1"
                        },
                        "tainted": false
                    },
                    "deposed": [],
                    "provider": "provider.aws"
                },
                "aws_instance.kubeadm_node.3": {
                    "type": "aws_instance",
                    "depends_on": [
                        "aws_security_group.kubeadm"
                    ],
                    "primary": {
                        "id": "i-065c1cada3340b578",
                        "attributes": {
                            "ami": "ami-04169656fea786776",
                            "arn": "arn:aws:ec2:us-east-1:405787916143:instance/i-065c1cada3340b578",
                            "associate_public_ip_address": "true",
                            "availability_zone": "us-east-1b",
                            "cpu_core_count": "2",
                            "cpu_threads_per_core": "1",
                            "credit_specification.#": "1",
                            "credit_specification.0.cpu_credits": "standard",
                            "disable_api_termination": "false",
                            "ebs_block_device.#": "0",
                            "ebs_optimized": "false",
                            "ephemeral_block_device.#": "0",
                            "get_password_data": "false",
                            "iam_instance_profile": "rancher-ec2-role",
                            "id": "i-065c1cada3340b578",
                            "instance_state": "running",
                            "instance_type": "t2.large",
                            "ipv6_addresses.#": "0",
                            "key_name": "wadeITTLPC",
                            "monitoring": "false",
                            "network_interface.#": "0",
                            "network_interface_id": "eni-0eafd66c7439301d7",
                            "password_data": "",
                            "placement_group": "",
                            "primary_network_interface_id": "eni-0eafd66c7439301d7",
                            "private_dns": "ip-10-42-1-8.ec2.internal",
                            "private_ip": "10.42.1.8",
                            "public_dns": "",
                            "public_ip": "34.207.123.109",
                            "root_block_device.#": "1",
                            "root_block_device.0.delete_on_termination": "true",
                            "root_block_device.0.iops": "100",
                            "root_block_device.0.volume_id": "vol-07447322452b3a610",
                            "root_block_device.0.volume_size": "8",
                            "root_block_device.0.volume_type": "gp2",
                            "security_groups.#": "0",
                            "source_dest_check": "true",
                            "subnet_id": "subnet-c37766ee",
                            "tags.%": "3",
                            "tags.Name": "kubeadm-node-3",
                            "tags.Role": "node",
                            "tags.kubernetes.io/cluster/kubernetes": "kubernetes",
                            "tenancy": "default",
                            "volume_tags.%": "0",
                            "vpc_security_group_ids.#": "1",
                            "vpc_security_group_ids.1558130174": "sg-0c7db2794628e9cee"
                        },
                        "meta": {
                            "e2bfb730-ecaa-11e6-8f88-34363bc7c4c0": {
                                "create": 600000000000,
                                "delete": 1200000000000,
                                "update": 600000000000
                            },
                            "schema_version": "1"
                        },
                        "tainted": false
                    },
                    "deposed": [],
                    "provider": "provider.aws"
                },
                "aws_instance.kubeadm_node.4": {
                    "type": "aws_instance",
                    "depends_on": [
                        "aws_security_group.kubeadm"
                    ],
                    "primary": {
                        "id": "i-0b8348c682a979a08",
                        "attributes": {
                            "ami": "ami-04169656fea786776",
                            "arn": "arn:aws:ec2:us-east-1:405787916143:instance/i-0b8348c682a979a08",
                            "associate_public_ip_address": "true",
                            "availability_zone": "us-east-1b",
                            "cpu_core_count": "2",
                            "cpu_threads_per_core": "1",
                            "credit_specification.#": "1",
                            "credit_specification.0.cpu_credits": "standard",
                            "disable_api_termination": "false",
                            "ebs_block_device.#": "0",
                            "ebs_optimized": "false",
                            "ephemeral_block_device.#": "0",
                            "get_password_data": "false",
                            "iam_instance_profile": "rancher-ec2-role",
                            "id": "i-0b8348c682a979a08",
                            "instance_state": "running",
                            "instance_type": "t2.large",
                            "ipv6_addresses.#": "0",
                            "key_name": "wadeITTLPC",
                            "monitoring": "false",
                            "network_interface.#": "0",
                            "network_interface_id": "eni-0b31974437544dbfb",
                            "password_data": "",
                            "placement_group": "",
                            "primary_network_interface_id": "eni-0b31974437544dbfb",
                            "private_dns": "ip-10-42-1-156.ec2.internal",
                            "private_ip": "10.42.1.156",
                            "public_dns": "",
                            "public_ip": "18.233.169.96",
                            "root_block_device.#": "1",
                            "root_block_device.0.delete_on_termination": "true",
                            "root_block_device.0.iops": "100",
                            "root_block_device.0.volume_id": "vol-0084dcf599ef6e1d5",
                            "root_block_device.0.volume_size": "8",
                            "root_block_device.0.volume_type": "gp2",
                            "security_groups.#": "0",
                            "source_dest_check": "true",
                            "subnet_id": "subnet-c37766ee",
                            "tags.%": "3",
                            "tags.Name": "kubeadm-node-4",
                            "tags.Role": "node",
                            "tags.kubernetes.io/cluster/kubernetes": "kubernetes",
                            "tenancy": "default",
                            "volume_tags.%": "0",
                            "vpc_security_group_ids.#": "1",
                            "vpc_security_group_ids.1558130174": "sg-0c7db2794628e9cee"
                        },
                        "meta": {
                            "e2bfb730-ecaa-11e6-8f88-34363bc7c4c0": {
                                "create": 600000000000,
                                "delete": 1200000000000,
                                "update": 600000000000
                            },
                            "schema_version": "1"
                        },
                        "tainted": false
                    },
                    "deposed": [],
                    "provider": "provider.aws"
                },
                "aws_instance.kubeadm_node.5": {
                    "type": "aws_instance",
                    "depends_on": [
                        "aws_security_group.kubeadm"
                    ],
                    "primary": {
                        "id": "i-0555591f1c22f541a",
                        "attributes": {
                            "ami": "ami-04169656fea786776",
                            "arn": "arn:aws:ec2:us-east-1:405787916143:instance/i-0555591f1c22f541a",
                            "associate_public_ip_address": "true",
                            "availability_zone": "us-east-1b",
                            "cpu_core_count": "2",
                            "cpu_threads_per_core": "1",
                            "credit_specification.#": "1",
                            "credit_specification.0.cpu_credits": "standard",
                            "disable_api_termination": "false",
                            "ebs_block_device.#": "0",
                            "ebs_optimized": "false",
                            "ephemeral_block_device.#": "0",
                            "get_password_data": "false",
                            "iam_instance_profile": "rancher-ec2-role",
                            "id": "i-0555591f1c22f541a",
                            "instance_state": "running",
                            "instance_type": "t2.large",
                            "ipv6_addresses.#": "0",
                            "key_name": "wadeITTLPC",
                            "monitoring": "false",
                            "network_interface.#": "0",
                            "network_interface_id": "eni-03a4d4aa1c61dc9be",
                            "password_data": "",
                            "placement_group": "",
                            "primary_network_interface_id": "eni-03a4d4aa1c61dc9be",
                            "private_dns": "ip-10-42-1-143.ec2.internal",
                            "private_ip": "10.42.1.143",
                            "public_dns": "",
                            "public_ip": "54.165.131.202",
                            "root_block_device.#": "1",
                            "root_block_device.0.delete_on_termination": "true",
                            "root_block_device.0.iops": "100",
                            "root_block_device.0.volume_id": "vol-01b6381b4f748b825",
                            "root_block_device.0.volume_size": "8",
                            "root_block_device.0.volume_type": "gp2",
                            "security_groups.#": "0",
                            "source_dest_check": "true",
                            "subnet_id": "subnet-c37766ee",
                            "tags.%": "3",
                            "tags.Name": "kubeadm-node-5",
                            "tags.Role": "node",
                            "tags.kubernetes.io/cluster/kubernetes": "kubernetes",
                            "tenancy": "default",
                            "volume_tags.%": "0",
                            "vpc_security_group_ids.#": "1",
                            "vpc_security_group_ids.1558130174": "sg-0c7db2794628e9cee"
                        },
                        "meta": {
                            "e2bfb730-ecaa-11e6-8f88-34363bc7c4c0": {
                                "create": 600000000000,
                                "delete": 1200000000000,
                                "update": 600000000000
                            },
                            "schema_version": "1"
                        },
                        "tainted": false
                    },
                    "deposed": [],
                    "provider": "provider.aws"
                },
                "aws_security_group.kubeadm": {
                    "type": "aws_security_group",
                    "depends_on": [],
                    "primary": {
                        "id": "sg-0c7db2794628e9cee",
                        "attributes": {
                            "arn": "arn:aws:ec2:us-east-1:405787916143:security-group/sg-0c7db2794628e9cee",
                            "description": "Allow all kubeadm traffic",
                            "egress.#": "1",
                            "egress.482069346.cidr_blocks.#": "1",
                            "egress.482069346.cidr_blocks.0": "0.0.0.0/0",
                            "egress.482069346.description": "",
                            "egress.482069346.from_port": "0",
                            "egress.482069346.ipv6_cidr_blocks.#": "0",
                            "egress.482069346.prefix_list_ids.#": "0",
                            "egress.482069346.protocol": "-1",
                            "egress.482069346.security_groups.#": "0",
                            "egress.482069346.self": "false",
                            "egress.482069346.to_port": "0",
                            "id": "sg-0c7db2794628e9cee",
                            "ingress.#": "2",
                            "ingress.2541437006.cidr_blocks.#": "1",
                            "ingress.2541437006.cidr_blocks.0": "0.0.0.0/0",
                            "ingress.2541437006.description": "",
                            "ingress.2541437006.from_port": "22",
                            "ingress.2541437006.ipv6_cidr_blocks.#": "0",
                            "ingress.2541437006.protocol": "tcp",
                            "ingress.2541437006.security_groups.#": "0",
                            "ingress.2541437006.self": "false",
                            "ingress.2541437006.to_port": "22",
                            "ingress.753360330.cidr_blocks.#": "0",
                            "ingress.753360330.description": "",
                            "ingress.753360330.from_port": "0",
                            "ingress.753360330.ipv6_cidr_blocks.#": "0",
                            "ingress.753360330.protocol": "-1",
                            "ingress.753360330.security_groups.#": "0",
                            "ingress.753360330.self": "true",
                            "ingress.753360330.to_port": "0",
                            "name": "kubeadm",
                            "owner_id": "405787916143",
                            "revoke_rules_on_delete": "false",
                            "tags.%": "1",
                            "tags.Name": "kubeadm_sg",
                            "vpc_id": "vpc-3ce2d45a"
                        },
                        "meta": {
                            "e2bfb730-ecaa-11e6-8f88-34363bc7c4c0": {
                                "create": 600000000000,
                                "delete": 600000000000
                            },
                            "schema_version": "1"
                        },
                        "tainted": false
                    },
                    "deposed": [],
                    "provider": "provider.aws"
                },
                "aws_security_group.kubeadm-elb": {
                    "type": "aws_security_group",
                    "depends_on": [],
                    "primary": {
                        "id": "sg-0d88d684a1bfdc61e",
                        "attributes": {
                            "arn": "arn:aws:ec2:us-east-1:405787916143:security-group/sg-0d88d684a1bfdc61e",
                            "description": "Allow all kubeadm traffic",
                            "egress.#": "1",
                            "egress.482069346.cidr_blocks.#": "1",
                            "egress.482069346.cidr_blocks.0": "0.0.0.0/0",
                            "egress.482069346.description": "",
                            "egress.482069346.from_port": "0",
                            "egress.482069346.ipv6_cidr_blocks.#": "0",
                            "egress.482069346.prefix_list_ids.#": "0",
                            "egress.482069346.protocol": "-1",
                            "egress.482069346.security_groups.#": "0",
                            "egress.482069346.self": "false",
                            "egress.482069346.to_port": "0",
                            "id": "sg-0d88d684a1bfdc61e",
                            "ingress.#": "2",
                            "ingress.1463360607.cidr_blocks.#": "1",
                            "ingress.1463360607.cidr_blocks.0": "0.0.0.0/0",
                            "ingress.1463360607.description": "",
                            "ingress.1463360607.from_port": "6443",
                            "ingress.1463360607.ipv6_cidr_blocks.#": "0",
                            "ingress.1463360607.protocol": "tcp",
                            "ingress.1463360607.security_groups.#": "0",
                            "ingress.1463360607.self": "false",
                            "ingress.1463360607.to_port": "6443",
                            "ingress.753360330.cidr_blocks.#": "0",
                            "ingress.753360330.description": "",
                            "ingress.753360330.from_port": "0",
                            "ingress.753360330.ipv6_cidr_blocks.#": "0",
                            "ingress.753360330.protocol": "-1",
                            "ingress.753360330.security_groups.#": "0",
                            "ingress.753360330.self": "true",
                            "ingress.753360330.to_port": "0",
                            "name": "kubeadm-elb",
                            "owner_id": "405787916143",
                            "revoke_rules_on_delete": "false",
                            "tags.%": "1",
                            "tags.Name": "kubeadm_sg-elb",
                            "vpc_id": "vpc-3ce2d45a"
                        },
                        "meta": {
                            "e2bfb730-ecaa-11e6-8f88-34363bc7c4c0": {
                                "create": 600000000000,
                                "delete": 600000000000
                            },
                            "schema_version": "1"
                        },
                        "tainted": false
                    },
                    "deposed": [],
                    "provider": "provider.aws"
                }
            },
            "depends_on": []
        }
    ]
}
