{
    "version": 3,
    "terraform_version": "0.11.7",
    "serial": 3,
    "lineage": "525037b9-3b11-febb-f4c5-d64bcb7dcf71",
    "modules": [
        {
            "path": [
                "root"
            ],
            "outputs": {
                "etcd": {
                    "sensitive": false,
                    "type": "list",
                    "value": [
                        "10.42.1.20",
                        "10.42.1.64",
                        "10.42.1.185"
                    ]
                },
                "ingress": {
                    "sensitive": false,
                    "type": "list",
                    "value": [
                        "10.42.1.119",
                        "10.42.1.121"
                    ]
                },
                "kubeadm-master-elb": {
                    "sensitive": false,
                    "type": "string",
                    "value": "internal-kubeadm-tf-elb-1605963861.us-east-1.elb.amazonaws.com"
                },
                "master_nodes_ips": {
                    "sensitive": false,
                    "type": "list",
                    "value": [
                        "10.42.1.15",
                        "10.42.1.222"
                    ]
                },
                "node": {
                    "sensitive": false,
                    "type": "list",
                    "value": [
                        "10.42.1.13",
                        "10.42.1.183",
                        "10.42.1.49",
                        "10.42.1.56",
                        "10.42.1.35",
                        "10.42.1.113"
                    ]
                }
            },
            "resources": {
                "aws_elb.kubeadm-elb": {
                    "type": "aws_elb",
                    "depends_on": [
                        "aws_instance.kubeadm_master.*",
                        "aws_security_group.kubeadm",
                        "aws_security_group.kubeadm-elb"
                    ],
                    "primary": {
                        "id": "kubeadm-tf-elb",
                        "attributes": {
                            "access_logs.#": "0",
                            "arn": "arn:aws:elasticloadbalancing:us-east-1:405787916143:loadbalancer/kubeadm-tf-elb",
                            "availability_zones.#": "1",
                            "availability_zones.1305112097": "us-east-1b",
                            "connection_draining": "true",
                            "connection_draining_timeout": "400",
                            "cross_zone_load_balancing": "true",
                            "dns_name": "internal-kubeadm-tf-elb-1605963861.us-east-1.elb.amazonaws.com",
                            "health_check.#": "1",
                            "health_check.0.healthy_threshold": "2",
                            "health_check.0.interval": "30",
                            "health_check.0.target": "TCP:6443",
                            "health_check.0.timeout": "3",
                            "health_check.0.unhealthy_threshold": "2",
                            "id": "kubeadm-tf-elb",
                            "idle_timeout": "400",
                            "instances.#": "2",
                            "instances.2572317215": "i-046a803b48762bd16",
                            "instances.3974525134": "i-0eb90b03560bacb38",
                            "internal": "true",
                            "listener.#": "1",
                            "listener.3838681924.instance_port": "6443",
                            "listener.3838681924.instance_protocol": "tcp",
                            "listener.3838681924.lb_port": "6443",
                            "listener.3838681924.lb_protocol": "tcp",
                            "listener.3838681924.ssl_certificate_id": "",
                            "name": "kubeadm-tf-elb",
                            "security_groups.#": "2",
                            "security_groups.1558130174": "sg-0c7db2794628e9cee",
                            "security_groups.932505631": "sg-0d88d684a1bfdc61e",
                            "source_security_group": "405787916143/kubeadm-elb",
                            "source_security_group_id": "sg-0d88d684a1bfdc61e",
                            "subnets.#": "1",
                            "subnets.2970139403": "subnet-c37766ee",
                            "tags.%": "1",
                            "tags.Name": "kubeadm-tf-elb",
                            "zone_id": "Z35SXDOTRQ7X7K"
                        },
                        "meta": {},
                        "tainted": false
                    },
                    "deposed": [],
                    "provider": "provider.aws"
                },
                "aws_instance.kubeadm_etcd.0": {
                    "type": "aws_instance",
                    "depends_on": [
                        "aws_security_group.kubeadm"
                    ],
                    "primary": {
                        "id": "i-02ac052edaa64c688",
                        "attributes": {
                            "ami": "ami-04169656fea786776",
                            "arn": "arn:aws:ec2:us-east-1:405787916143:instance/i-02ac052edaa64c688",
                            "associate_public_ip_address": "false",
                            "availability_zone": "us-east-1b",
                            "cpu_core_count": "2",
                            "cpu_threads_per_core": "1",
                            "credit_specification.#": "1",
                            "credit_specification.0.cpu_credits": "standard",
                            "disable_api_termination": "false",
                            "ebs_block_device.#": "0",
                            "ebs_optimized": "false",
                            "ephemeral_block_device.#": "0",
                            "get_password_data": "false",
                            "iam_instance_profile": "rancher-ec2-role",
                            "id": "i-02ac052edaa64c688",
                            "instance_state": "running",
                            "instance_type": "t2.large",
                            "ipv6_addresses.#": "0",
                            "key_name": "wadeITTLPC",
                            "monitoring": "false",
                            "network_interface.#": "0",
                            "network_interface_id": "eni-011f8d9e36bdf16c5",
                            "password_data": "",
                            "placement_group": "",
                            "primary_network_interface_id": "eni-011f8d9e36bdf16c5",
                            "private_dns": "ip-10-42-1-20.ec2.internal",
                            "private_ip": "10.42.1.20",
                            "public_dns": "",
                            "public_ip": "",
                            "root_block_device.#": "1",
                            "root_block_device.0.delete_on_termination": "true",
                            "root_block_device.0.iops": "100",
                            "root_block_device.0.volume_id": "vol-0966512af65332ff3",
                            "root_block_device.0.volume_size": "8",
                            "root_block_device.0.volume_type": "gp2",
                            "security_groups.#": "0",
                            "source_dest_check": "true",
                            "subnet_id": "subnet-c37766ee",
                            "tags.%": "3",
                            "tags.Name": "kubeadm-etcd-0",
                            "tags.Role": "etcd",
                            "tags.kubernetes.io/cluster/kubernetes": "kubernetes",
                            "tenancy": "default",
                            "volume_tags.%": "0",
                            "vpc_security_group_ids.#": "1",
                            "vpc_security_group_ids.1558130174": "sg-0c7db2794628e9cee"
                        },
                        "meta": {
                            "e2bfb730-ecaa-11e6-8f88-34363bc7c4c0": {
                                "create": 600000000000,
                                "delete": 1200000000000,
                                "update": 600000000000
                            },
                            "schema_version": "1"
                        },
                        "tainted": false
                    },
                    "deposed": [],
                    "provider": "provider.aws"
                },
                "aws_instance.kubeadm_etcd.1": {
                    "type": "aws_instance",
                    "depends_on": [
                        "aws_security_group.kubeadm"
                    ],
                    "primary": {
                        "id": "i-0958183fbfc02c940",
                        "attributes": {
                            "ami": "ami-04169656fea786776",
                            "arn": "arn:aws:ec2:us-east-1:405787916143:instance/i-0958183fbfc02c940",
                            "associate_public_ip_address": "false",
                            "availability_zone": "us-east-1b",
                            "cpu_core_count": "2",
                            "cpu_threads_per_core": "1",
                            "credit_specification.#": "1",
                            "credit_specification.0.cpu_credits": "standard",
                            "disable_api_termination": "false",
                            "ebs_block_device.#": "0",
                            "ebs_optimized": "false",
                            "ephemeral_block_device.#": "0",
                            "get_password_data": "false",
                            "iam_instance_profile": "rancher-ec2-role",
                            "id": "i-0958183fbfc02c940",
                            "instance_state": "running",
                            "instance_type": "t2.large",
                            "ipv6_addresses.#": "0",
                            "key_name": "wadeITTLPC",
                            "monitoring": "false",
                            "network_interface.#": "0",
                            "network_interface_id": "eni-009bafbcd11ef4c85",
                            "password_data": "",
                            "placement_group": "",
                            "primary_network_interface_id": "eni-009bafbcd11ef4c85",
                            "private_dns": "ip-10-42-1-64.ec2.internal",
                            "private_ip": "10.42.1.64",
                            "public_dns": "",
                            "public_ip": "",
                            "root_block_device.#": "1",
                            "root_block_device.0.delete_on_termination": "true",
                            "root_block_device.0.iops": "100",
                            "root_block_device.0.volume_id": "vol-099770cac8331e56c",
                            "root_block_device.0.volume_size": "8",
                            "root_block_device.0.volume_type": "gp2",
                            "security_groups.#": "0",
                            "source_dest_check": "true",
                            "subnet_id": "subnet-c37766ee",
                            "tags.%": "3",
                            "tags.Name": "kubeadm-etcd-1",
                            "tags.Role": "etcd",
                            "tags.kubernetes.io/cluster/kubernetes": "kubernetes",
                            "tenancy": "default",
                            "volume_tags.%": "0",
                            "vpc_security_group_ids.#": "1",
                            "vpc_security_group_ids.1558130174": "sg-0c7db2794628e9cee"
                        },
                        "meta": {
                            "e2bfb730-ecaa-11e6-8f88-34363bc7c4c0": {
                                "create": 600000000000,
                                "delete": 1200000000000,
                                "update": 600000000000
                            },
                            "schema_version": "1"
                        },
                        "tainted": false
                    },
                    "deposed": [],
                    "provider": "provider.aws"
                },
                "aws_instance.kubeadm_etcd.2": {
                    "type": "aws_instance",
                    "depends_on": [
                        "aws_security_group.kubeadm"
                    ],
                    "primary": {
                        "id": "i-0ae77598b7ac9e7e6",
                        "attributes": {
                            "ami": "ami-04169656fea786776",
                            "arn": "arn:aws:ec2:us-east-1:405787916143:instance/i-0ae77598b7ac9e7e6",
                            "associate_public_ip_address": "false",
                            "availability_zone": "us-east-1b",
                            "cpu_core_count": "2",
                            "cpu_threads_per_core": "1",
                            "credit_specification.#": "1",
                            "credit_specification.0.cpu_credits": "standard",
                            "disable_api_termination": "false",
                            "ebs_block_device.#": "0",
                            "ebs_optimized": "false",
                            "ephemeral_block_device.#": "0",
                            "get_password_data": "false",
                            "iam_instance_profile": "rancher-ec2-role",
                            "id": "i-0ae77598b7ac9e7e6",
                            "instance_state": "running",
                            "instance_type": "t2.large",
                            "ipv6_addresses.#": "0",
                            "key_name": "wadeITTLPC",
                            "monitoring": "false",
                            "network_interface.#": "0",
                            "network_interface_id": "eni-020ab3eac961b3edb",
                            "password_data": "",
                            "placement_group": "",
                            "primary_network_interface_id": "eni-020ab3eac961b3edb",
                            "private_dns": "ip-10-42-1-185.ec2.internal",
                            "private_ip": "10.42.1.185",
                            "public_dns": "",
                            "public_ip": "",
                            "root_block_device.#": "1",
                            "root_block_device.0.delete_on_termination": "true",
                            "root_block_device.0.iops": "100",
                            "root_block_device.0.volume_id": "vol-07b03cc50cd7ec684",
                            "root_block_device.0.volume_size": "8",
                            "root_block_device.0.volume_type": "gp2",
                            "security_groups.#": "0",
                            "source_dest_check": "true",
                            "subnet_id": "subnet-c37766ee",
                            "tags.%": "3",
                            "tags.Name": "kubeadm-etcd-2",
                            "tags.Role": "etcd",
                            "tags.kubernetes.io/cluster/kubernetes": "kubernetes",
                            "tenancy": "default",
                            "volume_tags.%": "0",
                            "vpc_security_group_ids.#": "1",
                            "vpc_security_group_ids.1558130174": "sg-0c7db2794628e9cee"
                        },
                        "meta": {
                            "e2bfb730-ecaa-11e6-8f88-34363bc7c4c0": {
                                "create": 600000000000,
                                "delete": 1200000000000,
                                "update": 600000000000
                            },
                            "schema_version": "1"
                        },
                        "tainted": false
                    },
                    "deposed": [],
                    "provider": "provider.aws"
                },
                "aws_instance.kubeadm_ingress.0": {
                    "type": "aws_instance",
                    "depends_on": [
                        "aws_security_group.kubeadm"
                    ],
                    "primary": {
                        "id": "i-0295d97cfdeb4e929",
                        "attributes": {
                            "ami": "ami-04169656fea786776",
                            "arn": "arn:aws:ec2:us-east-1:405787916143:instance/i-0295d97cfdeb4e929",
                            "associate_public_ip_address": "false",
                            "availability_zone": "us-east-1b",
                            "cpu_core_count": "2",
                            "cpu_threads_per_core": "1",
                            "credit_specification.#": "1",
                            "credit_specification.0.cpu_credits": "standard",
                            "disable_api_termination": "false",
                            "ebs_block_device.#": "0",
                            "ebs_optimized": "false",
                            "ephemeral_block_device.#": "0",
                            "get_password_data": "false",
                            "iam_instance_profile": "rancher-ec2-role",
                            "id": "i-0295d97cfdeb4e929",
                            "instance_state": "running",
                            "instance_type": "t2.large",
                            "ipv6_addresses.#": "0",
                            "key_name": "wadeITTLPC",
                            "monitoring": "false",
                            "network_interface.#": "0",
                            "network_interface_id": "eni-06b39ee86a505298a",
                            "password_data": "",
                            "placement_group": "",
                            "primary_network_interface_id": "eni-06b39ee86a505298a",
                            "private_dns": "ip-10-42-1-119.ec2.internal",
                            "private_ip": "10.42.1.119",
                            "public_dns": "",
                            "public_ip": "",
                            "root_block_device.#": "1",
                            "root_block_device.0.delete_on_termination": "true",
                            "root_block_device.0.iops": "100",
                            "root_block_device.0.volume_id": "vol-0274623024a821e81",
                            "root_block_device.0.volume_size": "8",
                            "root_block_device.0.volume_type": "gp2",
                            "security_groups.#": "0",
                            "source_dest_check": "true",
                            "subnet_id": "subnet-c37766ee",
                            "tags.%": "3",
                            "tags.Name": "kubeadm-ingress-0",
                            "tags.Role": "ingress",
                            "tags.kubernetes.io/cluster/kubernetes": "kubernetes",
                            "tenancy": "default",
                            "volume_tags.%": "0",
                            "vpc_security_group_ids.#": "1",
                            "vpc_security_group_ids.1558130174": "sg-0c7db2794628e9cee"
                        },
                        "meta": {
                            "e2bfb730-ecaa-11e6-8f88-34363bc7c4c0": {
                                "create": 600000000000,
                                "delete": 1200000000000,
                                "update": 600000000000
                            },
                            "schema_version": "1"
                        },
                        "tainted": false
                    },
                    "deposed": [],
                    "provider": "provider.aws"
                },
                "aws_instance.kubeadm_ingress.1": {
                    "type": "aws_instance",
                    "depends_on": [
                        "aws_security_group.kubeadm"
                    ],
                    "primary": {
                        "id": "i-09a3e7cb10ffdf833",
                        "attributes": {
                            "ami": "ami-04169656fea786776",
                            "arn": "arn:aws:ec2:us-east-1:405787916143:instance/i-09a3e7cb10ffdf833",
                            "associate_public_ip_address": "false",
                            "availability_zone": "us-east-1b",
                            "cpu_core_count": "2",
                            "cpu_threads_per_core": "1",
                            "credit_specification.#": "1",
                            "credit_specification.0.cpu_credits": "standard",
                            "disable_api_termination": "false",
                            "ebs_block_device.#": "0",
                            "ebs_optimized": "false",
                            "ephemeral_block_device.#": "0",
                            "get_password_data": "false",
                            "iam_instance_profile": "rancher-ec2-role",
                            "id": "i-09a3e7cb10ffdf833",
                            "instance_state": "running",
                            "instance_type": "t2.large",
                            "ipv6_addresses.#": "0",
                            "key_name": "wadeITTLPC",
                            "monitoring": "false",
                            "network_interface.#": "0",
                            "network_interface_id": "eni-082a1cbf682c5b148",
                            "password_data": "",
                            "placement_group": "",
                            "primary_network_interface_id": "eni-082a1cbf682c5b148",
                            "private_dns": "ip-10-42-1-121.ec2.internal",
                            "private_ip": "10.42.1.121",
                            "public_dns": "",
                            "public_ip": "",
                            "root_block_device.#": "1",
                            "root_block_device.0.delete_on_termination": "true",
                            "root_block_device.0.iops": "100",
                            "root_block_device.0.volume_id": "vol-0c04d1c4d8bc1a00b",
                            "root_block_device.0.volume_size": "8",
                            "root_block_device.0.volume_type": "gp2",
                            "security_groups.#": "0",
                            "source_dest_check": "true",
                            "subnet_id": "subnet-c37766ee",
                            "tags.%": "3",
                            "tags.Name": "kubeadm-ingress-1",
                            "tags.Role": "ingress",
                            "tags.kubernetes.io/cluster/kubernetes": "kubernetes",
                            "tenancy": "default",
                            "volume_tags.%": "0",
                            "vpc_security_group_ids.#": "1",
                            "vpc_security_group_ids.1558130174": "sg-0c7db2794628e9cee"
                        },
                        "meta": {
                            "e2bfb730-ecaa-11e6-8f88-34363bc7c4c0": {
                                "create": 600000000000,
                                "delete": 1200000000000,
                                "update": 600000000000
                            },
                            "schema_version": "1"
                        },
                        "tainted": false
                    },
                    "deposed": [],
                    "provider": "provider.aws"
                },
                "aws_instance.kubeadm_master.0": {
                    "type": "aws_instance",
                    "depends_on": [
                        "aws_security_group.kubeadm"
                    ],
                    "primary": {
                        "id": "i-0eb90b03560bacb38",
                        "attributes": {
                            "ami": "ami-04169656fea786776",
                            "arn": "arn:aws:ec2:us-east-1:405787916143:instance/i-0eb90b03560bacb38",
                            "associate_public_ip_address": "false",
                            "availability_zone": "us-east-1b",
                            "cpu_core_count": "2",
                            "cpu_threads_per_core": "1",
                            "credit_specification.#": "1",
                            "credit_specification.0.cpu_credits": "standard",
                            "disable_api_termination": "false",
                            "ebs_block_device.#": "0",
                            "ebs_optimized": "false",
                            "ephemeral_block_device.#": "0",
                            "get_password_data": "false",
                            "iam_instance_profile": "rancher-ec2-role",
                            "id": "i-0eb90b03560bacb38",
                            "instance_state": "running",
                            "instance_type": "t2.large",
                            "ipv6_addresses.#": "0",
                            "key_name": "wadeITTLPC",
                            "monitoring": "false",
                            "network_interface.#": "0",
                            "network_interface_id": "eni-00cb6b36c6263eff6",
                            "password_data": "",
                            "placement_group": "",
                            "primary_network_interface_id": "eni-00cb6b36c6263eff6",
                            "private_dns": "ip-10-42-1-15.ec2.internal",
                            "private_ip": "10.42.1.15",
                            "public_dns": "",
                            "public_ip": "",
                            "root_block_device.#": "1",
                            "root_block_device.0.delete_on_termination": "true",
                            "root_block_device.0.iops": "100",
                            "root_block_device.0.volume_id": "vol-0420e676723cd41ea",
                            "root_block_device.0.volume_size": "8",
                            "root_block_device.0.volume_type": "gp2",
                            "security_groups.#": "0",
                            "source_dest_check": "true",
                            "subnet_id": "subnet-c37766ee",
                            "tags.%": "3",
                            "tags.Name": "kubeadm-master-0",
                            "tags.Role": "master",
                            "tags.kubernetes.io/cluster/kubernetes": "kubernetes",
                            "tenancy": "default",
                            "volume_tags.%": "0",
                            "vpc_security_group_ids.#": "1",
                            "vpc_security_group_ids.1558130174": "sg-0c7db2794628e9cee"
                        },
                        "meta": {
                            "e2bfb730-ecaa-11e6-8f88-34363bc7c4c0": {
                                "create": 600000000000,
                                "delete": 1200000000000,
                                "update": 600000000000
                            },
                            "schema_version": "1"
                        },
                        "tainted": false
                    },
                    "deposed": [],
                    "provider": "provider.aws"
                },
                "aws_instance.kubeadm_master.1": {
                    "type": "aws_instance",
                    "depends_on": [
                        "aws_security_group.kubeadm"
                    ],
                    "primary": {
                        "id": "i-046a803b48762bd16",
                        "attributes": {
                            "ami": "ami-04169656fea786776",
                            "arn": "arn:aws:ec2:us-east-1:405787916143:instance/i-046a803b48762bd16",
                            "associate_public_ip_address": "false",
                            "availability_zone": "us-east-1b",
                            "cpu_core_count": "2",
                            "cpu_threads_per_core": "1",
                            "credit_specification.#": "1",
                            "credit_specification.0.cpu_credits": "standard",
                            "disable_api_termination": "false",
                            "ebs_block_device.#": "0",
                            "ebs_optimized": "false",
                            "ephemeral_block_device.#": "0",
                            "get_password_data": "false",
                            "iam_instance_profile": "rancher-ec2-role",
                            "id": "i-046a803b48762bd16",
                            "instance_state": "running",
                            "instance_type": "t2.large",
                            "ipv6_addresses.#": "0",
                            "key_name": "wadeITTLPC",
                            "monitoring": "false",
                            "network_interface.#": "0",
                            "network_interface_id": "eni-0efe4b40cdf9c8934",
                            "password_data": "",
                            "placement_group": "",
                            "primary_network_interface_id": "eni-0efe4b40cdf9c8934",
                            "private_dns": "ip-10-42-1-222.ec2.internal",
                            "private_ip": "10.42.1.222",
                            "public_dns": "",
                            "public_ip": "",
                            "root_block_device.#": "1",
                            "root_block_device.0.delete_on_termination": "true",
                            "root_block_device.0.iops": "100",
                            "root_block_device.0.volume_id": "vol-051aa92b7bb845b77",
                            "root_block_device.0.volume_size": "8",
                            "root_block_device.0.volume_type": "gp2",
                            "security_groups.#": "0",
                            "source_dest_check": "true",
                            "subnet_id": "subnet-c37766ee",
                            "tags.%": "3",
                            "tags.Name": "kubeadm-master-1",
                            "tags.Role": "master",
                            "tags.kubernetes.io/cluster/kubernetes": "kubernetes",
                            "tenancy": "default",
                            "volume_tags.%": "0",
                            "vpc_security_group_ids.#": "1",
                            "vpc_security_group_ids.1558130174": "sg-0c7db2794628e9cee"
                        },
                        "meta": {
                            "e2bfb730-ecaa-11e6-8f88-34363bc7c4c0": {
                                "create": 600000000000,
                                "delete": 1200000000000,
                                "update": 600000000000
                            },
                            "schema_version": "1"
                        },
                        "tainted": false
                    },
                    "deposed": [],
                    "provider": "provider.aws"
                },
                "aws_instance.kubeadm_node.0": {
                    "type": "aws_instance",
                    "depends_on": [
                        "aws_security_group.kubeadm"
                    ],
                    "primary": {
                        "id": "i-02caaccb891846f41",
                        "attributes": {
                            "ami": "ami-04169656fea786776",
                            "arn": "arn:aws:ec2:us-east-1:405787916143:instance/i-02caaccb891846f41",
                            "associate_public_ip_address": "false",
                            "availability_zone": "us-east-1b",
                            "cpu_core_count": "2",
                            "cpu_threads_per_core": "1",
                            "credit_specification.#": "1",
                            "credit_specification.0.cpu_credits": "standard",
                            "disable_api_termination": "false",
                            "ebs_block_device.#": "0",
                            "ebs_optimized": "false",
                            "ephemeral_block_device.#": "0",
                            "get_password_data": "false",
                            "iam_instance_profile": "rancher-ec2-role",
                            "id": "i-02caaccb891846f41",
                            "instance_state": "running",
                            "instance_type": "t2.large",
                            "ipv6_addresses.#": "0",
                            "key_name": "wadeITTLPC",
                            "monitoring": "false",
                            "network_interface.#": "0",
                            "network_interface_id": "eni-059d0d95e15e96019",
                            "password_data": "",
                            "placement_group": "",
                            "primary_network_interface_id": "eni-059d0d95e15e96019",
                            "private_dns": "ip-10-42-1-13.ec2.internal",
                            "private_ip": "10.42.1.13",
                            "public_dns": "",
                            "public_ip": "",
                            "root_block_device.#": "1",
                            "root_block_device.0.delete_on_termination": "true",
                            "root_block_device.0.iops": "100",
                            "root_block_device.0.volume_id": "vol-0c145a44aa8c42949",
                            "root_block_device.0.volume_size": "8",
                            "root_block_device.0.volume_type": "gp2",
                            "security_groups.#": "0",
                            "source_dest_check": "true",
                            "subnet_id": "subnet-c37766ee",
                            "tags.%": "3",
                            "tags.Name": "kubeadm-node-0",
                            "tags.Role": "node",
                            "tags.kubernetes.io/cluster/kubernetes": "kubernetes",
                            "tenancy": "default",
                            "volume_tags.%": "0",
                            "vpc_security_group_ids.#": "1",
                            "vpc_security_group_ids.1558130174": "sg-0c7db2794628e9cee"
                        },
                        "meta": {
                            "e2bfb730-ecaa-11e6-8f88-34363bc7c4c0": {
                                "create": 600000000000,
                                "delete": 1200000000000,
                                "update": 600000000000
                            },
                            "schema_version": "1"
                        },
                        "tainted": false
                    },
                    "deposed": [],
                    "provider": "provider.aws"
                },
                "aws_instance.kubeadm_node.1": {
                    "type": "aws_instance",
                    "depends_on": [
                        "aws_security_group.kubeadm"
                    ],
                    "primary": {
                        "id": "i-04ba662f8ad20e8ba",
                        "attributes": {
                            "ami": "ami-04169656fea786776",
                            "arn": "arn:aws:ec2:us-east-1:405787916143:instance/i-04ba662f8ad20e8ba",
                            "associate_public_ip_address": "false",
                            "availability_zone": "us-east-1b",
                            "cpu_core_count": "2",
                            "cpu_threads_per_core": "1",
                            "credit_specification.#": "1",
                            "credit_specification.0.cpu_credits": "standard",
                            "disable_api_termination": "false",
                            "ebs_block_device.#": "0",
                            "ebs_optimized": "false",
                            "ephemeral_block_device.#": "0",
                            "get_password_data": "false",
                            "iam_instance_profile": "rancher-ec2-role",
                            "id": "i-04ba662f8ad20e8ba",
                            "instance_state": "running",
                            "instance_type": "t2.large",
                            "ipv6_addresses.#": "0",
                            "key_name": "wadeITTLPC",
                            "monitoring": "false",
                            "network_interface.#": "0",
                            "network_interface_id": "eni-0355b53948c90e742",
                            "password_data": "",
                            "placement_group": "",
                            "primary_network_interface_id": "eni-0355b53948c90e742",
                            "private_dns": "ip-10-42-1-183.ec2.internal",
                            "private_ip": "10.42.1.183",
                            "public_dns": "",
                            "public_ip": "",
                            "root_block_device.#": "1",
                            "root_block_device.0.delete_on_termination": "true",
                            "root_block_device.0.iops": "100",
                            "root_block_device.0.volume_id": "vol-060f0243c1d493534",
                            "root_block_device.0.volume_size": "8",
                            "root_block_device.0.volume_type": "gp2",
                            "security_groups.#": "0",
                            "source_dest_check": "true",
                            "subnet_id": "subnet-c37766ee",
                            "tags.%": "3",
                            "tags.Name": "kubeadm-node-1",
                            "tags.Role": "node",
                            "tags.kubernetes.io/cluster/kubernetes": "kubernetes",
                            "tenancy": "default",
                            "volume_tags.%": "0",
                            "vpc_security_group_ids.#": "1",
                            "vpc_security_group_ids.1558130174": "sg-0c7db2794628e9cee"
                        },
                        "meta": {
                            "e2bfb730-ecaa-11e6-8f88-34363bc7c4c0": {
                                "create": 600000000000,
                                "delete": 1200000000000,
                                "update": 600000000000
                            },
                            "schema_version": "1"
                        },
                        "tainted": false
                    },
                    "deposed": [],
                    "provider": "provider.aws"
                },
                "aws_instance.kubeadm_node.2": {
                    "type": "aws_instance",
                    "depends_on": [
                        "aws_security_group.kubeadm"
                    ],
                    "primary": {
                        "id": "i-03fc27e1035a273b6",
                        "attributes": {
                            "ami": "ami-04169656fea786776",
                            "arn": "arn:aws:ec2:us-east-1:405787916143:instance/i-03fc27e1035a273b6",
                            "associate_public_ip_address": "false",
                            "availability_zone": "us-east-1b",
                            "cpu_core_count": "2",
                            "cpu_threads_per_core": "1",
                            "credit_specification.#": "1",
                            "credit_specification.0.cpu_credits": "standard",
                            "disable_api_termination": "false",
                            "ebs_block_device.#": "0",
                            "ebs_optimized": "false",
                            "ephemeral_block_device.#": "0",
                            "get_password_data": "false",
                            "iam_instance_profile": "rancher-ec2-role",
                            "id": "i-03fc27e1035a273b6",
                            "instance_state": "running",
                            "instance_type": "t2.large",
                            "ipv6_addresses.#": "0",
                            "key_name": "wadeITTLPC",
                            "monitoring": "false",
                            "network_interface.#": "0",
                            "network_interface_id": "eni-04e2daccbca455852",
                            "password_data": "",
                            "placement_group": "",
                            "primary_network_interface_id": "eni-04e2daccbca455852",
                            "private_dns": "ip-10-42-1-49.ec2.internal",
                            "private_ip": "10.42.1.49",
                            "public_dns": "",
                            "public_ip": "",
                            "root_block_device.#": "1",
                            "root_block_device.0.delete_on_termination": "true",
                            "root_block_device.0.iops": "100",
                            "root_block_device.0.volume_id": "vol-0643f990deb7c97ed",
                            "root_block_device.0.volume_size": "8",
                            "root_block_device.0.volume_type": "gp2",
                            "security_groups.#": "0",
                            "source_dest_check": "true",
                            "subnet_id": "subnet-c37766ee",
                            "tags.%": "5",
                            "tags.Name": "kubeadm-node-2",
                            "tags.Owner": "lwholler@awsgov",
                            "tags.PrincipalId": "AIDAIT6N2WKBQZC3ZSF4A",
                            "tags.Role": "node",
                            "tags.kubernetes.io/cluster/kubernetes": "kubernetes",
                            "tenancy": "default",
                            "volume_tags.%": "2",
                            "volume_tags.Owner": "lwholler@awsgov",
                            "volume_tags.PrincipalId": "AIDAIT6N2WKBQZC3ZSF4A",
                            "vpc_security_group_ids.#": "1",
                            "vpc_security_group_ids.1558130174": "sg-0c7db2794628e9cee"
                        },
                        "meta": {
                            "e2bfb730-ecaa-11e6-8f88-34363bc7c4c0": {
                                "create": 600000000000,
                                "delete": 1200000000000,
                                "update": 600000000000
                            },
                            "schema_version": "1"
                        },
                        "tainted": false
                    },
                    "deposed": [],
                    "provider": "provider.aws"
                },
                "aws_instance.kubeadm_node.3": {
                    "type": "aws_instance",
                    "depends_on": [
                        "aws_security_group.kubeadm"
                    ],
                    "primary": {
                        "id": "i-00e935358196ce9dd",
                        "attributes": {
                            "ami": "ami-04169656fea786776",
                            "arn": "arn:aws:ec2:us-east-1:405787916143:instance/i-00e935358196ce9dd",
                            "associate_public_ip_address": "false",
                            "availability_zone": "us-east-1b",
                            "cpu_core_count": "2",
                            "cpu_threads_per_core": "1",
                            "credit_specification.#": "1",
                            "credit_specification.0.cpu_credits": "standard",
                            "disable_api_termination": "false",
                            "ebs_block_device.#": "0",
                            "ebs_optimized": "false",
                            "ephemeral_block_device.#": "0",
                            "get_password_data": "false",
                            "iam_instance_profile": "rancher-ec2-role",
                            "id": "i-00e935358196ce9dd",
                            "instance_state": "running",
                            "instance_type": "t2.large",
                            "ipv6_addresses.#": "0",
                            "key_name": "wadeITTLPC",
                            "monitoring": "false",
                            "network_interface.#": "0",
                            "network_interface_id": "eni-050bd4644b1b3398f",
                            "password_data": "",
                            "placement_group": "",
                            "primary_network_interface_id": "eni-050bd4644b1b3398f",
                            "private_dns": "ip-10-42-1-56.ec2.internal",
                            "private_ip": "10.42.1.56",
                            "public_dns": "",
                            "public_ip": "",
                            "root_block_device.#": "1",
                            "root_block_device.0.delete_on_termination": "true",
                            "root_block_device.0.iops": "100",
                            "root_block_device.0.volume_id": "vol-0ddfafe09a9df1e23",
                            "root_block_device.0.volume_size": "8",
                            "root_block_device.0.volume_type": "gp2",
                            "security_groups.#": "0",
                            "source_dest_check": "true",
                            "subnet_id": "subnet-c37766ee",
                            "tags.%": "3",
                            "tags.Name": "kubeadm-node-3",
                            "tags.Role": "node",
                            "tags.kubernetes.io/cluster/kubernetes": "kubernetes",
                            "tenancy": "default",
                            "volume_tags.%": "0",
                            "vpc_security_group_ids.#": "1",
                            "vpc_security_group_ids.1558130174": "sg-0c7db2794628e9cee"
                        },
                        "meta": {
                            "e2bfb730-ecaa-11e6-8f88-34363bc7c4c0": {
                                "create": 600000000000,
                                "delete": 1200000000000,
                                "update": 600000000000
                            },
                            "schema_version": "1"
                        },
                        "tainted": false
                    },
                    "deposed": [],
                    "provider": "provider.aws"
                },
                "aws_instance.kubeadm_node.4": {
                    "type": "aws_instance",
                    "depends_on": [
                        "aws_security_group.kubeadm"
                    ],
                    "primary": {
                        "id": "i-033d4e212c2819bcf",
                        "attributes": {
                            "ami": "ami-04169656fea786776",
                            "arn": "arn:aws:ec2:us-east-1:405787916143:instance/i-033d4e212c2819bcf",
                            "associate_public_ip_address": "false",
                            "availability_zone": "us-east-1b",
                            "cpu_core_count": "2",
                            "cpu_threads_per_core": "1",
                            "credit_specification.#": "1",
                            "credit_specification.0.cpu_credits": "standard",
                            "disable_api_termination": "false",
                            "ebs_block_device.#": "0",
                            "ebs_optimized": "false",
                            "ephemeral_block_device.#": "0",
                            "get_password_data": "false",
                            "iam_instance_profile": "rancher-ec2-role",
                            "id": "i-033d4e212c2819bcf",
                            "instance_state": "running",
                            "instance_type": "t2.large",
                            "ipv6_addresses.#": "0",
                            "key_name": "wadeITTLPC",
                            "monitoring": "false",
                            "network_interface.#": "0",
                            "network_interface_id": "eni-067f18328d12b8ab2",
                            "password_data": "",
                            "placement_group": "",
                            "primary_network_interface_id": "eni-067f18328d12b8ab2",
                            "private_dns": "ip-10-42-1-35.ec2.internal",
                            "private_ip": "10.42.1.35",
                            "public_dns": "",
                            "public_ip": "",
                            "root_block_device.#": "1",
                            "root_block_device.0.delete_on_termination": "true",
                            "root_block_device.0.iops": "100",
                            "root_block_device.0.volume_id": "vol-0c55dcacd9449c632",
                            "root_block_device.0.volume_size": "8",
                            "root_block_device.0.volume_type": "gp2",
                            "security_groups.#": "0",
                            "source_dest_check": "true",
                            "subnet_id": "subnet-c37766ee",
                            "tags.%": "3",
                            "tags.Name": "kubeadm-node-4",
                            "tags.Role": "node",
                            "tags.kubernetes.io/cluster/kubernetes": "kubernetes",
                            "tenancy": "default",
                            "volume_tags.%": "0",
                            "vpc_security_group_ids.#": "1",
                            "vpc_security_group_ids.1558130174": "sg-0c7db2794628e9cee"
                        },
                        "meta": {
                            "e2bfb730-ecaa-11e6-8f88-34363bc7c4c0": {
                                "create": 600000000000,
                                "delete": 1200000000000,
                                "update": 600000000000
                            },
                            "schema_version": "1"
                        },
                        "tainted": false
                    },
                    "deposed": [],
                    "provider": "provider.aws"
                },
                "aws_instance.kubeadm_node.5": {
                    "type": "aws_instance",
                    "depends_on": [
                        "aws_security_group.kubeadm"
                    ],
                    "primary": {
                        "id": "i-063d6fab1ee2ff500",
                        "attributes": {
                            "ami": "ami-04169656fea786776",
                            "arn": "arn:aws:ec2:us-east-1:405787916143:instance/i-063d6fab1ee2ff500",
                            "associate_public_ip_address": "false",
                            "availability_zone": "us-east-1b",
                            "cpu_core_count": "2",
                            "cpu_threads_per_core": "1",
                            "credit_specification.#": "1",
                            "credit_specification.0.cpu_credits": "standard",
                            "disable_api_termination": "false",
                            "ebs_block_device.#": "0",
                            "ebs_optimized": "false",
                            "ephemeral_block_device.#": "0",
                            "get_password_data": "false",
                            "iam_instance_profile": "rancher-ec2-role",
                            "id": "i-063d6fab1ee2ff500",
                            "instance_state": "running",
                            "instance_type": "t2.large",
                            "ipv6_addresses.#": "0",
                            "key_name": "wadeITTLPC",
                            "monitoring": "false",
                            "network_interface.#": "0",
                            "network_interface_id": "eni-02e5f0a16198820bb",
                            "password_data": "",
                            "placement_group": "",
                            "primary_network_interface_id": "eni-02e5f0a16198820bb",
                            "private_dns": "ip-10-42-1-113.ec2.internal",
                            "private_ip": "10.42.1.113",
                            "public_dns": "",
                            "public_ip": "",
                            "root_block_device.#": "1",
                            "root_block_device.0.delete_on_termination": "true",
                            "root_block_device.0.iops": "100",
                            "root_block_device.0.volume_id": "vol-07406042bc0d8e907",
                            "root_block_device.0.volume_size": "8",
                            "root_block_device.0.volume_type": "gp2",
                            "security_groups.#": "0",
                            "source_dest_check": "true",
                            "subnet_id": "subnet-c37766ee",
                            "tags.%": "3",
                            "tags.Name": "kubeadm-node-5",
                            "tags.Role": "node",
                            "tags.kubernetes.io/cluster/kubernetes": "kubernetes",
                            "tenancy": "default",
                            "volume_tags.%": "0",
                            "vpc_security_group_ids.#": "1",
                            "vpc_security_group_ids.1558130174": "sg-0c7db2794628e9cee"
                        },
                        "meta": {
                            "e2bfb730-ecaa-11e6-8f88-34363bc7c4c0": {
                                "create": 600000000000,
                                "delete": 1200000000000,
                                "update": 600000000000
                            },
                            "schema_version": "1"
                        },
                        "tainted": false
                    },
                    "deposed": [],
                    "provider": "provider.aws"
                },
                "aws_security_group.kubeadm": {
                    "type": "aws_security_group",
                    "depends_on": [],
                    "primary": {
                        "id": "sg-0c7db2794628e9cee",
                        "attributes": {
                            "arn": "arn:aws:ec2:us-east-1:405787916143:security-group/sg-0c7db2794628e9cee",
                            "description": "Allow all kubeadm traffic",
                            "egress.#": "1",
                            "egress.482069346.cidr_blocks.#": "1",
                            "egress.482069346.cidr_blocks.0": "0.0.0.0/0",
                            "egress.482069346.description": "",
                            "egress.482069346.from_port": "0",
                            "egress.482069346.ipv6_cidr_blocks.#": "0",
                            "egress.482069346.prefix_list_ids.#": "0",
                            "egress.482069346.protocol": "-1",
                            "egress.482069346.security_groups.#": "0",
                            "egress.482069346.self": "false",
                            "egress.482069346.to_port": "0",
                            "id": "sg-0c7db2794628e9cee",
                            "ingress.#": "2",
                            "ingress.2541437006.cidr_blocks.#": "1",
                            "ingress.2541437006.cidr_blocks.0": "0.0.0.0/0",
                            "ingress.2541437006.description": "",
                            "ingress.2541437006.from_port": "22",
                            "ingress.2541437006.ipv6_cidr_blocks.#": "0",
                            "ingress.2541437006.protocol": "tcp",
                            "ingress.2541437006.security_groups.#": "0",
                            "ingress.2541437006.self": "false",
                            "ingress.2541437006.to_port": "22",
                            "ingress.753360330.cidr_blocks.#": "0",
                            "ingress.753360330.description": "",
                            "ingress.753360330.from_port": "0",
                            "ingress.753360330.ipv6_cidr_blocks.#": "0",
                            "ingress.753360330.protocol": "-1",
                            "ingress.753360330.security_groups.#": "0",
                            "ingress.753360330.self": "true",
                            "ingress.753360330.to_port": "0",
                            "name": "kubeadm",
                            "owner_id": "405787916143",
                            "revoke_rules_on_delete": "false",
                            "tags.%": "1",
                            "tags.Name": "kubeadm_sg",
                            "vpc_id": "vpc-3ce2d45a"
                        },
                        "meta": {
                            "e2bfb730-ecaa-11e6-8f88-34363bc7c4c0": {
                                "create": 600000000000,
                                "delete": 600000000000
                            },
                            "schema_version": "1"
                        },
                        "tainted": false
                    },
                    "deposed": [],
                    "provider": "provider.aws"
                },
                "aws_security_group.kubeadm-elb": {
                    "type": "aws_security_group",
                    "depends_on": [],
                    "primary": {
                        "id": "sg-0d88d684a1bfdc61e",
                        "attributes": {
                            "arn": "arn:aws:ec2:us-east-1:405787916143:security-group/sg-0d88d684a1bfdc61e",
                            "description": "Allow all kubeadm traffic",
                            "egress.#": "1",
                            "egress.482069346.cidr_blocks.#": "1",
                            "egress.482069346.cidr_blocks.0": "0.0.0.0/0",
                            "egress.482069346.description": "",
                            "egress.482069346.from_port": "0",
                            "egress.482069346.ipv6_cidr_blocks.#": "0",
                            "egress.482069346.prefix_list_ids.#": "0",
                            "egress.482069346.protocol": "-1",
                            "egress.482069346.security_groups.#": "0",
                            "egress.482069346.self": "false",
                            "egress.482069346.to_port": "0",
                            "id": "sg-0d88d684a1bfdc61e",
                            "ingress.#": "2",
                            "ingress.1463360607.cidr_blocks.#": "1",
                            "ingress.1463360607.cidr_blocks.0": "0.0.0.0/0",
                            "ingress.1463360607.description": "",
                            "ingress.1463360607.from_port": "6443",
                            "ingress.1463360607.ipv6_cidr_blocks.#": "0",
                            "ingress.1463360607.protocol": "tcp",
                            "ingress.1463360607.security_groups.#": "0",
                            "ingress.1463360607.self": "false",
                            "ingress.1463360607.to_port": "6443",
                            "ingress.753360330.cidr_blocks.#": "0",
                            "ingress.753360330.description": "",
                            "ingress.753360330.from_port": "0",
                            "ingress.753360330.ipv6_cidr_blocks.#": "0",
                            "ingress.753360330.protocol": "-1",
                            "ingress.753360330.security_groups.#": "0",
                            "ingress.753360330.self": "true",
                            "ingress.753360330.to_port": "0",
                            "name": "kubeadm-elb",
                            "owner_id": "405787916143",
                            "revoke_rules_on_delete": "false",
                            "tags.%": "1",
                            "tags.Name": "kubeadm_sg-elb",
                            "vpc_id": "vpc-3ce2d45a"
                        },
                        "meta": {
                            "e2bfb730-ecaa-11e6-8f88-34363bc7c4c0": {
                                "create": 600000000000,
                                "delete": 600000000000
                            },
                            "schema_version": "1"
                        },
                        "tainted": false
                    },
                    "deposed": [],
                    "provider": "provider.aws"
                }
            },
            "depends_on": []
        }
    ]
}
