{
    "version": 3,
    "terraform_version": "0.11.7",
    "serial": 2,
    "lineage": "525037b9-3b11-febb-f4c5-d64bcb7dcf71",
    "modules": [
        {
            "path": [
                "root"
            ],
            "outputs": {},
            "resources": {
                "aws_security_group.kubeadm": {
                    "type": "aws_security_group",
                    "depends_on": [],
                    "primary": {
                        "id": "sg-0c7db2794628e9cee",
                        "attributes": {
                            "arn": "arn:aws:ec2:us-east-1:405787916143:security-group/sg-0c7db2794628e9cee",
                            "description": "Allow all kubeadm traffic",
                            "egress.#": "1",
                            "egress.482069346.cidr_blocks.#": "1",
                            "egress.482069346.cidr_blocks.0": "0.0.0.0/0",
                            "egress.482069346.description": "",
                            "egress.482069346.from_port": "0",
                            "egress.482069346.ipv6_cidr_blocks.#": "0",
                            "egress.482069346.prefix_list_ids.#": "0",
                            "egress.482069346.protocol": "-1",
                            "egress.482069346.security_groups.#": "0",
                            "egress.482069346.self": "false",
                            "egress.482069346.to_port": "0",
                            "id": "sg-0c7db2794628e9cee",
                            "ingress.#": "2",
                            "ingress.2541437006.cidr_blocks.#": "1",
                            "ingress.2541437006.cidr_blocks.0": "0.0.0.0/0",
                            "ingress.2541437006.description": "",
                            "ingress.2541437006.from_port": "22",
                            "ingress.2541437006.ipv6_cidr_blocks.#": "0",
                            "ingress.2541437006.protocol": "tcp",
                            "ingress.2541437006.security_groups.#": "0",
                            "ingress.2541437006.self": "false",
                            "ingress.2541437006.to_port": "22",
                            "ingress.753360330.cidr_blocks.#": "0",
                            "ingress.753360330.description": "",
                            "ingress.753360330.from_port": "0",
                            "ingress.753360330.ipv6_cidr_blocks.#": "0",
                            "ingress.753360330.protocol": "-1",
                            "ingress.753360330.security_groups.#": "0",
                            "ingress.753360330.self": "true",
                            "ingress.753360330.to_port": "0",
                            "name": "kubeadm",
                            "owner_id": "405787916143",
                            "revoke_rules_on_delete": "false",
                            "tags.%": "1",
                            "tags.Name": "kubeadm_sg",
                            "vpc_id": "vpc-3ce2d45a"
                        },
                        "meta": {
                            "e2bfb730-ecaa-11e6-8f88-34363bc7c4c0": {
                                "create": 600000000000,
                                "delete": 600000000000
                            },
                            "schema_version": "1"
                        },
                        "tainted": false
                    },
                    "deposed": [],
                    "provider": "provider.aws"
                },
                "aws_security_group.kubeadm-elb": {
                    "type": "aws_security_group",
                    "depends_on": [],
                    "primary": {
                        "id": "sg-0d88d684a1bfdc61e",
                        "attributes": {
                            "arn": "arn:aws:ec2:us-east-1:405787916143:security-group/sg-0d88d684a1bfdc61e",
                            "description": "Allow all kubeadm traffic",
                            "egress.#": "1",
                            "egress.482069346.cidr_blocks.#": "1",
                            "egress.482069346.cidr_blocks.0": "0.0.0.0/0",
                            "egress.482069346.description": "",
                            "egress.482069346.from_port": "0",
                            "egress.482069346.ipv6_cidr_blocks.#": "0",
                            "egress.482069346.prefix_list_ids.#": "0",
                            "egress.482069346.protocol": "-1",
                            "egress.482069346.security_groups.#": "0",
                            "egress.482069346.self": "false",
                            "egress.482069346.to_port": "0",
                            "id": "sg-0d88d684a1bfdc61e",
                            "ingress.#": "2",
                            "ingress.1463360607.cidr_blocks.#": "1",
                            "ingress.1463360607.cidr_blocks.0": "0.0.0.0/0",
                            "ingress.1463360607.description": "",
                            "ingress.1463360607.from_port": "6443",
                            "ingress.1463360607.ipv6_cidr_blocks.#": "0",
                            "ingress.1463360607.protocol": "tcp",
                            "ingress.1463360607.security_groups.#": "0",
                            "ingress.1463360607.self": "false",
                            "ingress.1463360607.to_port": "6443",
                            "ingress.753360330.cidr_blocks.#": "0",
                            "ingress.753360330.description": "",
                            "ingress.753360330.from_port": "0",
                            "ingress.753360330.ipv6_cidr_blocks.#": "0",
                            "ingress.753360330.protocol": "-1",
                            "ingress.753360330.security_groups.#": "0",
                            "ingress.753360330.self": "true",
                            "ingress.753360330.to_port": "0",
                            "name": "kubeadm-elb",
                            "owner_id": "405787916143",
                            "revoke_rules_on_delete": "false",
                            "tags.%": "1",
                            "tags.Name": "kubeadm_sg-elb",
                            "vpc_id": "vpc-3ce2d45a"
                        },
                        "meta": {
                            "e2bfb730-ecaa-11e6-8f88-34363bc7c4c0": {
                                "create": 600000000000,
                                "delete": 600000000000
                            },
                            "schema_version": "1"
                        },
                        "tainted": false
                    },
                    "deposed": [],
                    "provider": "provider.aws"
                }
            },
            "depends_on": []
        }
    ]
}
