{
    "version": 3,
    "terraform_version": "0.11.7",
    "serial": 9,
    "lineage": "525037b9-3b11-febb-f4c5-d64bcb7dcf71",
    "modules": [
        {
            "path": [
                "root"
            ],
            "outputs": {
                "bastion_nodes_ips": {
                    "sensitive": false,
                    "type": "list",
                    "value": [
                        "10.42.1.85"
                    ]
                },
                "etcd": {
                    "sensitive": false,
                    "type": "list",
                    "value": [
                        "10.42.1.9",
                        "10.42.1.34",
                        "10.42.1.170"
                    ]
                },
                "ingress": {
                    "sensitive": false,
                    "type": "list",
                    "value": [
                        "10.42.1.101",
                        "10.42.1.31"
                    ]
                },
                "kubeadm-master-elb": {
                    "sensitive": false,
                    "type": "string",
                    "value": "internal-kubeadm-tf-elb-1307989152.us-east-1.elb.amazonaws.com"
                },
                "master_nodes_ips": {
                    "sensitive": false,
                    "type": "list",
                    "value": [
                        "10.42.1.183",
                        "10.42.1.55"
                    ]
                },
                "node": {
                    "sensitive": false,
                    "type": "list",
                    "value": [
                        "10.42.1.102",
                        "10.42.1.48",
                        "10.42.1.193",
                        "10.42.1.207",
                        "10.42.1.68",
                        "10.42.1.119"
                    ]
                }
            },
            "resources": {
                "aws_elb.kubeadm-elb": {
                    "type": "aws_elb",
                    "depends_on": [
                        "aws_instance.kubeadm_master.*",
                        "aws_security_group.kubeadm",
                        "aws_security_group.kubeadm-elb"
                    ],
                    "primary": {
                        "id": "kubeadm-tf-elb",
                        "attributes": {
                            "access_logs.#": "0",
                            "arn": "arn:aws:elasticloadbalancing:us-east-1:405787916143:loadbalancer/kubeadm-tf-elb",
                            "availability_zones.#": "1",
                            "availability_zones.1305112097": "us-east-1b",
                            "connection_draining": "true",
                            "connection_draining_timeout": "400",
                            "cross_zone_load_balancing": "true",
                            "dns_name": "internal-kubeadm-tf-elb-1307989152.us-east-1.elb.amazonaws.com",
                            "health_check.#": "1",
                            "health_check.0.healthy_threshold": "2",
                            "health_check.0.interval": "30",
                            "health_check.0.target": "TCP:6443",
                            "health_check.0.timeout": "3",
                            "health_check.0.unhealthy_threshold": "2",
                            "id": "kubeadm-tf-elb",
                            "idle_timeout": "400",
                            "instances.#": "2",
                            "instances.22189665": "i-0bbc4caf3a482fc78",
                            "instances.3326312167": "i-006cb8318736f1193",
                            "internal": "true",
                            "listener.#": "1",
                            "listener.3838681924.instance_port": "6443",
                            "listener.3838681924.instance_protocol": "tcp",
                            "listener.3838681924.lb_port": "6443",
                            "listener.3838681924.lb_protocol": "tcp",
                            "listener.3838681924.ssl_certificate_id": "",
                            "name": "kubeadm-tf-elb",
                            "security_groups.#": "2",
                            "security_groups.2788607206": "sg-01ebacf7b385d3644",
                            "security_groups.2854148857": "sg-0f32003103120e67c",
                            "source_security_group": "405787916143/kubeadm",
                            "source_security_group_id": "sg-01ebacf7b385d3644",
                            "subnets.#": "1",
                            "subnets.2970139403": "subnet-c37766ee",
                            "tags.%": "1",
                            "tags.Name": "kubeadm-tf-elb",
                            "zone_id": "Z35SXDOTRQ7X7K"
                        },
                        "meta": {},
                        "tainted": false
                    },
                    "deposed": [],
                    "provider": "provider.aws"
                },
                "aws_instance.kubeadm_bastion": {
                    "type": "aws_instance",
                    "depends_on": [
                        "aws_security_group.kubeadm"
                    ],
                    "primary": {
                        "id": "i-00e66286c8cb00c42",
                        "attributes": {
                            "ami": "ami-04169656fea786776",
                            "arn": "arn:aws:ec2:us-east-1:405787916143:instance/i-00e66286c8cb00c42",
                            "associate_public_ip_address": "true",
                            "availability_zone": "us-east-1b",
                            "cpu_core_count": "2",
                            "cpu_threads_per_core": "1",
                            "credit_specification.#": "1",
                            "credit_specification.0.cpu_credits": "standard",
                            "disable_api_termination": "false",
                            "ebs_block_device.#": "0",
                            "ebs_optimized": "false",
                            "ephemeral_block_device.#": "0",
                            "get_password_data": "false",
                            "iam_instance_profile": "rancher-ec2-role",
                            "id": "i-00e66286c8cb00c42",
                            "instance_state": "running",
                            "instance_type": "t2.large",
                            "ipv6_addresses.#": "0",
                            "key_name": "wadeITTLPC",
                            "monitoring": "false",
                            "network_interface.#": "0",
                            "network_interface_id": "eni-05b766b0a9b75e0cb",
                            "password_data": "",
                            "placement_group": "",
                            "primary_network_interface_id": "eni-05b766b0a9b75e0cb",
                            "private_dns": "ip-10-42-1-85.ec2.internal",
                            "private_ip": "10.42.1.85",
                            "public_dns": "",
                            "public_ip": "34.205.69.226",
                            "root_block_device.#": "1",
                            "root_block_device.0.delete_on_termination": "true",
                            "root_block_device.0.iops": "100",
                            "root_block_device.0.volume_id": "vol-00ba48ce998615b9f",
                            "root_block_device.0.volume_size": "8",
                            "root_block_device.0.volume_type": "gp2",
                            "security_groups.#": "0",
                            "source_dest_check": "true",
                            "subnet_id": "subnet-c37766ee",
                            "tags.%": "2",
                            "tags.Name": "kubeadm-bastion-0",
                            "tags.Role": "bastion",
                            "tenancy": "default",
                            "volume_tags.%": "0",
                            "vpc_security_group_ids.#": "1",
                            "vpc_security_group_ids.2788607206": "sg-01ebacf7b385d3644"
                        },
                        "meta": {
                            "e2bfb730-ecaa-11e6-8f88-34363bc7c4c0": {
                                "create": 600000000000,
                                "delete": 1200000000000,
                                "update": 600000000000
                            },
                            "schema_version": "1"
                        },
                        "tainted": false
                    },
                    "deposed": [],
                    "provider": "provider.aws"
                },
                "aws_instance.kubeadm_etcd.0": {
                    "type": "aws_instance",
                    "depends_on": [
                        "aws_security_group.kubeadm"
                    ],
                    "primary": {
                        "id": "i-07434793a56cf304e",
                        "attributes": {
                            "ami": "ami-04169656fea786776",
                            "arn": "arn:aws:ec2:us-east-1:405787916143:instance/i-07434793a56cf304e",
                            "associate_public_ip_address": "true",
                            "availability_zone": "us-east-1b",
                            "cpu_core_count": "2",
                            "cpu_threads_per_core": "1",
                            "credit_specification.#": "1",
                            "credit_specification.0.cpu_credits": "standard",
                            "disable_api_termination": "false",
                            "ebs_block_device.#": "0",
                            "ebs_optimized": "false",
                            "ephemeral_block_device.#": "0",
                            "get_password_data": "false",
                            "iam_instance_profile": "rancher-ec2-role",
                            "id": "i-07434793a56cf304e",
                            "instance_state": "running",
                            "instance_type": "t2.large",
                            "ipv6_addresses.#": "0",
                            "key_name": "wadeITTLPC",
                            "monitoring": "false",
                            "network_interface.#": "0",
                            "network_interface_id": "eni-09e054d7a5a0efb85",
                            "password_data": "",
                            "placement_group": "",
                            "primary_network_interface_id": "eni-09e054d7a5a0efb85",
                            "private_dns": "ip-10-42-1-9.ec2.internal",
                            "private_ip": "10.42.1.9",
                            "public_dns": "",
                            "public_ip": "54.197.28.177",
                            "root_block_device.#": "1",
                            "root_block_device.0.delete_on_termination": "true",
                            "root_block_device.0.iops": "100",
                            "root_block_device.0.volume_id": "vol-05c937a1940e37eba",
                            "root_block_device.0.volume_size": "8",
                            "root_block_device.0.volume_type": "gp2",
                            "security_groups.#": "0",
                            "source_dest_check": "true",
                            "subnet_id": "subnet-c37766ee",
                            "tags.%": "3",
                            "tags.Name": "kubeadm-etcd-0",
                            "tags.Role": "etcd",
                            "tags.kubernetes.io/cluster/kubernetes": "kubernetes",
                            "tenancy": "default",
                            "volume_tags.%": "0",
                            "vpc_security_group_ids.#": "1",
                            "vpc_security_group_ids.2788607206": "sg-01ebacf7b385d3644"
                        },
                        "meta": {
                            "e2bfb730-ecaa-11e6-8f88-34363bc7c4c0": {
                                "create": 600000000000,
                                "delete": 1200000000000,
                                "update": 600000000000
                            },
                            "schema_version": "1"
                        },
                        "tainted": false
                    },
                    "deposed": [],
                    "provider": "provider.aws"
                },
                "aws_instance.kubeadm_etcd.1": {
                    "type": "aws_instance",
                    "depends_on": [
                        "aws_security_group.kubeadm"
                    ],
                    "primary": {
                        "id": "i-04fb30dda0fc9a18e",
                        "attributes": {
                            "ami": "ami-04169656fea786776",
                            "arn": "arn:aws:ec2:us-east-1:405787916143:instance/i-04fb30dda0fc9a18e",
                            "associate_public_ip_address": "true",
                            "availability_zone": "us-east-1b",
                            "cpu_core_count": "2",
                            "cpu_threads_per_core": "1",
                            "credit_specification.#": "1",
                            "credit_specification.0.cpu_credits": "standard",
                            "disable_api_termination": "false",
                            "ebs_block_device.#": "0",
                            "ebs_optimized": "false",
                            "ephemeral_block_device.#": "0",
                            "get_password_data": "false",
                            "iam_instance_profile": "rancher-ec2-role",
                            "id": "i-04fb30dda0fc9a18e",
                            "instance_state": "running",
                            "instance_type": "t2.large",
                            "ipv6_addresses.#": "0",
                            "key_name": "wadeITTLPC",
                            "monitoring": "false",
                            "network_interface.#": "0",
                            "network_interface_id": "eni-03f815df268335e9c",
                            "password_data": "",
                            "placement_group": "",
                            "primary_network_interface_id": "eni-03f815df268335e9c",
                            "private_dns": "ip-10-42-1-34.ec2.internal",
                            "private_ip": "10.42.1.34",
                            "public_dns": "",
                            "public_ip": "34.207.85.136",
                            "root_block_device.#": "1",
                            "root_block_device.0.delete_on_termination": "true",
                            "root_block_device.0.iops": "100",
                            "root_block_device.0.volume_id": "vol-069b14d0b121d3dd4",
                            "root_block_device.0.volume_size": "8",
                            "root_block_device.0.volume_type": "gp2",
                            "security_groups.#": "0",
                            "source_dest_check": "true",
                            "subnet_id": "subnet-c37766ee",
                            "tags.%": "3",
                            "tags.Name": "kubeadm-etcd-1",
                            "tags.Role": "etcd",
                            "tags.kubernetes.io/cluster/kubernetes": "kubernetes",
                            "tenancy": "default",
                            "volume_tags.%": "0",
                            "vpc_security_group_ids.#": "1",
                            "vpc_security_group_ids.2788607206": "sg-01ebacf7b385d3644"
                        },
                        "meta": {
                            "e2bfb730-ecaa-11e6-8f88-34363bc7c4c0": {
                                "create": 600000000000,
                                "delete": 1200000000000,
                                "update": 600000000000
                            },
                            "schema_version": "1"
                        },
                        "tainted": false
                    },
                    "deposed": [],
                    "provider": "provider.aws"
                },
                "aws_instance.kubeadm_etcd.2": {
                    "type": "aws_instance",
                    "depends_on": [
                        "aws_security_group.kubeadm"
                    ],
                    "primary": {
                        "id": "i-0d7dc85b26f56d2fb",
                        "attributes": {
                            "ami": "ami-04169656fea786776",
                            "arn": "arn:aws:ec2:us-east-1:405787916143:instance/i-0d7dc85b26f56d2fb",
                            "associate_public_ip_address": "true",
                            "availability_zone": "us-east-1b",
                            "cpu_core_count": "2",
                            "cpu_threads_per_core": "1",
                            "credit_specification.#": "1",
                            "credit_specification.0.cpu_credits": "standard",
                            "disable_api_termination": "false",
                            "ebs_block_device.#": "0",
                            "ebs_optimized": "false",
                            "ephemeral_block_device.#": "0",
                            "get_password_data": "false",
                            "iam_instance_profile": "rancher-ec2-role",
                            "id": "i-0d7dc85b26f56d2fb",
                            "instance_state": "running",
                            "instance_type": "t2.large",
                            "ipv6_addresses.#": "0",
                            "key_name": "wadeITTLPC",
                            "monitoring": "false",
                            "network_interface.#": "0",
                            "network_interface_id": "eni-05c64eeb472dab74c",
                            "password_data": "",
                            "placement_group": "",
                            "primary_network_interface_id": "eni-05c64eeb472dab74c",
                            "private_dns": "ip-10-42-1-170.ec2.internal",
                            "private_ip": "10.42.1.170",
                            "public_dns": "",
                            "public_ip": "54.152.51.220",
                            "root_block_device.#": "1",
                            "root_block_device.0.delete_on_termination": "true",
                            "root_block_device.0.iops": "100",
                            "root_block_device.0.volume_id": "vol-0cb3d105cb533a175",
                            "root_block_device.0.volume_size": "8",
                            "root_block_device.0.volume_type": "gp2",
                            "security_groups.#": "0",
                            "source_dest_check": "true",
                            "subnet_id": "subnet-c37766ee",
                            "tags.%": "3",
                            "tags.Name": "kubeadm-etcd-2",
                            "tags.Role": "etcd",
                            "tags.kubernetes.io/cluster/kubernetes": "kubernetes",
                            "tenancy": "default",
                            "volume_tags.%": "0",
                            "vpc_security_group_ids.#": "1",
                            "vpc_security_group_ids.2788607206": "sg-01ebacf7b385d3644"
                        },
                        "meta": {
                            "e2bfb730-ecaa-11e6-8f88-34363bc7c4c0": {
                                "create": 600000000000,
                                "delete": 1200000000000,
                                "update": 600000000000
                            },
                            "schema_version": "1"
                        },
                        "tainted": false
                    },
                    "deposed": [],
                    "provider": "provider.aws"
                },
                "aws_instance.kubeadm_ingress.0": {
                    "type": "aws_instance",
                    "depends_on": [
                        "aws_security_group.kubeadm"
                    ],
                    "primary": {
                        "id": "i-0d5e6bd2106322861",
                        "attributes": {
                            "ami": "ami-04169656fea786776",
                            "arn": "arn:aws:ec2:us-east-1:405787916143:instance/i-0d5e6bd2106322861",
                            "associate_public_ip_address": "true",
                            "availability_zone": "us-east-1b",
                            "cpu_core_count": "2",
                            "cpu_threads_per_core": "1",
                            "credit_specification.#": "1",
                            "credit_specification.0.cpu_credits": "standard",
                            "disable_api_termination": "false",
                            "ebs_block_device.#": "0",
                            "ebs_optimized": "false",
                            "ephemeral_block_device.#": "0",
                            "get_password_data": "false",
                            "iam_instance_profile": "rancher-ec2-role",
                            "id": "i-0d5e6bd2106322861",
                            "instance_state": "running",
                            "instance_type": "t2.large",
                            "ipv6_addresses.#": "0",
                            "key_name": "wadeITTLPC",
                            "monitoring": "false",
                            "network_interface.#": "0",
                            "network_interface_id": "eni-0cb4b3d47c4a1e8f9",
                            "password_data": "",
                            "placement_group": "",
                            "primary_network_interface_id": "eni-0cb4b3d47c4a1e8f9",
                            "private_dns": "ip-10-42-1-101.ec2.internal",
                            "private_ip": "10.42.1.101",
                            "public_dns": "",
                            "public_ip": "54.236.173.98",
                            "root_block_device.#": "1",
                            "root_block_device.0.delete_on_termination": "true",
                            "root_block_device.0.iops": "100",
                            "root_block_device.0.volume_id": "vol-0fbac59b750d4ae60",
                            "root_block_device.0.volume_size": "8",
                            "root_block_device.0.volume_type": "gp2",
                            "security_groups.#": "0",
                            "source_dest_check": "true",
                            "subnet_id": "subnet-c37766ee",
                            "tags.%": "3",
                            "tags.Name": "kubeadm-ingress-0",
                            "tags.Role": "ingress",
                            "tags.kubernetes.io/cluster/kubernetes": "kubernetes",
                            "tenancy": "default",
                            "volume_tags.%": "0",
                            "vpc_security_group_ids.#": "1",
                            "vpc_security_group_ids.2788607206": "sg-01ebacf7b385d3644"
                        },
                        "meta": {
                            "e2bfb730-ecaa-11e6-8f88-34363bc7c4c0": {
                                "create": 600000000000,
                                "delete": 1200000000000,
                                "update": 600000000000
                            },
                            "schema_version": "1"
                        },
                        "tainted": false
                    },
                    "deposed": [],
                    "provider": "provider.aws"
                },
                "aws_instance.kubeadm_ingress.1": {
                    "type": "aws_instance",
                    "depends_on": [
                        "aws_security_group.kubeadm"
                    ],
                    "primary": {
                        "id": "i-04377d0ab5ace50dd",
                        "attributes": {
                            "ami": "ami-04169656fea786776",
                            "arn": "arn:aws:ec2:us-east-1:405787916143:instance/i-04377d0ab5ace50dd",
                            "associate_public_ip_address": "true",
                            "availability_zone": "us-east-1b",
                            "cpu_core_count": "2",
                            "cpu_threads_per_core": "1",
                            "credit_specification.#": "1",
                            "credit_specification.0.cpu_credits": "standard",
                            "disable_api_termination": "false",
                            "ebs_block_device.#": "0",
                            "ebs_optimized": "false",
                            "ephemeral_block_device.#": "0",
                            "get_password_data": "false",
                            "iam_instance_profile": "rancher-ec2-role",
                            "id": "i-04377d0ab5ace50dd",
                            "instance_state": "running",
                            "instance_type": "t2.large",
                            "ipv6_addresses.#": "0",
                            "key_name": "wadeITTLPC",
                            "monitoring": "false",
                            "network_interface.#": "0",
                            "network_interface_id": "eni-0e5c9fa565f1a4280",
                            "password_data": "",
                            "placement_group": "",
                            "primary_network_interface_id": "eni-0e5c9fa565f1a4280",
                            "private_dns": "ip-10-42-1-31.ec2.internal",
                            "private_ip": "10.42.1.31",
                            "public_dns": "",
                            "public_ip": "34.238.124.65",
                            "root_block_device.#": "1",
                            "root_block_device.0.delete_on_termination": "true",
                            "root_block_device.0.iops": "100",
                            "root_block_device.0.volume_id": "vol-0d89b3985faffa4d7",
                            "root_block_device.0.volume_size": "8",
                            "root_block_device.0.volume_type": "gp2",
                            "security_groups.#": "0",
                            "source_dest_check": "true",
                            "subnet_id": "subnet-c37766ee",
                            "tags.%": "3",
                            "tags.Name": "kubeadm-ingress-1",
                            "tags.Role": "ingress",
                            "tags.kubernetes.io/cluster/kubernetes": "kubernetes",
                            "tenancy": "default",
                            "volume_tags.%": "0",
                            "vpc_security_group_ids.#": "1",
                            "vpc_security_group_ids.2788607206": "sg-01ebacf7b385d3644"
                        },
                        "meta": {
                            "e2bfb730-ecaa-11e6-8f88-34363bc7c4c0": {
                                "create": 600000000000,
                                "delete": 1200000000000,
                                "update": 600000000000
                            },
                            "schema_version": "1"
                        },
                        "tainted": false
                    },
                    "deposed": [],
                    "provider": "provider.aws"
                },
                "aws_instance.kubeadm_master.0": {
                    "type": "aws_instance",
                    "depends_on": [
                        "aws_security_group.kubeadm"
                    ],
                    "primary": {
                        "id": "i-006cb8318736f1193",
                        "attributes": {
                            "ami": "ami-04169656fea786776",
                            "arn": "arn:aws:ec2:us-east-1:405787916143:instance/i-006cb8318736f1193",
                            "associate_public_ip_address": "true",
                            "availability_zone": "us-east-1b",
                            "cpu_core_count": "2",
                            "cpu_threads_per_core": "1",
                            "credit_specification.#": "1",
                            "credit_specification.0.cpu_credits": "standard",
                            "disable_api_termination": "false",
                            "ebs_block_device.#": "0",
                            "ebs_optimized": "false",
                            "ephemeral_block_device.#": "0",
                            "get_password_data": "false",
                            "iam_instance_profile": "rancher-ec2-role",
                            "id": "i-006cb8318736f1193",
                            "instance_state": "running",
                            "instance_type": "t2.large",
                            "ipv6_addresses.#": "0",
                            "key_name": "wadeITTLPC",
                            "monitoring": "false",
                            "network_interface.#": "0",
                            "network_interface_id": "eni-007fe5eb3d1f1138f",
                            "password_data": "",
                            "placement_group": "",
                            "primary_network_interface_id": "eni-007fe5eb3d1f1138f",
                            "private_dns": "ip-10-42-1-183.ec2.internal",
                            "private_ip": "10.42.1.183",
                            "public_dns": "",
                            "public_ip": "54.209.239.130",
                            "root_block_device.#": "1",
                            "root_block_device.0.delete_on_termination": "true",
                            "root_block_device.0.iops": "100",
                            "root_block_device.0.volume_id": "vol-072bf39cdbbe886d7",
                            "root_block_device.0.volume_size": "8",
                            "root_block_device.0.volume_type": "gp2",
                            "security_groups.#": "0",
                            "source_dest_check": "true",
                            "subnet_id": "subnet-c37766ee",
                            "tags.%": "3",
                            "tags.Name": "kubeadm-master-0",
                            "tags.Role": "master",
                            "tags.kubernetes.io/cluster/kubernetes": "kubernetes",
                            "tenancy": "default",
                            "volume_tags.%": "0",
                            "vpc_security_group_ids.#": "1",
                            "vpc_security_group_ids.2788607206": "sg-01ebacf7b385d3644"
                        },
                        "meta": {
                            "e2bfb730-ecaa-11e6-8f88-34363bc7c4c0": {
                                "create": 600000000000,
                                "delete": 1200000000000,
                                "update": 600000000000
                            },
                            "schema_version": "1"
                        },
                        "tainted": false
                    },
                    "deposed": [],
                    "provider": "provider.aws"
                },
                "aws_instance.kubeadm_master.1": {
                    "type": "aws_instance",
                    "depends_on": [
                        "aws_security_group.kubeadm"
                    ],
                    "primary": {
                        "id": "i-0bbc4caf3a482fc78",
                        "attributes": {
                            "ami": "ami-04169656fea786776",
                            "arn": "arn:aws:ec2:us-east-1:405787916143:instance/i-0bbc4caf3a482fc78",
                            "associate_public_ip_address": "true",
                            "availability_zone": "us-east-1b",
                            "cpu_core_count": "2",
                            "cpu_threads_per_core": "1",
                            "credit_specification.#": "1",
                            "credit_specification.0.cpu_credits": "standard",
                            "disable_api_termination": "false",
                            "ebs_block_device.#": "0",
                            "ebs_optimized": "false",
                            "ephemeral_block_device.#": "0",
                            "get_password_data": "false",
                            "iam_instance_profile": "rancher-ec2-role",
                            "id": "i-0bbc4caf3a482fc78",
                            "instance_state": "running",
                            "instance_type": "t2.large",
                            "ipv6_addresses.#": "0",
                            "key_name": "wadeITTLPC",
                            "monitoring": "false",
                            "network_interface.#": "0",
                            "network_interface_id": "eni-08cbe19c0290cd66d",
                            "password_data": "",
                            "placement_group": "",
                            "primary_network_interface_id": "eni-08cbe19c0290cd66d",
                            "private_dns": "ip-10-42-1-55.ec2.internal",
                            "private_ip": "10.42.1.55",
                            "public_dns": "",
                            "public_ip": "18.207.228.140",
                            "root_block_device.#": "1",
                            "root_block_device.0.delete_on_termination": "true",
                            "root_block_device.0.iops": "100",
                            "root_block_device.0.volume_id": "vol-05fad5eb05cf37d06",
                            "root_block_device.0.volume_size": "8",
                            "root_block_device.0.volume_type": "gp2",
                            "security_groups.#": "0",
                            "source_dest_check": "true",
                            "subnet_id": "subnet-c37766ee",
                            "tags.%": "3",
                            "tags.Name": "kubeadm-master-1",
                            "tags.Role": "master",
                            "tags.kubernetes.io/cluster/kubernetes": "kubernetes",
                            "tenancy": "default",
                            "volume_tags.%": "0",
                            "vpc_security_group_ids.#": "1",
                            "vpc_security_group_ids.2788607206": "sg-01ebacf7b385d3644"
                        },
                        "meta": {
                            "e2bfb730-ecaa-11e6-8f88-34363bc7c4c0": {
                                "create": 600000000000,
                                "delete": 1200000000000,
                                "update": 600000000000
                            },
                            "schema_version": "1"
                        },
                        "tainted": false
                    },
                    "deposed": [],
                    "provider": "provider.aws"
                },
                "aws_instance.kubeadm_node.0": {
                    "type": "aws_instance",
                    "depends_on": [
                        "aws_security_group.kubeadm"
                    ],
                    "primary": {
                        "id": "i-028a51522610a334e",
                        "attributes": {
                            "ami": "ami-04169656fea786776",
                            "arn": "arn:aws:ec2:us-east-1:405787916143:instance/i-028a51522610a334e",
                            "associate_public_ip_address": "true",
                            "availability_zone": "us-east-1b",
                            "cpu_core_count": "2",
                            "cpu_threads_per_core": "1",
                            "credit_specification.#": "1",
                            "credit_specification.0.cpu_credits": "standard",
                            "disable_api_termination": "false",
                            "ebs_block_device.#": "0",
                            "ebs_optimized": "false",
                            "ephemeral_block_device.#": "0",
                            "get_password_data": "false",
                            "iam_instance_profile": "rancher-ec2-role",
                            "id": "i-028a51522610a334e",
                            "instance_state": "running",
                            "instance_type": "t2.large",
                            "ipv6_addresses.#": "0",
                            "key_name": "wadeITTLPC",
                            "monitoring": "false",
                            "network_interface.#": "0",
                            "network_interface_id": "eni-0de4504f10f438285",
                            "password_data": "",
                            "placement_group": "",
                            "primary_network_interface_id": "eni-0de4504f10f438285",
                            "private_dns": "ip-10-42-1-102.ec2.internal",
                            "private_ip": "10.42.1.102",
                            "public_dns": "",
                            "public_ip": "54.167.100.200",
                            "root_block_device.#": "1",
                            "root_block_device.0.delete_on_termination": "true",
                            "root_block_device.0.iops": "100",
                            "root_block_device.0.volume_id": "vol-043b6e12ef386f44a",
                            "root_block_device.0.volume_size": "8",
                            "root_block_device.0.volume_type": "gp2",
                            "security_groups.#": "0",
                            "source_dest_check": "true",
                            "subnet_id": "subnet-c37766ee",
                            "tags.%": "3",
                            "tags.Name": "kubeadm-node-0",
                            "tags.Role": "node",
                            "tags.kubernetes.io/cluster/kubernetes": "kubernetes",
                            "tenancy": "default",
                            "volume_tags.%": "0",
                            "vpc_security_group_ids.#": "1",
                            "vpc_security_group_ids.2788607206": "sg-01ebacf7b385d3644"
                        },
                        "meta": {
                            "e2bfb730-ecaa-11e6-8f88-34363bc7c4c0": {
                                "create": 600000000000,
                                "delete": 1200000000000,
                                "update": 600000000000
                            },
                            "schema_version": "1"
                        },
                        "tainted": false
                    },
                    "deposed": [],
                    "provider": "provider.aws"
                },
                "aws_instance.kubeadm_node.1": {
                    "type": "aws_instance",
                    "depends_on": [
                        "aws_security_group.kubeadm"
                    ],
                    "primary": {
                        "id": "i-0ac00ee92cc292636",
                        "attributes": {
                            "ami": "ami-04169656fea786776",
                            "arn": "arn:aws:ec2:us-east-1:405787916143:instance/i-0ac00ee92cc292636",
                            "associate_public_ip_address": "true",
                            "availability_zone": "us-east-1b",
                            "cpu_core_count": "2",
                            "cpu_threads_per_core": "1",
                            "credit_specification.#": "1",
                            "credit_specification.0.cpu_credits": "standard",
                            "disable_api_termination": "false",
                            "ebs_block_device.#": "0",
                            "ebs_optimized": "false",
                            "ephemeral_block_device.#": "0",
                            "get_password_data": "false",
                            "iam_instance_profile": "rancher-ec2-role",
                            "id": "i-0ac00ee92cc292636",
                            "instance_state": "running",
                            "instance_type": "t2.large",
                            "ipv6_addresses.#": "0",
                            "key_name": "wadeITTLPC",
                            "monitoring": "false",
                            "network_interface.#": "0",
                            "network_interface_id": "eni-0d18e9c0694d655b4",
                            "password_data": "",
                            "placement_group": "",
                            "primary_network_interface_id": "eni-0d18e9c0694d655b4",
                            "private_dns": "ip-10-42-1-48.ec2.internal",
                            "private_ip": "10.42.1.48",
                            "public_dns": "",
                            "public_ip": "54.84.89.32",
                            "root_block_device.#": "1",
                            "root_block_device.0.delete_on_termination": "true",
                            "root_block_device.0.iops": "100",
                            "root_block_device.0.volume_id": "vol-0bd4b832b82740ee6",
                            "root_block_device.0.volume_size": "8",
                            "root_block_device.0.volume_type": "gp2",
                            "security_groups.#": "0",
                            "source_dest_check": "true",
                            "subnet_id": "subnet-c37766ee",
                            "tags.%": "3",
                            "tags.Name": "kubeadm-node-1",
                            "tags.Role": "node",
                            "tags.kubernetes.io/cluster/kubernetes": "kubernetes",
                            "tenancy": "default",
                            "volume_tags.%": "0",
                            "vpc_security_group_ids.#": "1",
                            "vpc_security_group_ids.2788607206": "sg-01ebacf7b385d3644"
                        },
                        "meta": {
                            "e2bfb730-ecaa-11e6-8f88-34363bc7c4c0": {
                                "create": 600000000000,
                                "delete": 1200000000000,
                                "update": 600000000000
                            },
                            "schema_version": "1"
                        },
                        "tainted": false
                    },
                    "deposed": [],
                    "provider": "provider.aws"
                },
                "aws_instance.kubeadm_node.2": {
                    "type": "aws_instance",
                    "depends_on": [
                        "aws_security_group.kubeadm"
                    ],
                    "primary": {
                        "id": "i-00d9fe803cc78dcc0",
                        "attributes": {
                            "ami": "ami-04169656fea786776",
                            "arn": "arn:aws:ec2:us-east-1:405787916143:instance/i-00d9fe803cc78dcc0",
                            "associate_public_ip_address": "true",
                            "availability_zone": "us-east-1b",
                            "cpu_core_count": "2",
                            "cpu_threads_per_core": "1",
                            "credit_specification.#": "1",
                            "credit_specification.0.cpu_credits": "standard",
                            "disable_api_termination": "false",
                            "ebs_block_device.#": "0",
                            "ebs_optimized": "false",
                            "ephemeral_block_device.#": "0",
                            "get_password_data": "false",
                            "iam_instance_profile": "rancher-ec2-role",
                            "id": "i-00d9fe803cc78dcc0",
                            "instance_state": "running",
                            "instance_type": "t2.large",
                            "ipv6_addresses.#": "0",
                            "key_name": "wadeITTLPC",
                            "monitoring": "false",
                            "network_interface.#": "0",
                            "network_interface_id": "eni-0649369e71dd738ca",
                            "password_data": "",
                            "placement_group": "",
                            "primary_network_interface_id": "eni-0649369e71dd738ca",
                            "private_dns": "ip-10-42-1-193.ec2.internal",
                            "private_ip": "10.42.1.193",
                            "public_dns": "",
                            "public_ip": "184.73.143.188",
                            "root_block_device.#": "1",
                            "root_block_device.0.delete_on_termination": "true",
                            "root_block_device.0.iops": "100",
                            "root_block_device.0.volume_id": "vol-0f8447a9f3651bee6",
                            "root_block_device.0.volume_size": "8",
                            "root_block_device.0.volume_type": "gp2",
                            "security_groups.#": "0",
                            "source_dest_check": "true",
                            "subnet_id": "subnet-c37766ee",
                            "tags.%": "3",
                            "tags.Name": "kubeadm-node-2",
                            "tags.Role": "node",
                            "tags.kubernetes.io/cluster/kubernetes": "kubernetes",
                            "tenancy": "default",
                            "volume_tags.%": "0",
                            "vpc_security_group_ids.#": "1",
                            "vpc_security_group_ids.2788607206": "sg-01ebacf7b385d3644"
                        },
                        "meta": {
                            "e2bfb730-ecaa-11e6-8f88-34363bc7c4c0": {
                                "create": 600000000000,
                                "delete": 1200000000000,
                                "update": 600000000000
                            },
                            "schema_version": "1"
                        },
                        "tainted": false
                    },
                    "deposed": [],
                    "provider": "provider.aws"
                },
                "aws_instance.kubeadm_node.3": {
                    "type": "aws_instance",
                    "depends_on": [
                        "aws_security_group.kubeadm"
                    ],
                    "primary": {
                        "id": "i-005443a107d0d49e0",
                        "attributes": {
                            "ami": "ami-04169656fea786776",
                            "arn": "arn:aws:ec2:us-east-1:405787916143:instance/i-005443a107d0d49e0",
                            "associate_public_ip_address": "true",
                            "availability_zone": "us-east-1b",
                            "cpu_core_count": "2",
                            "cpu_threads_per_core": "1",
                            "credit_specification.#": "1",
                            "credit_specification.0.cpu_credits": "standard",
                            "disable_api_termination": "false",
                            "ebs_block_device.#": "0",
                            "ebs_optimized": "false",
                            "ephemeral_block_device.#": "0",
                            "get_password_data": "false",
                            "iam_instance_profile": "rancher-ec2-role",
                            "id": "i-005443a107d0d49e0",
                            "instance_state": "running",
                            "instance_type": "t2.large",
                            "ipv6_addresses.#": "0",
                            "key_name": "wadeITTLPC",
                            "monitoring": "false",
                            "network_interface.#": "0",
                            "network_interface_id": "eni-07c699d2da2a99f76",
                            "password_data": "",
                            "placement_group": "",
                            "primary_network_interface_id": "eni-07c699d2da2a99f76",
                            "private_dns": "ip-10-42-1-207.ec2.internal",
                            "private_ip": "10.42.1.207",
                            "public_dns": "",
                            "public_ip": "54.91.148.31",
                            "root_block_device.#": "1",
                            "root_block_device.0.delete_on_termination": "true",
                            "root_block_device.0.iops": "100",
                            "root_block_device.0.volume_id": "vol-0e99ffd1d9fb262fb",
                            "root_block_device.0.volume_size": "8",
                            "root_block_device.0.volume_type": "gp2",
                            "security_groups.#": "0",
                            "source_dest_check": "true",
                            "subnet_id": "subnet-c37766ee",
                            "tags.%": "3",
                            "tags.Name": "kubeadm-node-3",
                            "tags.Role": "node",
                            "tags.kubernetes.io/cluster/kubernetes": "kubernetes",
                            "tenancy": "default",
                            "volume_tags.%": "0",
                            "vpc_security_group_ids.#": "1",
                            "vpc_security_group_ids.2788607206": "sg-01ebacf7b385d3644"
                        },
                        "meta": {
                            "e2bfb730-ecaa-11e6-8f88-34363bc7c4c0": {
                                "create": 600000000000,
                                "delete": 1200000000000,
                                "update": 600000000000
                            },
                            "schema_version": "1"
                        },
                        "tainted": false
                    },
                    "deposed": [],
                    "provider": "provider.aws"
                },
                "aws_instance.kubeadm_node.4": {
                    "type": "aws_instance",
                    "depends_on": [
                        "aws_security_group.kubeadm"
                    ],
                    "primary": {
                        "id": "i-0ee724acfae04f656",
                        "attributes": {
                            "ami": "ami-04169656fea786776",
                            "arn": "arn:aws:ec2:us-east-1:405787916143:instance/i-0ee724acfae04f656",
                            "associate_public_ip_address": "true",
                            "availability_zone": "us-east-1b",
                            "cpu_core_count": "2",
                            "cpu_threads_per_core": "1",
                            "credit_specification.#": "1",
                            "credit_specification.0.cpu_credits": "standard",
                            "disable_api_termination": "false",
                            "ebs_block_device.#": "0",
                            "ebs_optimized": "false",
                            "ephemeral_block_device.#": "0",
                            "get_password_data": "false",
                            "iam_instance_profile": "rancher-ec2-role",
                            "id": "i-0ee724acfae04f656",
                            "instance_state": "running",
                            "instance_type": "t2.large",
                            "ipv6_addresses.#": "0",
                            "key_name": "wadeITTLPC",
                            "monitoring": "false",
                            "network_interface.#": "0",
                            "network_interface_id": "eni-0e39ab84cfe492293",
                            "password_data": "",
                            "placement_group": "",
                            "primary_network_interface_id": "eni-0e39ab84cfe492293",
                            "private_dns": "ip-10-42-1-68.ec2.internal",
                            "private_ip": "10.42.1.68",
                            "public_dns": "",
                            "public_ip": "18.212.184.93",
                            "root_block_device.#": "1",
                            "root_block_device.0.delete_on_termination": "true",
                            "root_block_device.0.iops": "100",
                            "root_block_device.0.volume_id": "vol-0b9f547278f333078",
                            "root_block_device.0.volume_size": "8",
                            "root_block_device.0.volume_type": "gp2",
                            "security_groups.#": "0",
                            "source_dest_check": "true",
                            "subnet_id": "subnet-c37766ee",
                            "tags.%": "3",
                            "tags.Name": "kubeadm-node-4",
                            "tags.Role": "node",
                            "tags.kubernetes.io/cluster/kubernetes": "kubernetes",
                            "tenancy": "default",
                            "volume_tags.%": "0",
                            "vpc_security_group_ids.#": "1",
                            "vpc_security_group_ids.2788607206": "sg-01ebacf7b385d3644"
                        },
                        "meta": {
                            "e2bfb730-ecaa-11e6-8f88-34363bc7c4c0": {
                                "create": 600000000000,
                                "delete": 1200000000000,
                                "update": 600000000000
                            },
                            "schema_version": "1"
                        },
                        "tainted": false
                    },
                    "deposed": [],
                    "provider": "provider.aws"
                },
                "aws_instance.kubeadm_node.5": {
                    "type": "aws_instance",
                    "depends_on": [
                        "aws_security_group.kubeadm"
                    ],
                    "primary": {
                        "id": "i-0758ab980e893eadd",
                        "attributes": {
                            "ami": "ami-04169656fea786776",
                            "arn": "arn:aws:ec2:us-east-1:405787916143:instance/i-0758ab980e893eadd",
                            "associate_public_ip_address": "true",
                            "availability_zone": "us-east-1b",
                            "cpu_core_count": "2",
                            "cpu_threads_per_core": "1",
                            "credit_specification.#": "1",
                            "credit_specification.0.cpu_credits": "standard",
                            "disable_api_termination": "false",
                            "ebs_block_device.#": "0",
                            "ebs_optimized": "false",
                            "ephemeral_block_device.#": "0",
                            "get_password_data": "false",
                            "iam_instance_profile": "rancher-ec2-role",
                            "id": "i-0758ab980e893eadd",
                            "instance_state": "running",
                            "instance_type": "t2.large",
                            "ipv6_addresses.#": "0",
                            "key_name": "wadeITTLPC",
                            "monitoring": "false",
                            "network_interface.#": "0",
                            "network_interface_id": "eni-0d3477b99f8d3955b",
                            "password_data": "",
                            "placement_group": "",
                            "primary_network_interface_id": "eni-0d3477b99f8d3955b",
                            "private_dns": "ip-10-42-1-119.ec2.internal",
                            "private_ip": "10.42.1.119",
                            "public_dns": "",
                            "public_ip": "54.175.79.56",
                            "root_block_device.#": "1",
                            "root_block_device.0.delete_on_termination": "true",
                            "root_block_device.0.iops": "100",
                            "root_block_device.0.volume_id": "vol-080a73c5d3eb98e6a",
                            "root_block_device.0.volume_size": "8",
                            "root_block_device.0.volume_type": "gp2",
                            "security_groups.#": "0",
                            "source_dest_check": "true",
                            "subnet_id": "subnet-c37766ee",
                            "tags.%": "3",
                            "tags.Name": "kubeadm-node-5",
                            "tags.Role": "node",
                            "tags.kubernetes.io/cluster/kubernetes": "kubernetes",
                            "tenancy": "default",
                            "volume_tags.%": "0",
                            "vpc_security_group_ids.#": "1",
                            "vpc_security_group_ids.2788607206": "sg-01ebacf7b385d3644"
                        },
                        "meta": {
                            "e2bfb730-ecaa-11e6-8f88-34363bc7c4c0": {
                                "create": 600000000000,
                                "delete": 1200000000000,
                                "update": 600000000000
                            },
                            "schema_version": "1"
                        },
                        "tainted": false
                    },
                    "deposed": [],
                    "provider": "provider.aws"
                },
                "aws_security_group.kubeadm": {
                    "type": "aws_security_group",
                    "depends_on": [],
                    "primary": {
                        "id": "sg-01ebacf7b385d3644",
                        "attributes": {
                            "arn": "arn:aws:ec2:us-east-1:405787916143:security-group/sg-01ebacf7b385d3644",
                            "description": "Allow all kubeadm traffic",
                            "egress.#": "1",
                            "egress.482069346.cidr_blocks.#": "1",
                            "egress.482069346.cidr_blocks.0": "0.0.0.0/0",
                            "egress.482069346.description": "",
                            "egress.482069346.from_port": "0",
                            "egress.482069346.ipv6_cidr_blocks.#": "0",
                            "egress.482069346.prefix_list_ids.#": "0",
                            "egress.482069346.protocol": "-1",
                            "egress.482069346.security_groups.#": "0",
                            "egress.482069346.self": "false",
                            "egress.482069346.to_port": "0",
                            "id": "sg-01ebacf7b385d3644",
                            "ingress.#": "2",
                            "ingress.2541437006.cidr_blocks.#": "1",
                            "ingress.2541437006.cidr_blocks.0": "0.0.0.0/0",
                            "ingress.2541437006.description": "",
                            "ingress.2541437006.from_port": "22",
                            "ingress.2541437006.ipv6_cidr_blocks.#": "0",
                            "ingress.2541437006.protocol": "tcp",
                            "ingress.2541437006.security_groups.#": "0",
                            "ingress.2541437006.self": "false",
                            "ingress.2541437006.to_port": "22",
                            "ingress.753360330.cidr_blocks.#": "0",
                            "ingress.753360330.description": "",
                            "ingress.753360330.from_port": "0",
                            "ingress.753360330.ipv6_cidr_blocks.#": "0",
                            "ingress.753360330.protocol": "-1",
                            "ingress.753360330.security_groups.#": "0",
                            "ingress.753360330.self": "true",
                            "ingress.753360330.to_port": "0",
                            "name": "kubeadm",
                            "owner_id": "405787916143",
                            "revoke_rules_on_delete": "false",
                            "tags.%": "1",
                            "tags.Name": "kubeadm_sg",
                            "vpc_id": "vpc-3ce2d45a"
                        },
                        "meta": {
                            "e2bfb730-ecaa-11e6-8f88-34363bc7c4c0": {
                                "create": 600000000000,
                                "delete": 600000000000
                            },
                            "schema_version": "1"
                        },
                        "tainted": false
                    },
                    "deposed": [],
                    "provider": "provider.aws"
                },
                "aws_security_group.kubeadm-elb": {
                    "type": "aws_security_group",
                    "depends_on": [],
                    "primary": {
                        "id": "sg-0f32003103120e67c",
                        "attributes": {
                            "arn": "arn:aws:ec2:us-east-1:405787916143:security-group/sg-0f32003103120e67c",
                            "description": "Allow all kubeadm traffic",
                            "egress.#": "1",
                            "egress.482069346.cidr_blocks.#": "1",
                            "egress.482069346.cidr_blocks.0": "0.0.0.0/0",
                            "egress.482069346.description": "",
                            "egress.482069346.from_port": "0",
                            "egress.482069346.ipv6_cidr_blocks.#": "0",
                            "egress.482069346.prefix_list_ids.#": "0",
                            "egress.482069346.protocol": "-1",
                            "egress.482069346.security_groups.#": "0",
                            "egress.482069346.self": "false",
                            "egress.482069346.to_port": "0",
                            "id": "sg-0f32003103120e67c",
                            "ingress.#": "2",
                            "ingress.1463360607.cidr_blocks.#": "1",
                            "ingress.1463360607.cidr_blocks.0": "0.0.0.0/0",
                            "ingress.1463360607.description": "",
                            "ingress.1463360607.from_port": "6443",
                            "ingress.1463360607.ipv6_cidr_blocks.#": "0",
                            "ingress.1463360607.protocol": "tcp",
                            "ingress.1463360607.security_groups.#": "0",
                            "ingress.1463360607.self": "false",
                            "ingress.1463360607.to_port": "6443",
                            "ingress.753360330.cidr_blocks.#": "0",
                            "ingress.753360330.description": "",
                            "ingress.753360330.from_port": "0",
                            "ingress.753360330.ipv6_cidr_blocks.#": "0",
                            "ingress.753360330.protocol": "-1",
                            "ingress.753360330.security_groups.#": "0",
                            "ingress.753360330.self": "true",
                            "ingress.753360330.to_port": "0",
                            "name": "kubeadm-elb",
                            "owner_id": "405787916143",
                            "revoke_rules_on_delete": "false",
                            "tags.%": "1",
                            "tags.Name": "kubeadm_sg-elb",
                            "vpc_id": "vpc-3ce2d45a"
                        },
                        "meta": {
                            "e2bfb730-ecaa-11e6-8f88-34363bc7c4c0": {
                                "create": 600000000000,
                                "delete": 600000000000
                            },
                            "schema_version": "1"
                        },
                        "tainted": false
                    },
                    "deposed": [],
                    "provider": "provider.aws"
                }
            },
            "depends_on": []
        }
    ]
}
